// !$*UTF8*$!
{
	archiveVersion = 1;
	classes = {
	};
	objectVersion = 46;
	objects = {

/* Begin PBXBuildFile section */
		7022DC5E1C6FA16000DF96D9 /* Pokemon.swift in Sources */ = {isa = PBXBuildFile; fileRef = 7022DC5D1C6FA16000DF96D9 /* Pokemon.swift */; };
		7022DC601C6FA1F700DF96D9 /* Attack.swift in Sources */ = {isa = PBXBuildFile; fileRef = 7022DC5F1C6FA1F700DF96D9 /* Attack.swift */; };
		7022DD031C6FA3E100DF96D9 /* bulbasaur_attack1_0001.png in Resources */ = {isa = PBXBuildFile; fileRef = 7022DC631C6FA3E100DF96D9 /* bulbasaur_attack1_0001.png */; };
		7022DD041C6FA3E100DF96D9 /* bulbasaur_attack1_0002.png in Resources */ = {isa = PBXBuildFile; fileRef = 7022DC641C6FA3E100DF96D9 /* bulbasaur_attack1_0002.png */; };
		7022DD051C6FA3E100DF96D9 /* bulbasaur_attack1_0003.png in Resources */ = {isa = PBXBuildFile; fileRef = 7022DC651C6FA3E100DF96D9 /* bulbasaur_attack1_0003.png */; };
		7022DD061C6FA3E100DF96D9 /* bulbasaur_attack1_0004.png in Resources */ = {isa = PBXBuildFile; fileRef = 7022DC661C6FA3E100DF96D9 /* bulbasaur_attack1_0004.png */; };
		7022DD071C6FA3E100DF96D9 /* bulbasaur_attack1_0005.png in Resources */ = {isa = PBXBuildFile; fileRef = 7022DC671C6FA3E100DF96D9 /* bulbasaur_attack1_0005.png */; };
		7022DD081C6FA3E100DF96D9 /* bulbasaur_attack1_0006.png in Resources */ = {isa = PBXBuildFile; fileRef = 7022DC681C6FA3E100DF96D9 /* bulbasaur_attack1_0006.png */; };
		7022DD091C6FA3E100DF96D9 /* bulbasaur_attack1_0007.png in Resources */ = {isa = PBXBuildFile; fileRef = 7022DC691C6FA3E100DF96D9 /* bulbasaur_attack1_0007.png */; };
		7022DD0A1C6FA3E100DF96D9 /* bulbasaur_attack1_0008.png in Resources */ = {isa = PBXBuildFile; fileRef = 7022DC6A1C6FA3E100DF96D9 /* bulbasaur_attack1_0008.png */; };
		7022DD0B1C6FA3E100DF96D9 /* bulbasaur_attack1_0009.png in Resources */ = {isa = PBXBuildFile; fileRef = 7022DC6B1C6FA3E100DF96D9 /* bulbasaur_attack1_0009.png */; };
		7022DD0C1C6FA3E100DF96D9 /* bulbasaur_attack1_0010.png in Resources */ = {isa = PBXBuildFile; fileRef = 7022DC6C1C6FA3E100DF96D9 /* bulbasaur_attack1_0010.png */; };
		7022DD0D1C6FA3E100DF96D9 /* bulbasaur_attack1_0011.png in Resources */ = {isa = PBXBuildFile; fileRef = 7022DC6D1C6FA3E100DF96D9 /* bulbasaur_attack1_0011.png */; };
		7022DD0E1C6FA3E100DF96D9 /* bulbasaur_attack1_0012.png in Resources */ = {isa = PBXBuildFile; fileRef = 7022DC6E1C6FA3E100DF96D9 /* bulbasaur_attack1_0012.png */; };
		7022DD0F1C6FA3E100DF96D9 /* bulbasaur_attack1_0013.png in Resources */ = {isa = PBXBuildFile; fileRef = 7022DC6F1C6FA3E100DF96D9 /* bulbasaur_attack1_0013.png */; };
		7022DD101C6FA3E100DF96D9 /* bulbasaur_attack1_0014.png in Resources */ = {isa = PBXBuildFile; fileRef = 7022DC701C6FA3E100DF96D9 /* bulbasaur_attack1_0014.png */; };
		7022DD111C6FA3E100DF96D9 /* bulbasaur_attack1_0015.png in Resources */ = {isa = PBXBuildFile; fileRef = 7022DC711C6FA3E100DF96D9 /* bulbasaur_attack1_0015.png */; };
		7022DD121C6FA3E100DF96D9 /* bulbasaur_attack1_0016.png in Resources */ = {isa = PBXBuildFile; fileRef = 7022DC721C6FA3E100DF96D9 /* bulbasaur_attack1_0016.png */; };
		7022DD131C6FA3E100DF96D9 /* bulbasaur_attack1_0017.png in Resources */ = {isa = PBXBuildFile; fileRef = 7022DC731C6FA3E100DF96D9 /* bulbasaur_attack1_0017.png */; };
		7022DD141C6FA3E100DF96D9 /* bulbasaur_attack1_0018.png in Resources */ = {isa = PBXBuildFile; fileRef = 7022DC741C6FA3E100DF96D9 /* bulbasaur_attack1_0018.png */; };
		7022DD151C6FA3E100DF96D9 /* bulbasaur_attack1_0019.png in Resources */ = {isa = PBXBuildFile; fileRef = 7022DC751C6FA3E100DF96D9 /* bulbasaur_attack1_0019.png */; };
		7022DD161C6FA3E100DF96D9 /* bulbasaur_attack1_0020.png in Resources */ = {isa = PBXBuildFile; fileRef = 7022DC761C6FA3E100DF96D9 /* bulbasaur_attack1_0020.png */; };
		7022DD171C6FA3E100DF96D9 /* bulbasaur_attack1_0021.png in Resources */ = {isa = PBXBuildFile; fileRef = 7022DC771C6FA3E100DF96D9 /* bulbasaur_attack1_0021.png */; };
		7022DD181C6FA3E100DF96D9 /* bulbasaur_attack1_0022.png in Resources */ = {isa = PBXBuildFile; fileRef = 7022DC781C6FA3E100DF96D9 /* bulbasaur_attack1_0022.png */; };
		7022DD191C6FA3E100DF96D9 /* bulbasaur_attack1_0023.png in Resources */ = {isa = PBXBuildFile; fileRef = 7022DC791C6FA3E100DF96D9 /* bulbasaur_attack1_0023.png */; };
		7022DD1A1C6FA3E100DF96D9 /* bulbasaur_attack1_0024.png in Resources */ = {isa = PBXBuildFile; fileRef = 7022DC7A1C6FA3E100DF96D9 /* bulbasaur_attack1_0024.png */; };
		7022DD1B1C6FA3E100DF96D9 /* bulbasaur_attack1_0025.png in Resources */ = {isa = PBXBuildFile; fileRef = 7022DC7B1C6FA3E100DF96D9 /* bulbasaur_attack1_0025.png */; };
		7022DD1C1C6FA3E100DF96D9 /* bulbasaur_attack1_0026.png in Resources */ = {isa = PBXBuildFile; fileRef = 7022DC7C1C6FA3E100DF96D9 /* bulbasaur_attack1_0026.png */; };
		7022DD1D1C6FA3E100DF96D9 /* bulbasaur_attack1_0027.png in Resources */ = {isa = PBXBuildFile; fileRef = 7022DC7D1C6FA3E100DF96D9 /* bulbasaur_attack1_0027.png */; };
		7022DD1E1C6FA3E100DF96D9 /* bulbasaur_attack1_0028.png in Resources */ = {isa = PBXBuildFile; fileRef = 7022DC7E1C6FA3E100DF96D9 /* bulbasaur_attack1_0028.png */; };
		7022DD1F1C6FA3E100DF96D9 /* bulbasaur_attack1_0029.png in Resources */ = {isa = PBXBuildFile; fileRef = 7022DC7F1C6FA3E100DF96D9 /* bulbasaur_attack1_0029.png */; };
		7022DD201C6FA3E100DF96D9 /* bulbasaur_attack1_0030.png in Resources */ = {isa = PBXBuildFile; fileRef = 7022DC801C6FA3E100DF96D9 /* bulbasaur_attack1_0030.png */; };
		7022DD211C6FA3E100DF96D9 /* bulbasaur_attack1_0031.png in Resources */ = {isa = PBXBuildFile; fileRef = 7022DC811C6FA3E100DF96D9 /* bulbasaur_attack1_0031.png */; };
		7022DD221C6FA3E100DF96D9 /* bulbasaur_attack1_0032.png in Resources */ = {isa = PBXBuildFile; fileRef = 7022DC821C6FA3E100DF96D9 /* bulbasaur_attack1_0032.png */; };
		7022DD231C6FA3E100DF96D9 /* bulbasaur_attack1_0033.png in Resources */ = {isa = PBXBuildFile; fileRef = 7022DC831C6FA3E100DF96D9 /* bulbasaur_attack1_0033.png */; };
		7022DD241C6FA3E100DF96D9 /* bulbasaur_attack1_0034.png in Resources */ = {isa = PBXBuildFile; fileRef = 7022DC841C6FA3E100DF96D9 /* bulbasaur_attack1_0034.png */; };
		7022DD251C6FA3E100DF96D9 /* bulbasaur_attack1_0035.png in Resources */ = {isa = PBXBuildFile; fileRef = 7022DC851C6FA3E100DF96D9 /* bulbasaur_attack1_0035.png */; };
		7022DD261C6FA3E100DF96D9 /* bulbasaur_attack1_0036.png in Resources */ = {isa = PBXBuildFile; fileRef = 7022DC861C6FA3E100DF96D9 /* bulbasaur_attack1_0036.png */; };
		7022DD271C6FA3E100DF96D9 /* bulbasaur_attack1_0037.png in Resources */ = {isa = PBXBuildFile; fileRef = 7022DC871C6FA3E100DF96D9 /* bulbasaur_attack1_0037.png */; };
		7022DD281C6FA3E100DF96D9 /* bulbasaur_attack1_0038.png in Resources */ = {isa = PBXBuildFile; fileRef = 7022DC881C6FA3E100DF96D9 /* bulbasaur_attack1_0038.png */; };
		7022DD291C6FA3E100DF96D9 /* bulbasaur_attack1_0039.png in Resources */ = {isa = PBXBuildFile; fileRef = 7022DC891C6FA3E100DF96D9 /* bulbasaur_attack1_0039.png */; };
		7022DD2A1C6FA3E100DF96D9 /* bulbasaur_attack1_0040.png in Resources */ = {isa = PBXBuildFile; fileRef = 7022DC8A1C6FA3E100DF96D9 /* bulbasaur_attack1_0040.png */; };
		7022DD2B1C6FA3E100DF96D9 /* bulbasaur_attack1_0041.png in Resources */ = {isa = PBXBuildFile; fileRef = 7022DC8B1C6FA3E100DF96D9 /* bulbasaur_attack1_0041.png */; };
		7022DD2C1C6FA3E100DF96D9 /* bulbasaur_attack1_0042.png in Resources */ = {isa = PBXBuildFile; fileRef = 7022DC8C1C6FA3E100DF96D9 /* bulbasaur_attack1_0042.png */; };
		7022DD2D1C6FA3E100DF96D9 /* bulbasaur_attack1_0043.png in Resources */ = {isa = PBXBuildFile; fileRef = 7022DC8D1C6FA3E100DF96D9 /* bulbasaur_attack1_0043.png */; };
		7022DD2E1C6FA3E100DF96D9 /* bulbasaur_attack1_0044.png in Resources */ = {isa = PBXBuildFile; fileRef = 7022DC8E1C6FA3E100DF96D9 /* bulbasaur_attack1_0044.png */; };
		7022DD2F1C6FA3E100DF96D9 /* bulbasaur_attack1_0045.png in Resources */ = {isa = PBXBuildFile; fileRef = 7022DC8F1C6FA3E100DF96D9 /* bulbasaur_attack1_0045.png */; };
		7022DD301C6FA3E100DF96D9 /* bulbasaur_attack1_0046.png in Resources */ = {isa = PBXBuildFile; fileRef = 7022DC901C6FA3E100DF96D9 /* bulbasaur_attack1_0046.png */; };
		7022DD311C6FA3E100DF96D9 /* bulbasaur_attack1_0047.png in Resources */ = {isa = PBXBuildFile; fileRef = 7022DC911C6FA3E100DF96D9 /* bulbasaur_attack1_0047.png */; };
		7022DD321C6FA3E100DF96D9 /* bulbasaur_attack1_0048.png in Resources */ = {isa = PBXBuildFile; fileRef = 7022DC921C6FA3E100DF96D9 /* bulbasaur_attack1_0048.png */; };
		7022DD331C6FA3E100DF96D9 /* bulbasaur_attack1_0049.png in Resources */ = {isa = PBXBuildFile; fileRef = 7022DC931C6FA3E100DF96D9 /* bulbasaur_attack1_0049.png */; };
		7022DD341C6FA3E100DF96D9 /* bulbasaur_attack1_0050.png in Resources */ = {isa = PBXBuildFile; fileRef = 7022DC941C6FA3E100DF96D9 /* bulbasaur_attack1_0050.png */; };
		7022DD351C6FA3E100DF96D9 /* bulbasaur_attack1_0051.png in Resources */ = {isa = PBXBuildFile; fileRef = 7022DC951C6FA3E100DF96D9 /* bulbasaur_attack1_0051.png */; };
		7022DD361C6FA3E100DF96D9 /* bulbasaur_attack2_0001.png in Resources */ = {isa = PBXBuildFile; fileRef = 7022DC971C6FA3E100DF96D9 /* bulbasaur_attack2_0001.png */; };
		7022DD371C6FA3E100DF96D9 /* bulbasaur_attack2_0002.png in Resources */ = {isa = PBXBuildFile; fileRef = 7022DC981C6FA3E100DF96D9 /* bulbasaur_attack2_0002.png */; };
		7022DD381C6FA3E100DF96D9 /* bulbasaur_attack2_0003.png in Resources */ = {isa = PBXBuildFile; fileRef = 7022DC991C6FA3E100DF96D9 /* bulbasaur_attack2_0003.png */; };
		7022DD391C6FA3E100DF96D9 /* bulbasaur_attack2_0004.png in Resources */ = {isa = PBXBuildFile; fileRef = 7022DC9A1C6FA3E100DF96D9 /* bulbasaur_attack2_0004.png */; };
		7022DD3A1C6FA3E100DF96D9 /* bulbasaur_attack2_0005.png in Resources */ = {isa = PBXBuildFile; fileRef = 7022DC9B1C6FA3E100DF96D9 /* bulbasaur_attack2_0005.png */; };
		7022DD3B1C6FA3E100DF96D9 /* bulbasaur_attack2_0006.png in Resources */ = {isa = PBXBuildFile; fileRef = 7022DC9C1C6FA3E100DF96D9 /* bulbasaur_attack2_0006.png */; };
		7022DD3C1C6FA3E100DF96D9 /* bulbasaur_attack2_0007.png in Resources */ = {isa = PBXBuildFile; fileRef = 7022DC9D1C6FA3E100DF96D9 /* bulbasaur_attack2_0007.png */; };
		7022DD3D1C6FA3E100DF96D9 /* bulbasaur_attack2_0008.png in Resources */ = {isa = PBXBuildFile; fileRef = 7022DC9E1C6FA3E100DF96D9 /* bulbasaur_attack2_0008.png */; };
		7022DD3E1C6FA3E100DF96D9 /* bulbasaur_attack2_0009.png in Resources */ = {isa = PBXBuildFile; fileRef = 7022DC9F1C6FA3E100DF96D9 /* bulbasaur_attack2_0009.png */; };
		7022DD3F1C6FA3E100DF96D9 /* bulbasaur_attack2_0010.png in Resources */ = {isa = PBXBuildFile; fileRef = 7022DCA01C6FA3E100DF96D9 /* bulbasaur_attack2_0010.png */; };
		7022DD401C6FA3E100DF96D9 /* bulbasaur_attack2_0011.png in Resources */ = {isa = PBXBuildFile; fileRef = 7022DCA11C6FA3E100DF96D9 /* bulbasaur_attack2_0011.png */; };
		7022DD411C6FA3E100DF96D9 /* bulbasaur_attack2_0012.png in Resources */ = {isa = PBXBuildFile; fileRef = 7022DCA21C6FA3E100DF96D9 /* bulbasaur_attack2_0012.png */; };
		7022DD421C6FA3E100DF96D9 /* bulbasaur_attack2_0013.png in Resources */ = {isa = PBXBuildFile; fileRef = 7022DCA31C6FA3E100DF96D9 /* bulbasaur_attack2_0013.png */; };
		7022DD431C6FA3E100DF96D9 /* bulbasaur_attack2_0014.png in Resources */ = {isa = PBXBuildFile; fileRef = 7022DCA41C6FA3E100DF96D9 /* bulbasaur_attack2_0014.png */; };
		7022DD441C6FA3E100DF96D9 /* bulbasaur_attack2_0015.png in Resources */ = {isa = PBXBuildFile; fileRef = 7022DCA51C6FA3E100DF96D9 /* bulbasaur_attack2_0015.png */; };
		7022DD451C6FA3E100DF96D9 /* bulbasaur_attack2_0016.png in Resources */ = {isa = PBXBuildFile; fileRef = 7022DCA61C6FA3E100DF96D9 /* bulbasaur_attack2_0016.png */; };
		7022DD461C6FA3E100DF96D9 /* bulbasaur_attack2_0017.png in Resources */ = {isa = PBXBuildFile; fileRef = 7022DCA71C6FA3E100DF96D9 /* bulbasaur_attack2_0017.png */; };
		7022DD471C6FA3E100DF96D9 /* bulbasaur_attack2_0018.png in Resources */ = {isa = PBXBuildFile; fileRef = 7022DCA81C6FA3E100DF96D9 /* bulbasaur_attack2_0018.png */; };
		7022DD481C6FA3E100DF96D9 /* bulbasaur_attack2_0019.png in Resources */ = {isa = PBXBuildFile; fileRef = 7022DCA91C6FA3E100DF96D9 /* bulbasaur_attack2_0019.png */; };
		7022DD491C6FA3E100DF96D9 /* bulbasaur_attack2_0020.png in Resources */ = {isa = PBXBuildFile; fileRef = 7022DCAA1C6FA3E100DF96D9 /* bulbasaur_attack2_0020.png */; };
		7022DD4A1C6FA3E100DF96D9 /* bulbasaur_attack2_0021.png in Resources */ = {isa = PBXBuildFile; fileRef = 7022DCAB1C6FA3E100DF96D9 /* bulbasaur_attack2_0021.png */; };
		7022DD4B1C6FA3E100DF96D9 /* bulbasaur_attack2_0022.png in Resources */ = {isa = PBXBuildFile; fileRef = 7022DCAC1C6FA3E100DF96D9 /* bulbasaur_attack2_0022.png */; };
		7022DD4C1C6FA3E100DF96D9 /* bulbasaur_attack2_0023.png in Resources */ = {isa = PBXBuildFile; fileRef = 7022DCAD1C6FA3E100DF96D9 /* bulbasaur_attack2_0023.png */; };
		7022DD4D1C6FA3E100DF96D9 /* bulbasaur_attack2_0024.png in Resources */ = {isa = PBXBuildFile; fileRef = 7022DCAE1C6FA3E100DF96D9 /* bulbasaur_attack2_0024.png */; };
		7022DD4E1C6FA3E100DF96D9 /* bulbasaur_attack2_0025.png in Resources */ = {isa = PBXBuildFile; fileRef = 7022DCAF1C6FA3E100DF96D9 /* bulbasaur_attack2_0025.png */; };
		7022DD4F1C6FA3E100DF96D9 /* bulbasaur_attack2_0026.png in Resources */ = {isa = PBXBuildFile; fileRef = 7022DCB01C6FA3E100DF96D9 /* bulbasaur_attack2_0026.png */; };
		7022DD501C6FA3E100DF96D9 /* bulbasaur_attack2_0027.png in Resources */ = {isa = PBXBuildFile; fileRef = 7022DCB11C6FA3E100DF96D9 /* bulbasaur_attack2_0027.png */; };
		7022DD511C6FA3E100DF96D9 /* bulbasaur_attack2_0028.png in Resources */ = {isa = PBXBuildFile; fileRef = 7022DCB21C6FA3E100DF96D9 /* bulbasaur_attack2_0028.png */; };
		7022DD521C6FA3E100DF96D9 /* bulbasaur_attack2_0029.png in Resources */ = {isa = PBXBuildFile; fileRef = 7022DCB31C6FA3E100DF96D9 /* bulbasaur_attack2_0029.png */; };
		7022DD531C6FA3E100DF96D9 /* bulbasaur_attack2_0030.png in Resources */ = {isa = PBXBuildFile; fileRef = 7022DCB41C6FA3E100DF96D9 /* bulbasaur_attack2_0030.png */; };
		7022DD541C6FA3E100DF96D9 /* bulbasaur_attack2_0031.png in Resources */ = {isa = PBXBuildFile; fileRef = 7022DCB51C6FA3E100DF96D9 /* bulbasaur_attack2_0031.png */; };
		7022DD551C6FA3E100DF96D9 /* bulbasaur_attack2_0032.png in Resources */ = {isa = PBXBuildFile; fileRef = 7022DCB61C6FA3E100DF96D9 /* bulbasaur_attack2_0032.png */; };
		7022DD561C6FA3E100DF96D9 /* bulbasaur_attack2_0033.png in Resources */ = {isa = PBXBuildFile; fileRef = 7022DCB71C6FA3E100DF96D9 /* bulbasaur_attack2_0033.png */; };
		7022DD571C6FA3E100DF96D9 /* bulbasaur_attack2_0034.png in Resources */ = {isa = PBXBuildFile; fileRef = 7022DCB81C6FA3E100DF96D9 /* bulbasaur_attack2_0034.png */; };
		7022DD581C6FA3E100DF96D9 /* bulbasaur_attack2_0035.png in Resources */ = {isa = PBXBuildFile; fileRef = 7022DCB91C6FA3E100DF96D9 /* bulbasaur_attack2_0035.png */; };
		7022DD591C6FA3E100DF96D9 /* bulbasaur_attack2_0036.png in Resources */ = {isa = PBXBuildFile; fileRef = 7022DCBA1C6FA3E100DF96D9 /* bulbasaur_attack2_0036.png */; };
		7022DD5A1C6FA3E100DF96D9 /* bulbasaur_attack2_0037.png in Resources */ = {isa = PBXBuildFile; fileRef = 7022DCBB1C6FA3E100DF96D9 /* bulbasaur_attack2_0037.png */; };
		7022DD5B1C6FA3E100DF96D9 /* bulbasaur_attack2_0038.png in Resources */ = {isa = PBXBuildFile; fileRef = 7022DCBC1C6FA3E100DF96D9 /* bulbasaur_attack2_0038.png */; };
		7022DD5C1C6FA3E100DF96D9 /* bulbasaur_attack2_0039.png in Resources */ = {isa = PBXBuildFile; fileRef = 7022DCBD1C6FA3E100DF96D9 /* bulbasaur_attack2_0039.png */; };
		7022DD5D1C6FA3E100DF96D9 /* bulbasaur_attack2_0040.png in Resources */ = {isa = PBXBuildFile; fileRef = 7022DCBE1C6FA3E100DF96D9 /* bulbasaur_attack2_0040.png */; };
		7022DD5E1C6FA3E100DF96D9 /* bulbasaur_attack2_0041.png in Resources */ = {isa = PBXBuildFile; fileRef = 7022DCBF1C6FA3E100DF96D9 /* bulbasaur_attack2_0041.png */; };
		7022DD5F1C6FA3E100DF96D9 /* bulbasaur_attack2_0042.png in Resources */ = {isa = PBXBuildFile; fileRef = 7022DCC01C6FA3E100DF96D9 /* bulbasaur_attack2_0042.png */; };
		7022DD601C6FA3E100DF96D9 /* bulbasaur_attack2_0043.png in Resources */ = {isa = PBXBuildFile; fileRef = 7022DCC11C6FA3E100DF96D9 /* bulbasaur_attack2_0043.png */; };
		7022DD611C6FA3E100DF96D9 /* bulbasaur_attack2_0044.png in Resources */ = {isa = PBXBuildFile; fileRef = 7022DCC21C6FA3E100DF96D9 /* bulbasaur_attack2_0044.png */; };
		7022DD621C6FA3E100DF96D9 /* bulbasaur_attack2_0045.png in Resources */ = {isa = PBXBuildFile; fileRef = 7022DCC31C6FA3E100DF96D9 /* bulbasaur_attack2_0045.png */; };
		7022DD631C6FA3E100DF96D9 /* bulbasaur_attack2_0046.png in Resources */ = {isa = PBXBuildFile; fileRef = 7022DCC41C6FA3E100DF96D9 /* bulbasaur_attack2_0046.png */; };
		7022DD641C6FA3E100DF96D9 /* bulbasaur_attack2_0047.png in Resources */ = {isa = PBXBuildFile; fileRef = 7022DCC51C6FA3E100DF96D9 /* bulbasaur_attack2_0047.png */; };
		7022DD651C6FA3E100DF96D9 /* bulbasaur_attack2_0048.png in Resources */ = {isa = PBXBuildFile; fileRef = 7022DCC61C6FA3E100DF96D9 /* bulbasaur_attack2_0048.png */; };
		7022DD661C6FA3E100DF96D9 /* bulbasaur_attack2_0049.png in Resources */ = {isa = PBXBuildFile; fileRef = 7022DCC71C6FA3E100DF96D9 /* bulbasaur_attack2_0049.png */; };
		7022DD671C6FA3E100DF96D9 /* bulbasaur_attack2_0050.png in Resources */ = {isa = PBXBuildFile; fileRef = 7022DCC81C6FA3E100DF96D9 /* bulbasaur_attack2_0050.png */; };
		7022DD681C6FA3E100DF96D9 /* bulbasaur_attack2_0051.png in Resources */ = {isa = PBXBuildFile; fileRef = 7022DCC91C6FA3E100DF96D9 /* bulbasaur_attack2_0051.png */; };
		7022DD691C6FA3E100DF96D9 /* bulbasaur_attack2_0052.png in Resources */ = {isa = PBXBuildFile; fileRef = 7022DCCA1C6FA3E100DF96D9 /* bulbasaur_attack2_0052.png */; };
		7022DD6A1C6FA3E100DF96D9 /* bulbasaur_attack2_0053.png in Resources */ = {isa = PBXBuildFile; fileRef = 7022DCCB1C6FA3E100DF96D9 /* bulbasaur_attack2_0053.png */; };
		7022DD6B1C6FA3E100DF96D9 /* bulbasaur_attack2_0054.png in Resources */ = {isa = PBXBuildFile; fileRef = 7022DCCC1C6FA3E100DF96D9 /* bulbasaur_attack2_0054.png */; };
		7022DD6C1C6FA3E100DF96D9 /* bulbasaur_attack2_0055.png in Resources */ = {isa = PBXBuildFile; fileRef = 7022DCCD1C6FA3E100DF96D9 /* bulbasaur_attack2_0055.png */; };
		7022DD6D1C6FA3E100DF96D9 /* bulbasaur_attack2_0056.png in Resources */ = {isa = PBXBuildFile; fileRef = 7022DCCE1C6FA3E100DF96D9 /* bulbasaur_attack2_0056.png */; };
		7022DD6E1C6FA3E100DF96D9 /* bulbasaur_attack2_0057.png in Resources */ = {isa = PBXBuildFile; fileRef = 7022DCCF1C6FA3E100DF96D9 /* bulbasaur_attack2_0057.png */; };
		7022DD6F1C6FA3E100DF96D9 /* bulbasaur_attack2_0058.png in Resources */ = {isa = PBXBuildFile; fileRef = 7022DCD01C6FA3E100DF96D9 /* bulbasaur_attack2_0058.png */; };
		7022DD701C6FA3E100DF96D9 /* bulbasaur_attack2_0059.png in Resources */ = {isa = PBXBuildFile; fileRef = 7022DCD11C6FA3E100DF96D9 /* bulbasaur_attack2_0059.png */; };
		7022DD711C6FA3E100DF96D9 /* bulbasaur_attack2_0060.png in Resources */ = {isa = PBXBuildFile; fileRef = 7022DCD21C6FA3E100DF96D9 /* bulbasaur_attack2_0060.png */; };
		7022DD721C6FA3E100DF96D9 /* bulbasaur_attack2_0061.png in Resources */ = {isa = PBXBuildFile; fileRef = 7022DCD31C6FA3E100DF96D9 /* bulbasaur_attack2_0061.png */; };
		7022DD731C6FA3E100DF96D9 /* bulbasaur_attack2_0062.png in Resources */ = {isa = PBXBuildFile; fileRef = 7022DCD41C6FA3E100DF96D9 /* bulbasaur_attack2_0062.png */; };
		7022DD741C6FA3E100DF96D9 /* bulbasaur_attack2_0063.png in Resources */ = {isa = PBXBuildFile; fileRef = 7022DCD51C6FA3E100DF96D9 /* bulbasaur_attack2_0063.png */; };
		7022DD751C6FA3E100DF96D9 /* bulbasaur_attack2_0064.png in Resources */ = {isa = PBXBuildFile; fileRef = 7022DCD61C6FA3E100DF96D9 /* bulbasaur_attack2_0064.png */; };
		7022DD761C6FA3E100DF96D9 /* bulbasaur_attack2_0065.png in Resources */ = {isa = PBXBuildFile; fileRef = 7022DCD71C6FA3E100DF96D9 /* bulbasaur_attack2_0065.png */; };
		7022DD771C6FA3E100DF96D9 /* bulbasaur_attack2_0066.png in Resources */ = {isa = PBXBuildFile; fileRef = 7022DCD81C6FA3E100DF96D9 /* bulbasaur_attack2_0066.png */; };
		7022DD781C6FA3E100DF96D9 /* bulbasaur_idle_0001.png in Resources */ = {isa = PBXBuildFile; fileRef = 7022DCDA1C6FA3E100DF96D9 /* bulbasaur_idle_0001.png */; };
		7022DD791C6FA3E100DF96D9 /* bulbasaur_idle_0002.png in Resources */ = {isa = PBXBuildFile; fileRef = 7022DCDB1C6FA3E100DF96D9 /* bulbasaur_idle_0002.png */; };
		7022DD7A1C6FA3E100DF96D9 /* bulbasaur_idle_0003.png in Resources */ = {isa = PBXBuildFile; fileRef = 7022DCDC1C6FA3E100DF96D9 /* bulbasaur_idle_0003.png */; };
		7022DD7B1C6FA3E100DF96D9 /* bulbasaur_idle_0004.png in Resources */ = {isa = PBXBuildFile; fileRef = 7022DCDD1C6FA3E100DF96D9 /* bulbasaur_idle_0004.png */; };
		7022DD7C1C6FA3E100DF96D9 /* bulbasaur_idle_0005.png in Resources */ = {isa = PBXBuildFile; fileRef = 7022DCDE1C6FA3E100DF96D9 /* bulbasaur_idle_0005.png */; };
		7022DD7D1C6FA3E100DF96D9 /* bulbasaur_idle_0006.png in Resources */ = {isa = PBXBuildFile; fileRef = 7022DCDF1C6FA3E100DF96D9 /* bulbasaur_idle_0006.png */; };
		7022DD7E1C6FA3E100DF96D9 /* bulbasaur_idle_0007.png in Resources */ = {isa = PBXBuildFile; fileRef = 7022DCE01C6FA3E100DF96D9 /* bulbasaur_idle_0007.png */; };
		7022DD7F1C6FA3E100DF96D9 /* bulbasaur_idle_0008.png in Resources */ = {isa = PBXBuildFile; fileRef = 7022DCE11C6FA3E100DF96D9 /* bulbasaur_idle_0008.png */; };
		7022DD801C6FA3E100DF96D9 /* bulbasaur_idle_0009.png in Resources */ = {isa = PBXBuildFile; fileRef = 7022DCE21C6FA3E100DF96D9 /* bulbasaur_idle_0009.png */; };
		7022DD811C6FA3E100DF96D9 /* bulbasaur_idle_0010.png in Resources */ = {isa = PBXBuildFile; fileRef = 7022DCE31C6FA3E100DF96D9 /* bulbasaur_idle_0010.png */; };
		7022DD821C6FA3E100DF96D9 /* bulbasaur_idle_0011.png in Resources */ = {isa = PBXBuildFile; fileRef = 7022DCE41C6FA3E100DF96D9 /* bulbasaur_idle_0011.png */; };
		7022DD831C6FA3E100DF96D9 /* bulbasaur_idle_0012.png in Resources */ = {isa = PBXBuildFile; fileRef = 7022DCE51C6FA3E100DF96D9 /* bulbasaur_idle_0012.png */; };
		7022DD841C6FA3E100DF96D9 /* bulbasaur_idle_0013.png in Resources */ = {isa = PBXBuildFile; fileRef = 7022DCE61C6FA3E100DF96D9 /* bulbasaur_idle_0013.png */; };
		7022DD851C6FA3E100DF96D9 /* bulbasaur_idle_0014.png in Resources */ = {isa = PBXBuildFile; fileRef = 7022DCE71C6FA3E100DF96D9 /* bulbasaur_idle_0014.png */; };
		7022DD861C6FA3E100DF96D9 /* bulbasaur_idle_0015.png in Resources */ = {isa = PBXBuildFile; fileRef = 7022DCE81C6FA3E100DF96D9 /* bulbasaur_idle_0015.png */; };
		7022DD871C6FA3E100DF96D9 /* bulbasaur_idle_0016.png in Resources */ = {isa = PBXBuildFile; fileRef = 7022DCE91C6FA3E100DF96D9 /* bulbasaur_idle_0016.png */; };
		7022DD881C6FA3E100DF96D9 /* bulbasaur_idle_0017.png in Resources */ = {isa = PBXBuildFile; fileRef = 7022DCEA1C6FA3E100DF96D9 /* bulbasaur_idle_0017.png */; };
		7022DD891C6FA3E100DF96D9 /* bulbasaur_idle_0018.png in Resources */ = {isa = PBXBuildFile; fileRef = 7022DCEB1C6FA3E100DF96D9 /* bulbasaur_idle_0018.png */; };
		7022DD8A1C6FA3E100DF96D9 /* bulbasaur_idle_0019.png in Resources */ = {isa = PBXBuildFile; fileRef = 7022DCEC1C6FA3E100DF96D9 /* bulbasaur_idle_0019.png */; };
		7022DD8B1C6FA3E100DF96D9 /* bulbasaur_idle_0020.png in Resources */ = {isa = PBXBuildFile; fileRef = 7022DCED1C6FA3E100DF96D9 /* bulbasaur_idle_0020.png */; };
		7022DD8C1C6FA3E100DF96D9 /* bulbasaur_idle_0021.png in Resources */ = {isa = PBXBuildFile; fileRef = 7022DCEE1C6FA3E100DF96D9 /* bulbasaur_idle_0021.png */; };
		7022DD8D1C6FA3E100DF96D9 /* bulbasaur_idle_0022.png in Resources */ = {isa = PBXBuildFile; fileRef = 7022DCEF1C6FA3E100DF96D9 /* bulbasaur_idle_0022.png */; };
		7022DD8E1C6FA3E100DF96D9 /* bulbasaur_idle_0023.png in Resources */ = {isa = PBXBuildFile; fileRef = 7022DCF01C6FA3E100DF96D9 /* bulbasaur_idle_0023.png */; };
		7022DD8F1C6FA3E100DF96D9 /* bulbasaur_idle_0024.png in Resources */ = {isa = PBXBuildFile; fileRef = 7022DCF11C6FA3E100DF96D9 /* bulbasaur_idle_0024.png */; };
		7022DD901C6FA3E100DF96D9 /* bulbasaur_idle_0025.png in Resources */ = {isa = PBXBuildFile; fileRef = 7022DCF21C6FA3E100DF96D9 /* bulbasaur_idle_0025.png */; };
		7022DD911C6FA3E100DF96D9 /* bulbasaur_idle_0026.png in Resources */ = {isa = PBXBuildFile; fileRef = 7022DCF31C6FA3E100DF96D9 /* bulbasaur_idle_0026.png */; };
		7022DD921C6FA3E100DF96D9 /* bulbasaur_idle_0027.png in Resources */ = {isa = PBXBuildFile; fileRef = 7022DCF41C6FA3E100DF96D9 /* bulbasaur_idle_0027.png */; };
		7022DD931C6FA3E100DF96D9 /* bulbasaur_idle_0028.png in Resources */ = {isa = PBXBuildFile; fileRef = 7022DCF51C6FA3E100DF96D9 /* bulbasaur_idle_0028.png */; };
		7022DD941C6FA3E100DF96D9 /* bulbasaur_idle_0029.png in Resources */ = {isa = PBXBuildFile; fileRef = 7022DCF61C6FA3E100DF96D9 /* bulbasaur_idle_0029.png */; };
		7022DD951C6FA3E100DF96D9 /* bulbasaur_idle_0030.png in Resources */ = {isa = PBXBuildFile; fileRef = 7022DCF71C6FA3E100DF96D9 /* bulbasaur_idle_0030.png */; };
		7022DD961C6FA3E100DF96D9 /* bulbasaur_idle_0031.png in Resources */ = {isa = PBXBuildFile; fileRef = 7022DCF81C6FA3E100DF96D9 /* bulbasaur_idle_0031.png */; };
		7022DD971C6FA3E100DF96D9 /* bulbasaur_idle_0032.png in Resources */ = {isa = PBXBuildFile; fileRef = 7022DCF91C6FA3E100DF96D9 /* bulbasaur_idle_0032.png */; };
		7022DD981C6FA3E100DF96D9 /* bulbasaur_idle_0033.png in Resources */ = {isa = PBXBuildFile; fileRef = 7022DCFA1C6FA3E100DF96D9 /* bulbasaur_idle_0033.png */; };
		7022DD991C6FA3E100DF96D9 /* bulbasaur_idle_0034.png in Resources */ = {isa = PBXBuildFile; fileRef = 7022DCFB1C6FA3E100DF96D9 /* bulbasaur_idle_0034.png */; };
		7022DD9A1C6FA3E100DF96D9 /* bulbasaur_idle_0035.png in Resources */ = {isa = PBXBuildFile; fileRef = 7022DCFC1C6FA3E100DF96D9 /* bulbasaur_idle_0035.png */; };
		7022DD9B1C6FA3E100DF96D9 /* bulbasaur_idle_0036.png in Resources */ = {isa = PBXBuildFile; fileRef = 7022DCFD1C6FA3E100DF96D9 /* bulbasaur_idle_0036.png */; };
		7022DD9C1C6FA3E100DF96D9 /* bulbasaur_idle_0037.png in Resources */ = {isa = PBXBuildFile; fileRef = 7022DCFE1C6FA3E100DF96D9 /* bulbasaur_idle_0037.png */; };
		7022DD9D1C6FA3E100DF96D9 /* bulbasaur_idle_0038.png in Resources */ = {isa = PBXBuildFile; fileRef = 7022DCFF1C6FA3E100DF96D9 /* bulbasaur_idle_0038.png */; };
		7022DD9E1C6FA3E100DF96D9 /* bulbasaur_idle_0039.png in Resources */ = {isa = PBXBuildFile; fileRef = 7022DD001C6FA3E100DF96D9 /* bulbasaur_idle_0039.png */; };
		7022DD9F1C6FA3E100DF96D9 /* bulbasaur_idle_0040.png in Resources */ = {isa = PBXBuildFile; fileRef = 7022DD011C6FA3E100DF96D9 /* bulbasaur_idle_0040.png */; };
		7022DDA01C6FA3E100DF96D9 /* bulbasaur_idle_0041.png in Resources */ = {isa = PBXBuildFile; fileRef = 7022DD021C6FA3E100DF96D9 /* bulbasaur_idle_0041.png */; };
		704C8C5E1C6EA45300306397 /* AppDelegate.swift in Sources */ = {isa = PBXBuildFile; fileRef = 704C8C5D1C6EA45300306397 /* AppDelegate.swift */; };
		704C8C601C6EA45300306397 /* ViewController.swift in Sources */ = {isa = PBXBuildFile; fileRef = 704C8C5F1C6EA45300306397 /* ViewController.swift */; };
		704C8C631C6EA45300306397 /* Main.storyboard in Resources */ = {isa = PBXBuildFile; fileRef = 704C8C611C6EA45300306397 /* Main.storyboard */; };
		704C8C651C6EA45300306397 /* Assets.xcassets in Resources */ = {isa = PBXBuildFile; fileRef = 704C8C641C6EA45300306397 /* Assets.xcassets */; };
		704C8C681C6EA45300306397 /* LaunchScreen.storyboard in Resources */ = {isa = PBXBuildFile; fileRef = 704C8C661C6EA45300306397 /* LaunchScreen.storyboard */; };
/* End PBXBuildFile section */

/* Begin PBXFileReference section */
		7022DC5D1C6FA16000DF96D9 /* Pokemon.swift */ = {isa = PBXFileReference; fileEncoding = 4; lastKnownFileType = sourcecode.swift; path = Pokemon.swift; sourceTree = "<group>"; };
		7022DC5F1C6FA1F700DF96D9 /* Attack.swift */ = {isa = PBXFileReference; fileEncoding = 4; lastKnownFileType = sourcecode.swift; path = Attack.swift; sourceTree = "<group>"; };
		7022DC631C6FA3E100DF96D9 /* bulbasaur_attack1_0001.png */ = {isa = PBXFileReference; lastKnownFileType = image.png; path = bulbasaur_attack1_0001.png; sourceTree = "<group>"; };
		7022DC641C6FA3E100DF96D9 /* bulbasaur_attack1_0002.png */ = {isa = PBXFileReference; lastKnownFileType = image.png; path = bulbasaur_attack1_0002.png; sourceTree = "<group>"; };
		7022DC651C6FA3E100DF96D9 /* bulbasaur_attack1_0003.png */ = {isa = PBXFileReference; lastKnownFileType = image.png; path = bulbasaur_attack1_0003.png; sourceTree = "<group>"; };
		7022DC661C6FA3E100DF96D9 /* bulbasaur_attack1_0004.png */ = {isa = PBXFileReference; lastKnownFileType = image.png; path = bulbasaur_attack1_0004.png; sourceTree = "<group>"; };
		7022DC671C6FA3E100DF96D9 /* bulbasaur_attack1_0005.png */ = {isa = PBXFileReference; lastKnownFileType = image.png; path = bulbasaur_attack1_0005.png; sourceTree = "<group>"; };
		7022DC681C6FA3E100DF96D9 /* bulbasaur_attack1_0006.png */ = {isa = PBXFileReference; lastKnownFileType = image.png; path = bulbasaur_attack1_0006.png; sourceTree = "<group>"; };
		7022DC691C6FA3E100DF96D9 /* bulbasaur_attack1_0007.png */ = {isa = PBXFileReference; lastKnownFileType = image.png; path = bulbasaur_attack1_0007.png; sourceTree = "<group>"; };
		7022DC6A1C6FA3E100DF96D9 /* bulbasaur_attack1_0008.png */ = {isa = PBXFileReference; lastKnownFileType = image.png; path = bulbasaur_attack1_0008.png; sourceTree = "<group>"; };
		7022DC6B1C6FA3E100DF96D9 /* bulbasaur_attack1_0009.png */ = {isa = PBXFileReference; lastKnownFileType = image.png; path = bulbasaur_attack1_0009.png; sourceTree = "<group>"; };
		7022DC6C1C6FA3E100DF96D9 /* bulbasaur_attack1_0010.png */ = {isa = PBXFileReference; lastKnownFileType = image.png; path = bulbasaur_attack1_0010.png; sourceTree = "<group>"; };
		7022DC6D1C6FA3E100DF96D9 /* bulbasaur_attack1_0011.png */ = {isa = PBXFileReference; lastKnownFileType = image.png; path = bulbasaur_attack1_0011.png; sourceTree = "<group>"; };
		7022DC6E1C6FA3E100DF96D9 /* bulbasaur_attack1_0012.png */ = {isa = PBXFileReference; lastKnownFileType = image.png; path = bulbasaur_attack1_0012.png; sourceTree = "<group>"; };
		7022DC6F1C6FA3E100DF96D9 /* bulbasaur_attack1_0013.png */ = {isa = PBXFileReference; lastKnownFileType = image.png; path = bulbasaur_attack1_0013.png; sourceTree = "<group>"; };
		7022DC701C6FA3E100DF96D9 /* bulbasaur_attack1_0014.png */ = {isa = PBXFileReference; lastKnownFileType = image.png; path = bulbasaur_attack1_0014.png; sourceTree = "<group>"; };
		7022DC711C6FA3E100DF96D9 /* bulbasaur_attack1_0015.png */ = {isa = PBXFileReference; lastKnownFileType = image.png; path = bulbasaur_attack1_0015.png; sourceTree = "<group>"; };
		7022DC721C6FA3E100DF96D9 /* bulbasaur_attack1_0016.png */ = {isa = PBXFileReference; lastKnownFileType = image.png; path = bulbasaur_attack1_0016.png; sourceTree = "<group>"; };
		7022DC731C6FA3E100DF96D9 /* bulbasaur_attack1_0017.png */ = {isa = PBXFileReference; lastKnownFileType = image.png; path = bulbasaur_attack1_0017.png; sourceTree = "<group>"; };
		7022DC741C6FA3E100DF96D9 /* bulbasaur_attack1_0018.png */ = {isa = PBXFileReference; lastKnownFileType = image.png; path = bulbasaur_attack1_0018.png; sourceTree = "<group>"; };
		7022DC751C6FA3E100DF96D9 /* bulbasaur_attack1_0019.png */ = {isa = PBXFileReference; lastKnownFileType = image.png; path = bulbasaur_attack1_0019.png; sourceTree = "<group>"; };
		7022DC761C6FA3E100DF96D9 /* bulbasaur_attack1_0020.png */ = {isa = PBXFileReference; lastKnownFileType = image.png; path = bulbasaur_attack1_0020.png; sourceTree = "<group>"; };
		7022DC771C6FA3E100DF96D9 /* bulbasaur_attack1_0021.png */ = {isa = PBXFileReference; lastKnownFileType = image.png; path = bulbasaur_attack1_0021.png; sourceTree = "<group>"; };
		7022DC781C6FA3E100DF96D9 /* bulbasaur_attack1_0022.png */ = {isa = PBXFileReference; lastKnownFileType = image.png; path = bulbasaur_attack1_0022.png; sourceTree = "<group>"; };
		7022DC791C6FA3E100DF96D9 /* bulbasaur_attack1_0023.png */ = {isa = PBXFileReference; lastKnownFileType = image.png; path = bulbasaur_attack1_0023.png; sourceTree = "<group>"; };
		7022DC7A1C6FA3E100DF96D9 /* bulbasaur_attack1_0024.png */ = {isa = PBXFileReference; lastKnownFileType = image.png; path = bulbasaur_attack1_0024.png; sourceTree = "<group>"; };
		7022DC7B1C6FA3E100DF96D9 /* bulbasaur_attack1_0025.png */ = {isa = PBXFileReference; lastKnownFileType = image.png; path = bulbasaur_attack1_0025.png; sourceTree = "<group>"; };
		7022DC7C1C6FA3E100DF96D9 /* bulbasaur_attack1_0026.png */ = {isa = PBXFileReference; lastKnownFileType = image.png; path = bulbasaur_attack1_0026.png; sourceTree = "<group>"; };
		7022DC7D1C6FA3E100DF96D9 /* bulbasaur_attack1_0027.png */ = {isa = PBXFileReference; lastKnownFileType = image.png; path = bulbasaur_attack1_0027.png; sourceTree = "<group>"; };
		7022DC7E1C6FA3E100DF96D9 /* bulbasaur_attack1_0028.png */ = {isa = PBXFileReference; lastKnownFileType = image.png; path = bulbasaur_attack1_0028.png; sourceTree = "<group>"; };
		7022DC7F1C6FA3E100DF96D9 /* bulbasaur_attack1_0029.png */ = {isa = PBXFileReference; lastKnownFileType = image.png; path = bulbasaur_attack1_0029.png; sourceTree = "<group>"; };
		7022DC801C6FA3E100DF96D9 /* bulbasaur_attack1_0030.png */ = {isa = PBXFileReference; lastKnownFileType = image.png; path = bulbasaur_attack1_0030.png; sourceTree = "<group>"; };
		7022DC811C6FA3E100DF96D9 /* bulbasaur_attack1_0031.png */ = {isa = PBXFileReference; lastKnownFileType = image.png; path = bulbasaur_attack1_0031.png; sourceTree = "<group>"; };
		7022DC821C6FA3E100DF96D9 /* bulbasaur_attack1_0032.png */ = {isa = PBXFileReference; lastKnownFileType = image.png; path = bulbasaur_attack1_0032.png; sourceTree = "<group>"; };
		7022DC831C6FA3E100DF96D9 /* bulbasaur_attack1_0033.png */ = {isa = PBXFileReference; lastKnownFileType = image.png; path = bulbasaur_attack1_0033.png; sourceTree = "<group>"; };
		7022DC841C6FA3E100DF96D9 /* bulbasaur_attack1_0034.png */ = {isa = PBXFileReference; lastKnownFileType = image.png; path = bulbasaur_attack1_0034.png; sourceTree = "<group>"; };
		7022DC851C6FA3E100DF96D9 /* bulbasaur_attack1_0035.png */ = {isa = PBXFileReference; lastKnownFileType = image.png; path = bulbasaur_attack1_0035.png; sourceTree = "<group>"; };
		7022DC861C6FA3E100DF96D9 /* bulbasaur_attack1_0036.png */ = {isa = PBXFileReference; lastKnownFileType = image.png; path = bulbasaur_attack1_0036.png; sourceTree = "<group>"; };
		7022DC871C6FA3E100DF96D9 /* bulbasaur_attack1_0037.png */ = {isa = PBXFileReference; lastKnownFileType = image.png; path = bulbasaur_attack1_0037.png; sourceTree = "<group>"; };
		7022DC881C6FA3E100DF96D9 /* bulbasaur_attack1_0038.png */ = {isa = PBXFileReference; lastKnownFileType = image.png; path = bulbasaur_attack1_0038.png; sourceTree = "<group>"; };
		7022DC891C6FA3E100DF96D9 /* bulbasaur_attack1_0039.png */ = {isa = PBXFileReference; lastKnownFileType = image.png; path = bulbasaur_attack1_0039.png; sourceTree = "<group>"; };
		7022DC8A1C6FA3E100DF96D9 /* bulbasaur_attack1_0040.png */ = {isa = PBXFileReference; lastKnownFileType = image.png; path = bulbasaur_attack1_0040.png; sourceTree = "<group>"; };
		7022DC8B1C6FA3E100DF96D9 /* bulbasaur_attack1_0041.png */ = {isa = PBXFileReference; lastKnownFileType = image.png; path = bulbasaur_attack1_0041.png; sourceTree = "<group>"; };
		7022DC8C1C6FA3E100DF96D9 /* bulbasaur_attack1_0042.png */ = {isa = PBXFileReference; lastKnownFileType = image.png; path = bulbasaur_attack1_0042.png; sourceTree = "<group>"; };
		7022DC8D1C6FA3E100DF96D9 /* bulbasaur_attack1_0043.png */ = {isa = PBXFileReference; lastKnownFileType = image.png; path = bulbasaur_attack1_0043.png; sourceTree = "<group>"; };
		7022DC8E1C6FA3E100DF96D9 /* bulbasaur_attack1_0044.png */ = {isa = PBXFileReference; lastKnownFileType = image.png; path = bulbasaur_attack1_0044.png; sourceTree = "<group>"; };
		7022DC8F1C6FA3E100DF96D9 /* bulbasaur_attack1_0045.png */ = {isa = PBXFileReference; lastKnownFileType = image.png; path = bulbasaur_attack1_0045.png; sourceTree = "<group>"; };
		7022DC901C6FA3E100DF96D9 /* bulbasaur_attack1_0046.png */ = {isa = PBXFileReference; lastKnownFileType = image.png; path = bulbasaur_attack1_0046.png; sourceTree = "<group>"; };
		7022DC911C6FA3E100DF96D9 /* bulbasaur_attack1_0047.png */ = {isa = PBXFileReference; lastKnownFileType = image.png; path = bulbasaur_attack1_0047.png; sourceTree = "<group>"; };
		7022DC921C6FA3E100DF96D9 /* bulbasaur_attack1_0048.png */ = {isa = PBXFileReference; lastKnownFileType = image.png; path = bulbasaur_attack1_0048.png; sourceTree = "<group>"; };
		7022DC931C6FA3E100DF96D9 /* bulbasaur_attack1_0049.png */ = {isa = PBXFileReference; lastKnownFileType = image.png; path = bulbasaur_attack1_0049.png; sourceTree = "<group>"; };
		7022DC941C6FA3E100DF96D9 /* bulbasaur_attack1_0050.png */ = {isa = PBXFileReference; lastKnownFileType = image.png; path = bulbasaur_attack1_0050.png; sourceTree = "<group>"; };
		7022DC951C6FA3E100DF96D9 /* bulbasaur_attack1_0051.png */ = {isa = PBXFileReference; lastKnownFileType = image.png; path = bulbasaur_attack1_0051.png; sourceTree = "<group>"; };
		7022DC971C6FA3E100DF96D9 /* bulbasaur_attack2_0001.png */ = {isa = PBXFileReference; lastKnownFileType = image.png; path = bulbasaur_attack2_0001.png; sourceTree = "<group>"; };
		7022DC981C6FA3E100DF96D9 /* bulbasaur_attack2_0002.png */ = {isa = PBXFileReference; lastKnownFileType = image.png; path = bulbasaur_attack2_0002.png; sourceTree = "<group>"; };
		7022DC991C6FA3E100DF96D9 /* bulbasaur_attack2_0003.png */ = {isa = PBXFileReference; lastKnownFileType = image.png; path = bulbasaur_attack2_0003.png; sourceTree = "<group>"; };
		7022DC9A1C6FA3E100DF96D9 /* bulbasaur_attack2_0004.png */ = {isa = PBXFileReference; lastKnownFileType = image.png; path = bulbasaur_attack2_0004.png; sourceTree = "<group>"; };
		7022DC9B1C6FA3E100DF96D9 /* bulbasaur_attack2_0005.png */ = {isa = PBXFileReference; lastKnownFileType = image.png; path = bulbasaur_attack2_0005.png; sourceTree = "<group>"; };
		7022DC9C1C6FA3E100DF96D9 /* bulbasaur_attack2_0006.png */ = {isa = PBXFileReference; lastKnownFileType = image.png; path = bulbasaur_attack2_0006.png; sourceTree = "<group>"; };
		7022DC9D1C6FA3E100DF96D9 /* bulbasaur_attack2_0007.png */ = {isa = PBXFileReference; lastKnownFileType = image.png; path = bulbasaur_attack2_0007.png; sourceTree = "<group>"; };
		7022DC9E1C6FA3E100DF96D9 /* bulbasaur_attack2_0008.png */ = {isa = PBXFileReference; lastKnownFileType = image.png; path = bulbasaur_attack2_0008.png; sourceTree = "<group>"; };
		7022DC9F1C6FA3E100DF96D9 /* bulbasaur_attack2_0009.png */ = {isa = PBXFileReference; lastKnownFileType = image.png; path = bulbasaur_attack2_0009.png; sourceTree = "<group>"; };
		7022DCA01C6FA3E100DF96D9 /* bulbasaur_attack2_0010.png */ = {isa = PBXFileReference; lastKnownFileType = image.png; path = bulbasaur_attack2_0010.png; sourceTree = "<group>"; };
		7022DCA11C6FA3E100DF96D9 /* bulbasaur_attack2_0011.png */ = {isa = PBXFileReference; lastKnownFileType = image.png; path = bulbasaur_attack2_0011.png; sourceTree = "<group>"; };
		7022DCA21C6FA3E100DF96D9 /* bulbasaur_attack2_0012.png */ = {isa = PBXFileReference; lastKnownFileType = image.png; path = bulbasaur_attack2_0012.png; sourceTree = "<group>"; };
		7022DCA31C6FA3E100DF96D9 /* bulbasaur_attack2_0013.png */ = {isa = PBXFileReference; lastKnownFileType = image.png; path = bulbasaur_attack2_0013.png; sourceTree = "<group>"; };
		7022DCA41C6FA3E100DF96D9 /* bulbasaur_attack2_0014.png */ = {isa = PBXFileReference; lastKnownFileType = image.png; path = bulbasaur_attack2_0014.png; sourceTree = "<group>"; };
		7022DCA51C6FA3E100DF96D9 /* bulbasaur_attack2_0015.png */ = {isa = PBXFileReference; lastKnownFileType = image.png; path = bulbasaur_attack2_0015.png; sourceTree = "<group>"; };
		7022DCA61C6FA3E100DF96D9 /* bulbasaur_attack2_0016.png */ = {isa = PBXFileReference; lastKnownFileType = image.png; path = bulbasaur_attack2_0016.png; sourceTree = "<group>"; };
		7022DCA71C6FA3E100DF96D9 /* bulbasaur_attack2_0017.png */ = {isa = PBXFileReference; lastKnownFileType = image.png; path = bulbasaur_attack2_0017.png; sourceTree = "<group>"; };
		7022DCA81C6FA3E100DF96D9 /* bulbasaur_attack2_0018.png */ = {isa = PBXFileReference; lastKnownFileType = image.png; path = bulbasaur_attack2_0018.png; sourceTree = "<group>"; };
		7022DCA91C6FA3E100DF96D9 /* bulbasaur_attack2_0019.png */ = {isa = PBXFileReference; lastKnownFileType = image.png; path = bulbasaur_attack2_0019.png; sourceTree = "<group>"; };
		7022DCAA1C6FA3E100DF96D9 /* bulbasaur_attack2_0020.png */ = {isa = PBXFileReference; lastKnownFileType = image.png; path = bulbasaur_attack2_0020.png; sourceTree = "<group>"; };
		7022DCAB1C6FA3E100DF96D9 /* bulbasaur_attack2_0021.png */ = {isa = PBXFileReference; lastKnownFileType = image.png; path = bulbasaur_attack2_0021.png; sourceTree = "<group>"; };
		7022DCAC1C6FA3E100DF96D9 /* bulbasaur_attack2_0022.png */ = {isa = PBXFileReference; lastKnownFileType = image.png; path = bulbasaur_attack2_0022.png; sourceTree = "<group>"; };
		7022DCAD1C6FA3E100DF96D9 /* bulbasaur_attack2_0023.png */ = {isa = PBXFileReference; lastKnownFileType = image.png; path = bulbasaur_attack2_0023.png; sourceTree = "<group>"; };
		7022DCAE1C6FA3E100DF96D9 /* bulbasaur_attack2_0024.png */ = {isa = PBXFileReference; lastKnownFileType = image.png; path = bulbasaur_attack2_0024.png; sourceTree = "<group>"; };
		7022DCAF1C6FA3E100DF96D9 /* bulbasaur_attack2_0025.png */ = {isa = PBXFileReference; lastKnownFileType = image.png; path = bulbasaur_attack2_0025.png; sourceTree = "<group>"; };
		7022DCB01C6FA3E100DF96D9 /* bulbasaur_attack2_0026.png */ = {isa = PBXFileReference; lastKnownFileType = image.png; path = bulbasaur_attack2_0026.png; sourceTree = "<group>"; };
		7022DCB11C6FA3E100DF96D9 /* bulbasaur_attack2_0027.png */ = {isa = PBXFileReference; lastKnownFileType = image.png; path = bulbasaur_attack2_0027.png; sourceTree = "<group>"; };
		7022DCB21C6FA3E100DF96D9 /* bulbasaur_attack2_0028.png */ = {isa = PBXFileReference; lastKnownFileType = image.png; path = bulbasaur_attack2_0028.png; sourceTree = "<group>"; };
		7022DCB31C6FA3E100DF96D9 /* bulbasaur_attack2_0029.png */ = {isa = PBXFileReference; lastKnownFileType = image.png; path = bulbasaur_attack2_0029.png; sourceTree = "<group>"; };
		7022DCB41C6FA3E100DF96D9 /* bulbasaur_attack2_0030.png */ = {isa = PBXFileReference; lastKnownFileType = image.png; path = bulbasaur_attack2_0030.png; sourceTree = "<group>"; };
		7022DCB51C6FA3E100DF96D9 /* bulbasaur_attack2_0031.png */ = {isa = PBXFileReference; lastKnownFileType = image.png; path = bulbasaur_attack2_0031.png; sourceTree = "<group>"; };
		7022DCB61C6FA3E100DF96D9 /* bulbasaur_attack2_0032.png */ = {isa = PBXFileReference; lastKnownFileType = image.png; path = bulbasaur_attack2_0032.png; sourceTree = "<group>"; };
		7022DCB71C6FA3E100DF96D9 /* bulbasaur_attack2_0033.png */ = {isa = PBXFileReference; lastKnownFileType = image.png; path = bulbasaur_attack2_0033.png; sourceTree = "<group>"; };
		7022DCB81C6FA3E100DF96D9 /* bulbasaur_attack2_0034.png */ = {isa = PBXFileReference; lastKnownFileType = image.png; path = bulbasaur_attack2_0034.png; sourceTree = "<group>"; };
		7022DCB91C6FA3E100DF96D9 /* bulbasaur_attack2_0035.png */ = {isa = PBXFileReference; lastKnownFileType = image.png; path = bulbasaur_attack2_0035.png; sourceTree = "<group>"; };
		7022DCBA1C6FA3E100DF96D9 /* bulbasaur_attack2_0036.png */ = {isa = PBXFileReference; lastKnownFileType = image.png; path = bulbasaur_attack2_0036.png; sourceTree = "<group>"; };
		7022DCBB1C6FA3E100DF96D9 /* bulbasaur_attack2_0037.png */ = {isa = PBXFileReference; lastKnownFileType = image.png; path = bulbasaur_attack2_0037.png; sourceTree = "<group>"; };
		7022DCBC1C6FA3E100DF96D9 /* bulbasaur_attack2_0038.png */ = {isa = PBXFileReference; lastKnownFileType = image.png; path = bulbasaur_attack2_0038.png; sourceTree = "<group>"; };
		7022DCBD1C6FA3E100DF96D9 /* bulbasaur_attack2_0039.png */ = {isa = PBXFileReference; lastKnownFileType = image.png; path = bulbasaur_attack2_0039.png; sourceTree = "<group>"; };
		7022DCBE1C6FA3E100DF96D9 /* bulbasaur_attack2_0040.png */ = {isa = PBXFileReference; lastKnownFileType = image.png; path = bulbasaur_attack2_0040.png; sourceTree = "<group>"; };
		7022DCBF1C6FA3E100DF96D9 /* bulbasaur_attack2_0041.png */ = {isa = PBXFileReference; lastKnownFileType = image.png; path = bulbasaur_attack2_0041.png; sourceTree = "<group>"; };
		7022DCC01C6FA3E100DF96D9 /* bulbasaur_attack2_0042.png */ = {isa = PBXFileReference; lastKnownFileType = image.png; path = bulbasaur_attack2_0042.png; sourceTree = "<group>"; };
		7022DCC11C6FA3E100DF96D9 /* bulbasaur_attack2_0043.png */ = {isa = PBXFileReference; lastKnownFileType = image.png; path = bulbasaur_attack2_0043.png; sourceTree = "<group>"; };
		7022DCC21C6FA3E100DF96D9 /* bulbasaur_attack2_0044.png */ = {isa = PBXFileReference; lastKnownFileType = image.png; path = bulbasaur_attack2_0044.png; sourceTree = "<group>"; };
		7022DCC31C6FA3E100DF96D9 /* bulbasaur_attack2_0045.png */ = {isa = PBXFileReference; lastKnownFileType = image.png; path = bulbasaur_attack2_0045.png; sourceTree = "<group>"; };
		7022DCC41C6FA3E100DF96D9 /* bulbasaur_attack2_0046.png */ = {isa = PBXFileReference; lastKnownFileType = image.png; path = bulbasaur_attack2_0046.png; sourceTree = "<group>"; };
		7022DCC51C6FA3E100DF96D9 /* bulbasaur_attack2_0047.png */ = {isa = PBXFileReference; lastKnownFileType = image.png; path = bulbasaur_attack2_0047.png; sourceTree = "<group>"; };
		7022DCC61C6FA3E100DF96D9 /* bulbasaur_attack2_0048.png */ = {isa = PBXFileReference; lastKnownFileType = image.png; path = bulbasaur_attack2_0048.png; sourceTree = "<group>"; };
		7022DCC71C6FA3E100DF96D9 /* bulbasaur_attack2_0049.png */ = {isa = PBXFileReference; lastKnownFileType = image.png; path = bulbasaur_attack2_0049.png; sourceTree = "<group>"; };
		7022DCC81C6FA3E100DF96D9 /* bulbasaur_attack2_0050.png */ = {isa = PBXFileReference; lastKnownFileType = image.png; path = bulbasaur_attack2_0050.png; sourceTree = "<group>"; };
		7022DCC91C6FA3E100DF96D9 /* bulbasaur_attack2_0051.png */ = {isa = PBXFileReference; lastKnownFileType = image.png; path = bulbasaur_attack2_0051.png; sourceTree = "<group>"; };
		7022DCCA1C6FA3E100DF96D9 /* bulbasaur_attack2_0052.png */ = {isa = PBXFileReference; lastKnownFileType = image.png; path = bulbasaur_attack2_0052.png; sourceTree = "<group>"; };
		7022DCCB1C6FA3E100DF96D9 /* bulbasaur_attack2_0053.png */ = {isa = PBXFileReference; lastKnownFileType = image.png; path = bulbasaur_attack2_0053.png; sourceTree = "<group>"; };
		7022DCCC1C6FA3E100DF96D9 /* bulbasaur_attack2_0054.png */ = {isa = PBXFileReference; lastKnownFileType = image.png; path = bulbasaur_attack2_0054.png; sourceTree = "<group>"; };
		7022DCCD1C6FA3E100DF96D9 /* bulbasaur_attack2_0055.png */ = {isa = PBXFileReference; lastKnownFileType = image.png; path = bulbasaur_attack2_0055.png; sourceTree = "<group>"; };
		7022DCCE1C6FA3E100DF96D9 /* bulbasaur_attack2_0056.png */ = {isa = PBXFileReference; lastKnownFileType = image.png; path = bulbasaur_attack2_0056.png; sourceTree = "<group>"; };
		7022DCCF1C6FA3E100DF96D9 /* bulbasaur_attack2_0057.png */ = {isa = PBXFileReference; lastKnownFileType = image.png; path = bulbasaur_attack2_0057.png; sourceTree = "<group>"; };
		7022DCD01C6FA3E100DF96D9 /* bulbasaur_attack2_0058.png */ = {isa = PBXFileReference; lastKnownFileType = image.png; path = bulbasaur_attack2_0058.png; sourceTree = "<group>"; };
		7022DCD11C6FA3E100DF96D9 /* bulbasaur_attack2_0059.png */ = {isa = PBXFileReference; lastKnownFileType = image.png; path = bulbasaur_attack2_0059.png; sourceTree = "<group>"; };
		7022DCD21C6FA3E100DF96D9 /* bulbasaur_attack2_0060.png */ = {isa = PBXFileReference; lastKnownFileType = image.png; path = bulbasaur_attack2_0060.png; sourceTree = "<group>"; };
		7022DCD31C6FA3E100DF96D9 /* bulbasaur_attack2_0061.png */ = {isa = PBXFileReference; lastKnownFileType = image.png; path = bulbasaur_attack2_0061.png; sourceTree = "<group>"; };
		7022DCD41C6FA3E100DF96D9 /* bulbasaur_attack2_0062.png */ = {isa = PBXFileReference; lastKnownFileType = image.png; path = bulbasaur_attack2_0062.png; sourceTree = "<group>"; };
		7022DCD51C6FA3E100DF96D9 /* bulbasaur_attack2_0063.png */ = {isa = PBXFileReference; lastKnownFileType = image.png; path = bulbasaur_attack2_0063.png; sourceTree = "<group>"; };
		7022DCD61C6FA3E100DF96D9 /* bulbasaur_attack2_0064.png */ = {isa = PBXFileReference; lastKnownFileType = image.png; path = bulbasaur_attack2_0064.png; sourceTree = "<group>"; };
		7022DCD71C6FA3E100DF96D9 /* bulbasaur_attack2_0065.png */ = {isa = PBXFileReference; lastKnownFileType = image.png; path = bulbasaur_attack2_0065.png; sourceTree = "<group>"; };
		7022DCD81C6FA3E100DF96D9 /* bulbasaur_attack2_0066.png */ = {isa = PBXFileReference; lastKnownFileType = image.png; path = bulbasaur_attack2_0066.png; sourceTree = "<group>"; };
		7022DCDA1C6FA3E100DF96D9 /* bulbasaur_idle_0001.png */ = {isa = PBXFileReference; lastKnownFileType = image.png; path = bulbasaur_idle_0001.png; sourceTree = "<group>"; };
		7022DCDB1C6FA3E100DF96D9 /* bulbasaur_idle_0002.png */ = {isa = PBXFileReference; lastKnownFileType = image.png; path = bulbasaur_idle_0002.png; sourceTree = "<group>"; };
		7022DCDC1C6FA3E100DF96D9 /* bulbasaur_idle_0003.png */ = {isa = PBXFileReference; lastKnownFileType = image.png; path = bulbasaur_idle_0003.png; sourceTree = "<group>"; };
		7022DCDD1C6FA3E100DF96D9 /* bulbasaur_idle_0004.png */ = {isa = PBXFileReference; lastKnownFileType = image.png; path = bulbasaur_idle_0004.png; sourceTree = "<group>"; };
		7022DCDE1C6FA3E100DF96D9 /* bulbasaur_idle_0005.png */ = {isa = PBXFileReference; lastKnownFileType = image.png; path = bulbasaur_idle_0005.png; sourceTree = "<group>"; };
		7022DCDF1C6FA3E100DF96D9 /* bulbasaur_idle_0006.png */ = {isa = PBXFileReference; lastKnownFileType = image.png; path = bulbasaur_idle_0006.png; sourceTree = "<group>"; };
		7022DCE01C6FA3E100DF96D9 /* bulbasaur_idle_0007.png */ = {isa = PBXFileReference; lastKnownFileType = image.png; path = bulbasaur_idle_0007.png; sourceTree = "<group>"; };
		7022DCE11C6FA3E100DF96D9 /* bulbasaur_idle_0008.png */ = {isa = PBXFileReference; lastKnownFileType = image.png; path = bulbasaur_idle_0008.png; sourceTree = "<group>"; };
		7022DCE21C6FA3E100DF96D9 /* bulbasaur_idle_0009.png */ = {isa = PBXFileReference; lastKnownFileType = image.png; path = bulbasaur_idle_0009.png; sourceTree = "<group>"; };
		7022DCE31C6FA3E100DF96D9 /* bulbasaur_idle_0010.png */ = {isa = PBXFileReference; lastKnownFileType = image.png; path = bulbasaur_idle_0010.png; sourceTree = "<group>"; };
		7022DCE41C6FA3E100DF96D9 /* bulbasaur_idle_0011.png */ = {isa = PBXFileReference; lastKnownFileType = image.png; path = bulbasaur_idle_0011.png; sourceTree = "<group>"; };
		7022DCE51C6FA3E100DF96D9 /* bulbasaur_idle_0012.png */ = {isa = PBXFileReference; lastKnownFileType = image.png; path = bulbasaur_idle_0012.png; sourceTree = "<group>"; };
		7022DCE61C6FA3E100DF96D9 /* bulbasaur_idle_0013.png */ = {isa = PBXFileReference; lastKnownFileType = image.png; path = bulbasaur_idle_0013.png; sourceTree = "<group>"; };
		7022DCE71C6FA3E100DF96D9 /* bulbasaur_idle_0014.png */ = {isa = PBXFileReference; lastKnownFileType = image.png; path = bulbasaur_idle_0014.png; sourceTree = "<group>"; };
		7022DCE81C6FA3E100DF96D9 /* bulbasaur_idle_0015.png */ = {isa = PBXFileReference; lastKnownFileType = image.png; path = bulbasaur_idle_0015.png; sourceTree = "<group>"; };
		7022DCE91C6FA3E100DF96D9 /* bulbasaur_idle_0016.png */ = {isa = PBXFileReference; lastKnownFileType = image.png; path = bulbasaur_idle_0016.png; sourceTree = "<group>"; };
		7022DCEA1C6FA3E100DF96D9 /* bulbasaur_idle_0017.png */ = {isa = PBXFileReference; lastKnownFileType = image.png; path = bulbasaur_idle_0017.png; sourceTree = "<group>"; };
		7022DCEB1C6FA3E100DF96D9 /* bulbasaur_idle_0018.png */ = {isa = PBXFileReference; lastKnownFileType = image.png; path = bulbasaur_idle_0018.png; sourceTree = "<group>"; };
		7022DCEC1C6FA3E100DF96D9 /* bulbasaur_idle_0019.png */ = {isa = PBXFileReference; lastKnownFileType = image.png; path = bulbasaur_idle_0019.png; sourceTree = "<group>"; };
		7022DCED1C6FA3E100DF96D9 /* bulbasaur_idle_0020.png */ = {isa = PBXFileReference; lastKnownFileType = image.png; path = bulbasaur_idle_0020.png; sourceTree = "<group>"; };
		7022DCEE1C6FA3E100DF96D9 /* bulbasaur_idle_0021.png */ = {isa = PBXFileReference; lastKnownFileType = image.png; path = bulbasaur_idle_0021.png; sourceTree = "<group>"; };
		7022DCEF1C6FA3E100DF96D9 /* bulbasaur_idle_0022.png */ = {isa = PBXFileReference; lastKnownFileType = image.png; path = bulbasaur_idle_0022.png; sourceTree = "<group>"; };
		7022DCF01C6FA3E100DF96D9 /* bulbasaur_idle_0023.png */ = {isa = PBXFileReference; lastKnownFileType = image.png; path = bulbasaur_idle_0023.png; sourceTree = "<group>"; };
		7022DCF11C6FA3E100DF96D9 /* bulbasaur_idle_0024.png */ = {isa = PBXFileReference; lastKnownFileType = image.png; path = bulbasaur_idle_0024.png; sourceTree = "<group>"; };
		7022DCF21C6FA3E100DF96D9 /* bulbasaur_idle_0025.png */ = {isa = PBXFileReference; lastKnownFileType = image.png; path = bulbasaur_idle_0025.png; sourceTree = "<group>"; };
		7022DCF31C6FA3E100DF96D9 /* bulbasaur_idle_0026.png */ = {isa = PBXFileReference; lastKnownFileType = image.png; path = bulbasaur_idle_0026.png; sourceTree = "<group>"; };
		7022DCF41C6FA3E100DF96D9 /* bulbasaur_idle_0027.png */ = {isa = PBXFileReference; lastKnownFileType = image.png; path = bulbasaur_idle_0027.png; sourceTree = "<group>"; };
		7022DCF51C6FA3E100DF96D9 /* bulbasaur_idle_0028.png */ = {isa = PBXFileReference; lastKnownFileType = image.png; path = bulbasaur_idle_0028.png; sourceTree = "<group>"; };
		7022DCF61C6FA3E100DF96D9 /* bulbasaur_idle_0029.png */ = {isa = PBXFileReference; lastKnownFileType = image.png; path = bulbasaur_idle_0029.png; sourceTree = "<group>"; };
		7022DCF71C6FA3E100DF96D9 /* bulbasaur_idle_0030.png */ = {isa = PBXFileReference; lastKnownFileType = image.png; path = bulbasaur_idle_0030.png; sourceTree = "<group>"; };
		7022DCF81C6FA3E100DF96D9 /* bulbasaur_idle_0031.png */ = {isa = PBXFileReference; lastKnownFileType = image.png; path = bulbasaur_idle_0031.png; sourceTree = "<group>"; };
		7022DCF91C6FA3E100DF96D9 /* bulbasaur_idle_0032.png */ = {isa = PBXFileReference; lastKnownFileType = image.png; path = bulbasaur_idle_0032.png; sourceTree = "<group>"; };
		7022DCFA1C6FA3E100DF96D9 /* bulbasaur_idle_0033.png */ = {isa = PBXFileReference; lastKnownFileType = image.png; path = bulbasaur_idle_0033.png; sourceTree = "<group>"; };
		7022DCFB1C6FA3E100DF96D9 /* bulbasaur_idle_0034.png */ = {isa = PBXFileReference; lastKnownFileType = image.png; path = bulbasaur_idle_0034.png; sourceTree = "<group>"; };
		7022DCFC1C6FA3E100DF96D9 /* bulbasaur_idle_0035.png */ = {isa = PBXFileReference; lastKnownFileType = image.png; path = bulbasaur_idle_0035.png; sourceTree = "<group>"; };
		7022DCFD1C6FA3E100DF96D9 /* bulbasaur_idle_0036.png */ = {isa = PBXFileReference; lastKnownFileType = image.png; path = bulbasaur_idle_0036.png; sourceTree = "<group>"; };
		7022DCFE1C6FA3E100DF96D9 /* bulbasaur_idle_0037.png */ = {isa = PBXFileReference; lastKnownFileType = image.png; path = bulbasaur_idle_0037.png; sourceTree = "<group>"; };
		7022DCFF1C6FA3E100DF96D9 /* bulbasaur_idle_0038.png */ = {isa = PBXFileReference; lastKnownFileType = image.png; path = bulbasaur_idle_0038.png; sourceTree = "<group>"; };
		7022DD001C6FA3E100DF96D9 /* bulbasaur_idle_0039.png */ = {isa = PBXFileReference; lastKnownFileType = image.png; path = bulbasaur_idle_0039.png; sourceTree = "<group>"; };
		7022DD011C6FA3E100DF96D9 /* bulbasaur_idle_0040.png */ = {isa = PBXFileReference; lastKnownFileType = image.png; path = bulbasaur_idle_0040.png; sourceTree = "<group>"; };
		7022DD021C6FA3E100DF96D9 /* bulbasaur_idle_0041.png */ = {isa = PBXFileReference; lastKnownFileType = image.png; path = bulbasaur_idle_0041.png; sourceTree = "<group>"; };
		704C8C5A1C6EA45300306397 /* Pokedex.app */ = {isa = PBXFileReference; explicitFileType = wrapper.application; includeInIndex = 0; path = Pokedex.app; sourceTree = BUILT_PRODUCTS_DIR; };
		704C8C5D1C6EA45300306397 /* AppDelegate.swift */ = {isa = PBXFileReference; lastKnownFileType = sourcecode.swift; path = AppDelegate.swift; sourceTree = "<group>"; };
		704C8C5F1C6EA45300306397 /* ViewController.swift */ = {isa = PBXFileReference; lastKnownFileType = sourcecode.swift; path = ViewController.swift; sourceTree = "<group>"; };
		704C8C621C6EA45300306397 /* Base */ = {isa = PBXFileReference; lastKnownFileType = file.storyboard; name = Base; path = Base.lproj/Main.storyboard; sourceTree = "<group>"; };
		704C8C641C6EA45300306397 /* Assets.xcassets */ = {isa = PBXFileReference; lastKnownFileType = folder.assetcatalog; path = Assets.xcassets; sourceTree = "<group>"; };
		704C8C671C6EA45300306397 /* Base */ = {isa = PBXFileReference; lastKnownFileType = file.storyboard; name = Base; path = Base.lproj/LaunchScreen.storyboard; sourceTree = "<group>"; };
		704C8C691C6EA45300306397 /* Info.plist */ = {isa = PBXFileReference; lastKnownFileType = text.plist.xml; path = Info.plist; sourceTree = "<group>"; };
/* End PBXFileReference section */

/* Begin PBXFrameworksBuildPhase section */
		704C8C571C6EA45300306397 /* Frameworks */ = {
			isa = PBXFrameworksBuildPhase;
			buildActionMask = 2147483647;
			files = (
			);
			runOnlyForDeploymentPostprocessing = 0;
		};
/* End PBXFrameworksBuildPhase section */

/* Begin PBXGroup section */
		7022DC611C6FA3E100DF96D9 /* Bulbasaur 2 */ = {
			isa = PBXGroup;
			children = (
				7022DC621C6FA3E100DF96D9 /* Attack 1 */,
				7022DC961C6FA3E100DF96D9 /* Attack 2 */,
				7022DCD91C6FA3E100DF96D9 /* Idle */,
			);
			path = "Bulbasaur 2";
			sourceTree = "<group>";
		};
		7022DC621C6FA3E100DF96D9 /* Attack 1 */ = {
			isa = PBXGroup;
			children = (
				7022DC631C6FA3E100DF96D9 /* bulbasaur_attack1_0001.png */,
				7022DC641C6FA3E100DF96D9 /* bulbasaur_attack1_0002.png */,
				7022DC651C6FA3E100DF96D9 /* bulbasaur_attack1_0003.png */,
				7022DC661C6FA3E100DF96D9 /* bulbasaur_attack1_0004.png */,
				7022DC671C6FA3E100DF96D9 /* bulbasaur_attack1_0005.png */,
				7022DC681C6FA3E100DF96D9 /* bulbasaur_attack1_0006.png */,
				7022DC691C6FA3E100DF96D9 /* bulbasaur_attack1_0007.png */,
				7022DC6A1C6FA3E100DF96D9 /* bulbasaur_attack1_0008.png */,
				7022DC6B1C6FA3E100DF96D9 /* bulbasaur_attack1_0009.png */,
				7022DC6C1C6FA3E100DF96D9 /* bulbasaur_attack1_0010.png */,
				7022DC6D1C6FA3E100DF96D9 /* bulbasaur_attack1_0011.png */,
				7022DC6E1C6FA3E100DF96D9 /* bulbasaur_attack1_0012.png */,
				7022DC6F1C6FA3E100DF96D9 /* bulbasaur_attack1_0013.png */,
				7022DC701C6FA3E100DF96D9 /* bulbasaur_attack1_0014.png */,
				7022DC711C6FA3E100DF96D9 /* bulbasaur_attack1_0015.png */,
				7022DC721C6FA3E100DF96D9 /* bulbasaur_attack1_0016.png */,
				7022DC731C6FA3E100DF96D9 /* bulbasaur_attack1_0017.png */,
				7022DC741C6FA3E100DF96D9 /* bulbasaur_attack1_0018.png */,
				7022DC751C6FA3E100DF96D9 /* bulbasaur_attack1_0019.png */,
				7022DC761C6FA3E100DF96D9 /* bulbasaur_attack1_0020.png */,
				7022DC771C6FA3E100DF96D9 /* bulbasaur_attack1_0021.png */,
				7022DC781C6FA3E100DF96D9 /* bulbasaur_attack1_0022.png */,
				7022DC791C6FA3E100DF96D9 /* bulbasaur_attack1_0023.png */,
				7022DC7A1C6FA3E100DF96D9 /* bulbasaur_attack1_0024.png */,
				7022DC7B1C6FA3E100DF96D9 /* bulbasaur_attack1_0025.png */,
				7022DC7C1C6FA3E100DF96D9 /* bulbasaur_attack1_0026.png */,
				7022DC7D1C6FA3E100DF96D9 /* bulbasaur_attack1_0027.png */,
				7022DC7E1C6FA3E100DF96D9 /* bulbasaur_attack1_0028.png */,
				7022DC7F1C6FA3E100DF96D9 /* bulbasaur_attack1_0029.png */,
				7022DC801C6FA3E100DF96D9 /* bulbasaur_attack1_0030.png */,
				7022DC811C6FA3E100DF96D9 /* bulbasaur_attack1_0031.png */,
				7022DC821C6FA3E100DF96D9 /* bulbasaur_attack1_0032.png */,
				7022DC831C6FA3E100DF96D9 /* bulbasaur_attack1_0033.png */,
				7022DC841C6FA3E100DF96D9 /* bulbasaur_attack1_0034.png */,
				7022DC851C6FA3E100DF96D9 /* bulbasaur_attack1_0035.png */,
				7022DC861C6FA3E100DF96D9 /* bulbasaur_attack1_0036.png */,
				7022DC871C6FA3E100DF96D9 /* bulbasaur_attack1_0037.png */,
				7022DC881C6FA3E100DF96D9 /* bulbasaur_attack1_0038.png */,
				7022DC891C6FA3E100DF96D9 /* bulbasaur_attack1_0039.png */,
				7022DC8A1C6FA3E100DF96D9 /* bulbasaur_attack1_0040.png */,
				7022DC8B1C6FA3E100DF96D9 /* bulbasaur_attack1_0041.png */,
				7022DC8C1C6FA3E100DF96D9 /* bulbasaur_attack1_0042.png */,
				7022DC8D1C6FA3E100DF96D9 /* bulbasaur_attack1_0043.png */,
				7022DC8E1C6FA3E100DF96D9 /* bulbasaur_attack1_0044.png */,
				7022DC8F1C6FA3E100DF96D9 /* bulbasaur_attack1_0045.png */,
				7022DC901C6FA3E100DF96D9 /* bulbasaur_attack1_0046.png */,
				7022DC911C6FA3E100DF96D9 /* bulbasaur_attack1_0047.png */,
				7022DC921C6FA3E100DF96D9 /* bulbasaur_attack1_0048.png */,
				7022DC931C6FA3E100DF96D9 /* bulbasaur_attack1_0049.png */,
				7022DC941C6FA3E100DF96D9 /* bulbasaur_attack1_0050.png */,
				7022DC951C6FA3E100DF96D9 /* bulbasaur_attack1_0051.png */,
			);
			path = "Attack 1";
			sourceTree = "<group>";
		};
		7022DC961C6FA3E100DF96D9 /* Attack 2 */ = {
			isa = PBXGroup;
			children = (
				7022DC971C6FA3E100DF96D9 /* bulbasaur_attack2_0001.png */,
				7022DC981C6FA3E100DF96D9 /* bulbasaur_attack2_0002.png */,
				7022DC991C6FA3E100DF96D9 /* bulbasaur_attack2_0003.png */,
				7022DC9A1C6FA3E100DF96D9 /* bulbasaur_attack2_0004.png */,
				7022DC9B1C6FA3E100DF96D9 /* bulbasaur_attack2_0005.png */,
				7022DC9C1C6FA3E100DF96D9 /* bulbasaur_attack2_0006.png */,
				7022DC9D1C6FA3E100DF96D9 /* bulbasaur_attack2_0007.png */,
				7022DC9E1C6FA3E100DF96D9 /* bulbasaur_attack2_0008.png */,
				7022DC9F1C6FA3E100DF96D9 /* bulbasaur_attack2_0009.png */,
				7022DCA01C6FA3E100DF96D9 /* bulbasaur_attack2_0010.png */,
				7022DCA11C6FA3E100DF96D9 /* bulbasaur_attack2_0011.png */,
				7022DCA21C6FA3E100DF96D9 /* bulbasaur_attack2_0012.png */,
				7022DCA31C6FA3E100DF96D9 /* bulbasaur_attack2_0013.png */,
				7022DCA41C6FA3E100DF96D9 /* bulbasaur_attack2_0014.png */,
				7022DCA51C6FA3E100DF96D9 /* bulbasaur_attack2_0015.png */,
				7022DCA61C6FA3E100DF96D9 /* bulbasaur_attack2_0016.png */,
				7022DCA71C6FA3E100DF96D9 /* bulbasaur_attack2_0017.png */,
				7022DCA81C6FA3E100DF96D9 /* bulbasaur_attack2_0018.png */,
				7022DCA91C6FA3E100DF96D9 /* bulbasaur_attack2_0019.png */,
				7022DCAA1C6FA3E100DF96D9 /* bulbasaur_attack2_0020.png */,
				7022DCAB1C6FA3E100DF96D9 /* bulbasaur_attack2_0021.png */,
				7022DCAC1C6FA3E100DF96D9 /* bulbasaur_attack2_0022.png */,
				7022DCAD1C6FA3E100DF96D9 /* bulbasaur_attack2_0023.png */,
				7022DCAE1C6FA3E100DF96D9 /* bulbasaur_attack2_0024.png */,
				7022DCAF1C6FA3E100DF96D9 /* bulbasaur_attack2_0025.png */,
				7022DCB01C6FA3E100DF96D9 /* bulbasaur_attack2_0026.png */,
				7022DCB11C6FA3E100DF96D9 /* bulbasaur_attack2_0027.png */,
				7022DCB21C6FA3E100DF96D9 /* bulbasaur_attack2_0028.png */,
				7022DCB31C6FA3E100DF96D9 /* bulbasaur_attack2_0029.png */,
				7022DCB41C6FA3E100DF96D9 /* bulbasaur_attack2_0030.png */,
				7022DCB51C6FA3E100DF96D9 /* bulbasaur_attack2_0031.png */,
				7022DCB61C6FA3E100DF96D9 /* bulbasaur_attack2_0032.png */,
				7022DCB71C6FA3E100DF96D9 /* bulbasaur_attack2_0033.png */,
				7022DCB81C6FA3E100DF96D9 /* bulbasaur_attack2_0034.png */,
				7022DCB91C6FA3E100DF96D9 /* bulbasaur_attack2_0035.png */,
				7022DCBA1C6FA3E100DF96D9 /* bulbasaur_attack2_0036.png */,
				7022DCBB1C6FA3E100DF96D9 /* bulbasaur_attack2_0037.png */,
				7022DCBC1C6FA3E100DF96D9 /* bulbasaur_attack2_0038.png */,
				7022DCBD1C6FA3E100DF96D9 /* bulbasaur_attack2_0039.png */,
				7022DCBE1C6FA3E100DF96D9 /* bulbasaur_attack2_0040.png */,
				7022DCBF1C6FA3E100DF96D9 /* bulbasaur_attack2_0041.png */,
				7022DCC01C6FA3E100DF96D9 /* bulbasaur_attack2_0042.png */,
				7022DCC11C6FA3E100DF96D9 /* bulbasaur_attack2_0043.png */,
				7022DCC21C6FA3E100DF96D9 /* bulbasaur_attack2_0044.png */,
				7022DCC31C6FA3E100DF96D9 /* bulbasaur_attack2_0045.png */,
				7022DCC41C6FA3E100DF96D9 /* bulbasaur_attack2_0046.png */,
				7022DCC51C6FA3E100DF96D9 /* bulbasaur_attack2_0047.png */,
				7022DCC61C6FA3E100DF96D9 /* bulbasaur_attack2_0048.png */,
				7022DCC71C6FA3E100DF96D9 /* bulbasaur_attack2_0049.png */,
				7022DCC81C6FA3E100DF96D9 /* bulbasaur_attack2_0050.png */,
				7022DCC91C6FA3E100DF96D9 /* bulbasaur_attack2_0051.png */,
				7022DCCA1C6FA3E100DF96D9 /* bulbasaur_attack2_0052.png */,
				7022DCCB1C6FA3E100DF96D9 /* bulbasaur_attack2_0053.png */,
				7022DCCC1C6FA3E100DF96D9 /* bulbasaur_attack2_0054.png */,
				7022DCCD1C6FA3E100DF96D9 /* bulbasaur_attack2_0055.png */,
				7022DCCE1C6FA3E100DF96D9 /* bulbasaur_attack2_0056.png */,
				7022DCCF1C6FA3E100DF96D9 /* bulbasaur_attack2_0057.png */,
				7022DCD01C6FA3E100DF96D9 /* bulbasaur_attack2_0058.png */,
				7022DCD11C6FA3E100DF96D9 /* bulbasaur_attack2_0059.png */,
				7022DCD21C6FA3E100DF96D9 /* bulbasaur_attack2_0060.png */,
				7022DCD31C6FA3E100DF96D9 /* bulbasaur_attack2_0061.png */,
				7022DCD41C6FA3E100DF96D9 /* bulbasaur_attack2_0062.png */,
				7022DCD51C6FA3E100DF96D9 /* bulbasaur_attack2_0063.png */,
				7022DCD61C6FA3E100DF96D9 /* bulbasaur_attack2_0064.png */,
				7022DCD71C6FA3E100DF96D9 /* bulbasaur_attack2_0065.png */,
				7022DCD81C6FA3E100DF96D9 /* bulbasaur_attack2_0066.png */,
			);
			path = "Attack 2";
			sourceTree = "<group>";
		};
		7022DCD91C6FA3E100DF96D9 /* Idle */ = {
			isa = PBXGroup;
			children = (
				7022DCDA1C6FA3E100DF96D9 /* bulbasaur_idle_0001.png */,
				7022DCDB1C6FA3E100DF96D9 /* bulbasaur_idle_0002.png */,
				7022DCDC1C6FA3E100DF96D9 /* bulbasaur_idle_0003.png */,
				7022DCDD1C6FA3E100DF96D9 /* bulbasaur_idle_0004.png */,
				7022DCDE1C6FA3E100DF96D9 /* bulbasaur_idle_0005.png */,
				7022DCDF1C6FA3E100DF96D9 /* bulbasaur_idle_0006.png */,
				7022DCE01C6FA3E100DF96D9 /* bulbasaur_idle_0007.png */,
				7022DCE11C6FA3E100DF96D9 /* bulbasaur_idle_0008.png */,
				7022DCE21C6FA3E100DF96D9 /* bulbasaur_idle_0009.png */,
				7022DCE31C6FA3E100DF96D9 /* bulbasaur_idle_0010.png */,
				7022DCE41C6FA3E100DF96D9 /* bulbasaur_idle_0011.png */,
				7022DCE51C6FA3E100DF96D9 /* bulbasaur_idle_0012.png */,
				7022DCE61C6FA3E100DF96D9 /* bulbasaur_idle_0013.png */,
				7022DCE71C6FA3E100DF96D9 /* bulbasaur_idle_0014.png */,
				7022DCE81C6FA3E100DF96D9 /* bulbasaur_idle_0015.png */,
				7022DCE91C6FA3E100DF96D9 /* bulbasaur_idle_0016.png */,
				7022DCEA1C6FA3E100DF96D9 /* bulbasaur_idle_0017.png */,
				7022DCEB1C6FA3E100DF96D9 /* bulbasaur_idle_0018.png */,
				7022DCEC1C6FA3E100DF96D9 /* bulbasaur_idle_0019.png */,
				7022DCED1C6FA3E100DF96D9 /* bulbasaur_idle_0020.png */,
				7022DCEE1C6FA3E100DF96D9 /* bulbasaur_idle_0021.png */,
				7022DCEF1C6FA3E100DF96D9 /* bulbasaur_idle_0022.png */,
				7022DCF01C6FA3E100DF96D9 /* bulbasaur_idle_0023.png */,
				7022DCF11C6FA3E100DF96D9 /* bulbasaur_idle_0024.png */,
				7022DCF21C6FA3E100DF96D9 /* bulbasaur_idle_0025.png */,
				7022DCF31C6FA3E100DF96D9 /* bulbasaur_idle_0026.png */,
				7022DCF41C6FA3E100DF96D9 /* bulbasaur_idle_0027.png */,
				7022DCF51C6FA3E100DF96D9 /* bulbasaur_idle_0028.png */,
				7022DCF61C6FA3E100DF96D9 /* bulbasaur_idle_0029.png */,
				7022DCF71C6FA3E100DF96D9 /* bulbasaur_idle_0030.png */,
				7022DCF81C6FA3E100DF96D9 /* bulbasaur_idle_0031.png */,
				7022DCF91C6FA3E100DF96D9 /* bulbasaur_idle_0032.png */,
				7022DCFA1C6FA3E100DF96D9 /* bulbasaur_idle_0033.png */,
				7022DCFB1C6FA3E100DF96D9 /* bulbasaur_idle_0034.png */,
				7022DCFC1C6FA3E100DF96D9 /* bulbasaur_idle_0035.png */,
				7022DCFD1C6FA3E100DF96D9 /* bulbasaur_idle_0036.png */,
				7022DCFE1C6FA3E100DF96D9 /* bulbasaur_idle_0037.png */,
				7022DCFF1C6FA3E100DF96D9 /* bulbasaur_idle_0038.png */,
				7022DD001C6FA3E100DF96D9 /* bulbasaur_idle_0039.png */,
				7022DD011C6FA3E100DF96D9 /* bulbasaur_idle_0040.png */,
				7022DD021C6FA3E100DF96D9 /* bulbasaur_idle_0041.png */,
			);
			path = Idle;
			sourceTree = "<group>";
		};
		704C8C511C6EA45300306397 = {
			isa = PBXGroup;
			children = (
				704C8C5C1C6EA45300306397 /* Pokedex */,
				704C8C5B1C6EA45300306397 /* Products */,
			);
			sourceTree = "<group>";
		};
		704C8C5B1C6EA45300306397 /* Products */ = {
			isa = PBXGroup;
			children = (
				704C8C5A1C6EA45300306397 /* Pokedex.app */,
			);
			name = Products;
			sourceTree = "<group>";
		};
		704C8C5C1C6EA45300306397 /* Pokedex */ = {
			isa = PBXGroup;
			children = (
				704C8C6F1C6EC66500306397 /* Models */,
				704C8C701C6EC66C00306397 /* Controles */,
				704C8C711C6EC68B00306397 /* Recursos */,
				704C8C5D1C6EA45300306397 /* AppDelegate.swift */,
				704C8C5F1C6EA45300306397 /* ViewController.swift */,
				704C8C611C6EA45300306397 /* Main.storyboard */,
				704C8C641C6EA45300306397 /* Assets.xcassets */,
				704C8C661C6EA45300306397 /* LaunchScreen.storyboard */,
				704C8C691C6EA45300306397 /* Info.plist */,
			);
			path = Pokedex;
			sourceTree = "<group>";
		};
		704C8C6F1C6EC66500306397 /* Models */ = {
			isa = PBXGroup;
			children = (
				7022DC5D1C6FA16000DF96D9 /* Pokemon.swift */,
				7022DC5F1C6FA1F700DF96D9 /* Attack.swift */,
			);
			path = Models;
			sourceTree = "<group>";
		};
		704C8C701C6EC66C00306397 /* Controles */ = {
			isa = PBXGroup;
			children = (
			);
			path = Controles;
			sourceTree = "<group>";
		};
		704C8C711C6EC68B00306397 /* Recursos */ = {
			isa = PBXGroup;
			children = (
				7022DC611C6FA3E100DF96D9 /* Bulbasaur 2 */,
			);
			path = Recursos;
			sourceTree = "<group>";
		};
/* End PBXGroup section */

/* Begin PBXNativeTarget section */
		704C8C591C6EA45300306397 /* Pokedex */ = {
			isa = PBXNativeTarget;
			buildConfigurationList = 704C8C6C1C6EA45300306397 /* Build configuration list for PBXNativeTarget "Pokedex" */;
			buildPhases = (
				704C8C561C6EA45300306397 /* Sources */,
				704C8C571C6EA45300306397 /* Frameworks */,
				704C8C581C6EA45300306397 /* Resources */,
			);
			buildRules = (
			);
			dependencies = (
			);
			name = Pokedex;
			productName = Pokedex;
			productReference = 704C8C5A1C6EA45300306397 /* Pokedex.app */;
			productType = "com.apple.product-type.application";
		};
/* End PBXNativeTarget section */

/* Begin PBXProject section */
		704C8C521C6EA45300306397 /* Project object */ = {
			isa = PBXProject;
			attributes = {
				LastSwiftUpdateCheck = 0720;
				LastUpgradeCheck = 0720;
				ORGANIZATIONNAME = wecarrasco;
				TargetAttributes = {
					704C8C591C6EA45300306397 = {
						CreatedOnToolsVersion = 7.2.1;
						DevelopmentTeam = 6ZJFRFBX46;
					};
				};
			};
			buildConfigurationList = 704C8C551C6EA45300306397 /* Build configuration list for PBXProject "Pokedex" */;
			compatibilityVersion = "Xcode 3.2";
			developmentRegion = English;
			hasScannedForEncodings = 0;
			knownRegions = (
				en,
				Base,
			);
			mainGroup = 704C8C511C6EA45300306397;
			productRefGroup = 704C8C5B1C6EA45300306397 /* Products */;
			projectDirPath = "";
			projectRoot = "";
			targets = (
				704C8C591C6EA45300306397 /* Pokedex */,
			);
		};
/* End PBXProject section */

/* Begin PBXResourcesBuildPhase section */
		704C8C581C6EA45300306397 /* Resources */ = {
			isa = PBXResourcesBuildPhase;
			buildActionMask = 2147483647;
			files = (
				7022DD711C6FA3E100DF96D9 /* bulbasaur_attack2_0060.png in Resources */,
				7022DD1F1C6FA3E100DF96D9 /* bulbasaur_attack1_0029.png in Resources */,
				7022DD191C6FA3E100DF96D9 /* bulbasaur_attack1_0023.png in Resources */,
				7022DD331C6FA3E100DF96D9 /* bulbasaur_attack1_0049.png in Resources */,
				7022DD181C6FA3E100DF96D9 /* bulbasaur_attack1_0022.png in Resources */,
				7022DD8B1C6FA3E100DF96D9 /* bulbasaur_idle_0020.png in Resources */,
				7022DD391C6FA3E100DF96D9 /* bulbasaur_attack2_0004.png in Resources */,
				7022DD9A1C6FA3E100DF96D9 /* bulbasaur_idle_0035.png in Resources */,
				7022DD051C6FA3E100DF96D9 /* bulbasaur_attack1_0003.png in Resources */,
				7022DD4B1C6FA3E100DF96D9 /* bulbasaur_attack2_0022.png in Resources */,
				7022DD351C6FA3E100DF96D9 /* bulbasaur_attack1_0051.png in Resources */,
				7022DD6C1C6FA3E100DF96D9 /* bulbasaur_attack2_0055.png in Resources */,
				7022DD7A1C6FA3E100DF96D9 /* bulbasaur_idle_0003.png in Resources */,
				7022DD5D1C6FA3E100DF96D9 /* bulbasaur_attack2_0040.png in Resources */,
				7022DD641C6FA3E100DF96D9 /* bulbasaur_attack2_0047.png in Resources */,
				7022DD651C6FA3E100DF96D9 /* bulbasaur_attack2_0048.png in Resources */,
				7022DD901C6FA3E100DF96D9 /* bulbasaur_idle_0025.png in Resources */,
				7022DD871C6FA3E100DF96D9 /* bulbasaur_idle_0016.png in Resources */,
				7022DD2D1C6FA3E100DF96D9 /* bulbasaur_attack1_0043.png in Resources */,
				7022DD151C6FA3E100DF96D9 /* bulbasaur_attack1_0019.png in Resources */,
				7022DD251C6FA3E100DF96D9 /* bulbasaur_attack1_0035.png in Resources */,
				7022DD521C6FA3E100DF96D9 /* bulbasaur_attack2_0029.png in Resources */,
				7022DD381C6FA3E100DF96D9 /* bulbasaur_attack2_0003.png in Resources */,
				7022DD771C6FA3E100DF96D9 /* bulbasaur_attack2_0066.png in Resources */,
				7022DD2B1C6FA3E100DF96D9 /* bulbasaur_attack1_0041.png in Resources */,
				7022DD3B1C6FA3E100DF96D9 /* bulbasaur_attack2_0006.png in Resources */,
				7022DD801C6FA3E100DF96D9 /* bulbasaur_idle_0009.png in Resources */,
				7022DD4F1C6FA3E100DF96D9 /* bulbasaur_attack2_0026.png in Resources */,
				7022DD6E1C6FA3E100DF96D9 /* bulbasaur_attack2_0057.png in Resources */,
				7022DD601C6FA3E100DF96D9 /* bulbasaur_attack2_0043.png in Resources */,
				7022DD8A1C6FA3E100DF96D9 /* bulbasaur_idle_0019.png in Resources */,
				7022DD2C1C6FA3E100DF96D9 /* bulbasaur_attack1_0042.png in Resources */,
				704C8C681C6EA45300306397 /* LaunchScreen.storyboard in Resources */,
				7022DD951C6FA3E100DF96D9 /* bulbasaur_idle_0030.png in Resources */,
				7022DD3C1C6FA3E100DF96D9 /* bulbasaur_attack2_0007.png in Resources */,
				7022DD891C6FA3E100DF96D9 /* bulbasaur_idle_0018.png in Resources */,
				7022DD881C6FA3E100DF96D9 /* bulbasaur_idle_0017.png in Resources */,
				7022DD551C6FA3E100DF96D9 /* bulbasaur_attack2_0032.png in Resources */,
				7022DD831C6FA3E100DF96D9 /* bulbasaur_idle_0012.png in Resources */,
				7022DD361C6FA3E100DF96D9 /* bulbasaur_attack2_0001.png in Resources */,
				7022DD721C6FA3E100DF96D9 /* bulbasaur_attack2_0061.png in Resources */,
				7022DD941C6FA3E100DF96D9 /* bulbasaur_idle_0029.png in Resources */,
				7022DD481C6FA3E100DF96D9 /* bulbasaur_attack2_0019.png in Resources */,
				7022DD4C1C6FA3E100DF96D9 /* bulbasaur_attack2_0023.png in Resources */,
				7022DD221C6FA3E100DF96D9 /* bulbasaur_attack1_0032.png in Resources */,
				7022DD071C6FA3E100DF96D9 /* bulbasaur_attack1_0005.png in Resources */,
				7022DD0D1C6FA3E100DF96D9 /* bulbasaur_attack1_0011.png in Resources */,
				7022DD541C6FA3E100DF96D9 /* bulbasaur_attack2_0031.png in Resources */,
				7022DD8E1C6FA3E100DF96D9 /* bulbasaur_idle_0023.png in Resources */,
				7022DD7D1C6FA3E100DF96D9 /* bulbasaur_idle_0006.png in Resources */,
				7022DD5F1C6FA3E100DF96D9 /* bulbasaur_attack2_0042.png in Resources */,
				7022DD791C6FA3E100DF96D9 /* bulbasaur_idle_0002.png in Resources */,
				7022DD3D1C6FA3E100DF96D9 /* bulbasaur_attack2_0008.png in Resources */,
				7022DD371C6FA3E100DF96D9 /* bulbasaur_attack2_0002.png in Resources */,
				7022DD5B1C6FA3E100DF96D9 /* bulbasaur_attack2_0038.png in Resources */,
				7022DD441C6FA3E100DF96D9 /* bulbasaur_attack2_0015.png in Resources */,
				7022DD1E1C6FA3E100DF96D9 /* bulbasaur_attack1_0028.png in Resources */,
				7022DD461C6FA3E100DF96D9 /* bulbasaur_attack2_0017.png in Resources */,
				7022DD7C1C6FA3E100DF96D9 /* bulbasaur_idle_0005.png in Resources */,
				7022DD631C6FA3E100DF96D9 /* bulbasaur_attack2_0046.png in Resources */,
				7022DD8D1C6FA3E100DF96D9 /* bulbasaur_idle_0022.png in Resources */,
				7022DD491C6FA3E100DF96D9 /* bulbasaur_attack2_0020.png in Resources */,
				7022DD0E1C6FA3E100DF96D9 /* bulbasaur_attack1_0012.png in Resources */,
				7022DD1B1C6FA3E100DF96D9 /* bulbasaur_attack1_0025.png in Resources */,
				7022DD751C6FA3E100DF96D9 /* bulbasaur_attack2_0064.png in Resources */,
				7022DD4A1C6FA3E100DF96D9 /* bulbasaur_attack2_0021.png in Resources */,
				7022DD0A1C6FA3E100DF96D9 /* bulbasaur_attack1_0008.png in Resources */,
				7022DD741C6FA3E100DF96D9 /* bulbasaur_attack2_0063.png in Resources */,
				7022DD961C6FA3E100DF96D9 /* bulbasaur_idle_0031.png in Resources */,
				7022DD101C6FA3E100DF96D9 /* bulbasaur_attack1_0014.png in Resources */,
				7022DD241C6FA3E100DF96D9 /* bulbasaur_attack1_0034.png in Resources */,
				7022DD5E1C6FA3E100DF96D9 /* bulbasaur_attack2_0041.png in Resources */,
				7022DD781C6FA3E100DF96D9 /* bulbasaur_idle_0001.png in Resources */,
				7022DD3A1C6FA3E100DF96D9 /* bulbasaur_attack2_0005.png in Resources */,
				7022DD581C6FA3E100DF96D9 /* bulbasaur_attack2_0035.png in Resources */,
				7022DD9F1C6FA3E100DF96D9 /* bulbasaur_idle_0040.png in Resources */,
				7022DD911C6FA3E100DF96D9 /* bulbasaur_idle_0026.png in Resources */,
				7022DD471C6FA3E100DF96D9 /* bulbasaur_attack2_0018.png in Resources */,
				7022DD171C6FA3E100DF96D9 /* bulbasaur_attack1_0021.png in Resources */,
				7022DD1A1C6FA3E100DF96D9 /* bulbasaur_attack1_0024.png in Resources */,
				7022DD921C6FA3E100DF96D9 /* bulbasaur_idle_0027.png in Resources */,
				7022DD9B1C6FA3E100DF96D9 /* bulbasaur_idle_0036.png in Resources */,
				704C8C651C6EA45300306397 /* Assets.xcassets in Resources */,
				7022DD5A1C6FA3E100DF96D9 /* bulbasaur_attack2_0037.png in Resources */,
				7022DD591C6FA3E100DF96D9 /* bulbasaur_attack2_0036.png in Resources */,
				7022DD9D1C6FA3E100DF96D9 /* bulbasaur_idle_0038.png in Resources */,
				7022DD121C6FA3E100DF96D9 /* bulbasaur_attack1_0016.png in Resources */,
				7022DD6D1C6FA3E100DF96D9 /* bulbasaur_attack2_0056.png in Resources */,
				7022DD931C6FA3E100DF96D9 /* bulbasaur_idle_0028.png in Resources */,
				7022DD281C6FA3E100DF96D9 /* bulbasaur_attack1_0038.png in Resources */,
				7022DD991C6FA3E100DF96D9 /* bulbasaur_idle_0034.png in Resources */,
				7022DD131C6FA3E100DF96D9 /* bulbasaur_attack1_0017.png in Resources */,
				7022DDA01C6FA3E100DF96D9 /* bulbasaur_idle_0041.png in Resources */,
				7022DD7E1C6FA3E100DF96D9 /* bulbasaur_idle_0007.png in Resources */,
				7022DD5C1C6FA3E100DF96D9 /* bulbasaur_attack2_0039.png in Resources */,
				7022DD531C6FA3E100DF96D9 /* bulbasaur_attack2_0030.png in Resources */,
				7022DD4E1C6FA3E100DF96D9 /* bulbasaur_attack2_0025.png in Resources */,
				7022DD301C6FA3E100DF96D9 /* bulbasaur_attack1_0046.png in Resources */,
				7022DD821C6FA3E100DF96D9 /* bulbasaur_idle_0011.png in Resources */,
				7022DD681C6FA3E100DF96D9 /* bulbasaur_attack2_0051.png in Resources */,
				7022DD691C6FA3E100DF96D9 /* bulbasaur_attack2_0052.png in Resources */,
				7022DD4D1C6FA3E100DF96D9 /* bulbasaur_attack2_0024.png in Resources */,
				7022DD561C6FA3E100DF96D9 /* bulbasaur_attack2_0033.png in Resources */,
				7022DD501C6FA3E100DF96D9 /* bulbasaur_attack2_0027.png in Resources */,
				7022DD141C6FA3E100DF96D9 /* bulbasaur_attack1_0018.png in Resources */,
				7022DD031C6FA3E100DF96D9 /* bulbasaur_attack1_0001.png in Resources */,
				7022DD0B1C6FA3E100DF96D9 /* bulbasaur_attack1_0009.png in Resources */,
				7022DD1C1C6FA3E100DF96D9 /* bulbasaur_attack1_0026.png in Resources */,
				7022DD1D1C6FA3E100DF96D9 /* bulbasaur_attack1_0027.png in Resources */,
				7022DD7B1C6FA3E100DF96D9 /* bulbasaur_idle_0004.png in Resources */,
				7022DD291C6FA3E100DF96D9 /* bulbasaur_attack1_0039.png in Resources */,
				7022DD311C6FA3E100DF96D9 /* bulbasaur_attack1_0047.png in Resources */,
				7022DD411C6FA3E100DF96D9 /* bulbasaur_attack2_0012.png in Resources */,
				7022DD621C6FA3E100DF96D9 /* bulbasaur_attack2_0045.png in Resources */,
				7022DD971C6FA3E100DF96D9 /* bulbasaur_idle_0032.png in Resources */,
				7022DD571C6FA3E100DF96D9 /* bulbasaur_attack2_0034.png in Resources */,
				7022DD401C6FA3E100DF96D9 /* bulbasaur_attack2_0011.png in Resources */,
				7022DD0F1C6FA3E100DF96D9 /* bulbasaur_attack1_0013.png in Resources */,
				7022DD661C6FA3E100DF96D9 /* bulbasaur_attack2_0049.png in Resources */,
				7022DD6F1C6FA3E100DF96D9 /* bulbasaur_attack2_0058.png in Resources */,
				7022DD261C6FA3E100DF96D9 /* bulbasaur_attack1_0036.png in Resources */,
				7022DD041C6FA3E100DF96D9 /* bulbasaur_attack1_0002.png in Resources */,
				7022DD081C6FA3E100DF96D9 /* bulbasaur_attack1_0006.png in Resources */,
				7022DD231C6FA3E100DF96D9 /* bulbasaur_attack1_0033.png in Resources */,
				7022DD271C6FA3E100DF96D9 /* bulbasaur_attack1_0037.png in Resources */,
				7022DD611C6FA3E100DF96D9 /* bulbasaur_attack2_0044.png in Resources */,
				7022DD421C6FA3E100DF96D9 /* bulbasaur_attack2_0013.png in Resources */,
				7022DD511C6FA3E100DF96D9 /* bulbasaur_attack2_0028.png in Resources */,
				7022DD981C6FA3E100DF96D9 /* bulbasaur_idle_0033.png in Resources */,
				7022DD111C6FA3E100DF96D9 /* bulbasaur_attack1_0015.png in Resources */,
				7022DD851C6FA3E100DF96D9 /* bulbasaur_idle_0014.png in Resources */,
				7022DD211C6FA3E100DF96D9 /* bulbasaur_attack1_0031.png in Resources */,
				7022DD3E1C6FA3E100DF96D9 /* bulbasaur_attack2_0009.png in Resources */,
				7022DD431C6FA3E100DF96D9 /* bulbasaur_attack2_0014.png in Resources */,
				7022DD731C6FA3E100DF96D9 /* bulbasaur_attack2_0062.png in Resources */,
				7022DD061C6FA3E100DF96D9 /* bulbasaur_attack1_0004.png in Resources */,
				7022DD091C6FA3E100DF96D9 /* bulbasaur_attack1_0007.png in Resources */,
				7022DD7F1C6FA3E100DF96D9 /* bulbasaur_idle_0008.png in Resources */,
				7022DD161C6FA3E100DF96D9 /* bulbasaur_attack1_0020.png in Resources */,
				7022DD861C6FA3E100DF96D9 /* bulbasaur_idle_0015.png in Resources */,
				7022DD6B1C6FA3E100DF96D9 /* bulbasaur_attack2_0054.png in Resources */,
				7022DD3F1C6FA3E100DF96D9 /* bulbasaur_attack2_0010.png in Resources */,
				7022DD201C6FA3E100DF96D9 /* bulbasaur_attack1_0030.png in Resources */,
				704C8C631C6EA45300306397 /* Main.storyboard in Resources */,
				7022DD451C6FA3E100DF96D9 /* bulbasaur_attack2_0016.png in Resources */,
				7022DD321C6FA3E100DF96D9 /* bulbasaur_attack1_0048.png in Resources */,
				7022DD2A1C6FA3E100DF96D9 /* bulbasaur_attack1_0040.png in Resources */,
				7022DD6A1C6FA3E100DF96D9 /* bulbasaur_attack2_0053.png in Resources */,
				7022DD9E1C6FA3E100DF96D9 /* bulbasaur_idle_0039.png in Resources */,
				7022DD9C1C6FA3E100DF96D9 /* bulbasaur_idle_0037.png in Resources */,
				7022DD811C6FA3E100DF96D9 /* bulbasaur_idle_0010.png in Resources */,
				7022DD841C6FA3E100DF96D9 /* bulbasaur_idle_0013.png in Resources */,
				7022DD671C6FA3E100DF96D9 /* bulbasaur_attack2_0050.png in Resources */,
				7022DD341C6FA3E100DF96D9 /* bulbasaur_attack1_0050.png in Resources */,
				7022DD2E1C6FA3E100DF96D9 /* bulbasaur_attack1_0044.png in Resources */,
				7022DD2F1C6FA3E100DF96D9 /* bulbasaur_attack1_0045.png in Resources */,
				7022DD761C6FA3E100DF96D9 /* bulbasaur_attack2_0065.png in Resources */,
				7022DD8C1C6FA3E100DF96D9 /* bulbasaur_idle_0021.png in Resources */,
				7022DD8F1C6FA3E100DF96D9 /* bulbasaur_idle_0024.png in Resources */,
				7022DD701C6FA3E100DF96D9 /* bulbasaur_attack2_0059.png in Resources */,
				7022DD0C1C6FA3E100DF96D9 /* bulbasaur_attack1_0010.png in Resources */,
			);
			runOnlyForDeploymentPostprocessing = 0;
		};
/* End PBXResourcesBuildPhase section */

/* Begin PBXSourcesBuildPhase section */
		704C8C561C6EA45300306397 /* Sources */ = {
			isa = PBXSourcesBuildPhase;
			buildActionMask = 2147483647;
			files = (
				704C8C601C6EA45300306397 /* ViewController.swift in Sources */,
				704C8C5E1C6EA45300306397 /* AppDelegate.swift in Sources */,
				7022DC5E1C6FA16000DF96D9 /* Pokemon.swift in Sources */,
				7022DC601C6FA1F700DF96D9 /* Attack.swift in Sources */,
			);
			runOnlyForDeploymentPostprocessing = 0;
		};
/* End PBXSourcesBuildPhase section */

/* Begin PBXVariantGroup section */
		704C8C611C6EA45300306397 /* Main.storyboard */ = {
			isa = PBXVariantGroup;
			children = (
				704C8C621C6EA45300306397 /* Base */,
			);
			name = Main.storyboard;
			sourceTree = "<group>";
		};
		704C8C661C6EA45300306397 /* LaunchScreen.storyboard */ = {
			isa = PBXVariantGroup;
			children = (
				704C8C671C6EA45300306397 /* Base */,
			);
			name = LaunchScreen.storyboard;
			sourceTree = "<group>";
		};
/* End PBXVariantGroup section */

/* Begin XCBuildConfiguration section */
		704C8C6A1C6EA45300306397 /* Debug */ = {
			isa = XCBuildConfiguration;
			buildSettings = {
				ALWAYS_SEARCH_USER_PATHS = NO;
				CLANG_CXX_LANGUAGE_STANDARD = "gnu++0x";
				CLANG_CXX_LIBRARY = "libc++";
				CLANG_ENABLE_MODULES = YES;
				CLANG_ENABLE_OBJC_ARC = YES;
				CLANG_WARN_BOOL_CONVERSION = YES;
				CLANG_WARN_CONSTANT_CONVERSION = YES;
				CLANG_WARN_DIRECT_OBJC_ISA_USAGE = YES_ERROR;
				CLANG_WARN_EMPTY_BODY = YES;
				CLANG_WARN_ENUM_CONVERSION = YES;
				CLANG_WARN_INT_CONVERSION = YES;
				CLANG_WARN_OBJC_ROOT_CLASS = YES_ERROR;
				CLANG_WARN_UNREACHABLE_CODE = YES;
				CLANG_WARN__DUPLICATE_METHOD_MATCH = YES;
				"CODE_SIGN_IDENTITY[sdk=iphoneos*]" = "iPhone Developer";
				COPY_PHASE_STRIP = NO;
				DEBUG_INFORMATION_FORMAT = dwarf;
				ENABLE_STRICT_OBJC_MSGSEND = YES;
				ENABLE_TESTABILITY = YES;
				GCC_C_LANGUAGE_STANDARD = gnu99;
				GCC_DYNAMIC_NO_PIC = NO;
				GCC_NO_COMMON_BLOCKS = YES;
				GCC_OPTIMIZATION_LEVEL = 0;
				GCC_PREPROCESSOR_DEFINITIONS = (
					"DEBUG=1",
					"$(inherited)",
				);
				GCC_WARN_64_TO_32_BIT_CONVERSION = YES;
				GCC_WARN_ABOUT_RETURN_TYPE = YES_ERROR;
				GCC_WARN_UNDECLARED_SELECTOR = YES;
				GCC_WARN_UNINITIALIZED_AUTOS = YES_AGGRESSIVE;
				GCC_WARN_UNUSED_FUNCTION = YES;
				GCC_WARN_UNUSED_VARIABLE = YES;
				IPHONEOS_DEPLOYMENT_TARGET = 9.2;
				MTL_ENABLE_DEBUG_INFO = YES;
				ONLY_ACTIVE_ARCH = YES;
				SDKROOT = iphoneos;
				SWIFT_OPTIMIZATION_LEVEL = "-Onone";
				TARGETED_DEVICE_FAMILY = "1,2";
			};
			name = Debug;
		};
		704C8C6B1C6EA45300306397 /* Release */ = {
			isa = XCBuildConfiguration;
			buildSettings = {
				ALWAYS_SEARCH_USER_PATHS = NO;
				CLANG_CXX_LANGUAGE_STANDARD = "gnu++0x";
				CLANG_CXX_LIBRARY = "libc++";
				CLANG_ENABLE_MODULES = YES;
				CLANG_ENABLE_OBJC_ARC = YES;
				CLANG_WARN_BOOL_CONVERSION = YES;
				CLANG_WARN_CONSTANT_CONVERSION = YES;
				CLANG_WARN_DIRECT_OBJC_ISA_USAGE = YES_ERROR;
				CLANG_WARN_EMPTY_BODY = YES;
				CLANG_WARN_ENUM_CONVERSION = YES;
				CLANG_WARN_INT_CONVERSION = YES;
				CLANG_WARN_OBJC_ROOT_CLASS = YES_ERROR;
				CLANG_WARN_UNREACHABLE_CODE = YES;
				CLANG_WARN__DUPLICATE_METHOD_MATCH = YES;
				"CODE_SIGN_IDENTITY[sdk=iphoneos*]" = "iPhone Developer";
				COPY_PHASE_STRIP = NO;
				DEBUG_INFORMATION_FORMAT = "dwarf-with-dsym";
				ENABLE_NS_ASSERTIONS = NO;
				ENABLE_STRICT_OBJC_MSGSEND = YES;
				GCC_C_LANGUAGE_STANDARD = gnu99;
				GCC_NO_COMMON_BLOCKS = YES;
				GCC_WARN_64_TO_32_BIT_CONVERSION = YES;
				GCC_WARN_ABOUT_RETURN_TYPE = YES_ERROR;
				GCC_WARN_UNDECLARED_SELECTOR = YES;
				GCC_WARN_UNINITIALIZED_AUTOS = YES_AGGRESSIVE;
				GCC_WARN_UNUSED_FUNCTION = YES;
				GCC_WARN_UNUSED_VARIABLE = YES;
				IPHONEOS_DEPLOYMENT_TARGET = 9.2;
				MTL_ENABLE_DEBUG_INFO = NO;
				SDKROOT = iphoneos;
				TARGETED_DEVICE_FAMILY = "1,2";
				VALIDATE_PRODUCT = YES;
			};
			name = Release;
		};
		704C8C6D1C6EA45300306397 /* Debug */ = {
			isa = XCBuildConfiguration;
			buildSettings = {
				ASSETCATALOG_COMPILER_APPICON_NAME = AppIcon;
				INFOPLIST_FILE = Pokedex/Info.plist;
				IPHONEOS_DEPLOYMENT_TARGET = 8.1;
				LD_RUNPATH_SEARCH_PATHS = "$(inherited) @executable_path/Frameworks";
				PRODUCT_BUNDLE_IDENTIFIER = com.wecarrasco.Pokedex;
				PRODUCT_NAME = "$(TARGET_NAME)";
			};
			name = Debug;
		};
		704C8C6E1C6EA45300306397 /* Release */ = {
			isa = XCBuildConfiguration;
			buildSettings = {
				ASSETCATALOG_COMPILER_APPICON_NAME = AppIcon;
				INFOPLIST_FILE = Pokedex/Info.plist;
				IPHONEOS_DEPLOYMENT_TARGET = 8.1;
				LD_RUNPATH_SEARCH_PATHS = "$(inherited) @executable_path/Frameworks";
				PRODUCT_BUNDLE_IDENTIFIER = com.wecarrasco.Pokedex;
				PRODUCT_NAME = "$(TARGET_NAME)";
			};
			name = Release;
		};
/* End XCBuildConfiguration section */

/* Begin XCConfigurationList section */
		704C8C551C6EA45300306397 /* Build configuration list for PBXProject "Pokedex" */ = {
			isa = XCConfigurationList;
			buildConfigurations = (
				704C8C6A1C6EA45300306397 /* Debug */,
				704C8C6B1C6EA45300306397 /* Release */,
			);
			defaultConfigurationIsVisible = 0;
			defaultConfigurationName = Release;
		};
		704C8C6C1C6EA45300306397 /* Build configuration list for PBXNativeTarget "Pokedex" */ = {
			isa = XCConfigurationList;
			buildConfigurations = (
				704C8C6D1C6EA45300306397 /* Debug */,
				704C8C6E1C6EA45300306397 /* Release */,
			);
			defaultConfigurationIsVisible = 0;
			defaultConfigurationName = Release;
		};
/* End XCConfigurationList section */
	};
	rootObject = 704C8C521C6EA45300306397 /* Project object */;
}
