// !$*UTF8*$!
{
	archiveVersion = 1;
	classes = {
	};
	objectVersion = 46;
	objects = {

/* Begin PBXBuildFile section */
		704C8C5E1C6EA45300306397 /* AppDelegate.swift in Sources */ = {isa = PBXBuildFile; fileRef = 704C8C5D1C6EA45300306397 /* AppDelegate.swift */; };
		704C8C601C6EA45300306397 /* ViewController.swift in Sources */ = {isa = PBXBuildFile; fileRef = 704C8C5F1C6EA45300306397 /* ViewController.swift */; };
		704C8C631C6EA45300306397 /* Main.storyboard in Resources */ = {isa = PBXBuildFile; fileRef = 704C8C611C6EA45300306397 /* Main.storyboard */; };
		704C8C651C6EA45300306397 /* Assets.xcassets in Resources */ = {isa = PBXBuildFile; fileRef = 704C8C641C6EA45300306397 /* Assets.xcassets */; };
		704C8C681C6EA45300306397 /* LaunchScreen.storyboard in Resources */ = {isa = PBXBuildFile; fileRef = 704C8C661C6EA45300306397 /* LaunchScreen.storyboard */; };
		704C8D141C6EC72000306397 /* Attack1_0001.png in Resources */ = {isa = PBXBuildFile; fileRef = 704C8C741C6EC72000306397 /* Attack1_0001.png */; };
		704C8D151C6EC72000306397 /* Attack1_0002.png in Resources */ = {isa = PBXBuildFile; fileRef = 704C8C751C6EC72000306397 /* Attack1_0002.png */; };
		704C8D161C6EC72000306397 /* Attack1_0003.png in Resources */ = {isa = PBXBuildFile; fileRef = 704C8C761C6EC72000306397 /* Attack1_0003.png */; };
		704C8D171C6EC72000306397 /* Attack1_0004.png in Resources */ = {isa = PBXBuildFile; fileRef = 704C8C771C6EC72000306397 /* Attack1_0004.png */; };
		704C8D181C6EC72000306397 /* Attack1_0005.png in Resources */ = {isa = PBXBuildFile; fileRef = 704C8C781C6EC72000306397 /* Attack1_0005.png */; };
		704C8D191C6EC72000306397 /* Attack1_0006.png in Resources */ = {isa = PBXBuildFile; fileRef = 704C8C791C6EC72000306397 /* Attack1_0006.png */; };
		704C8D1A1C6EC72000306397 /* Attack1_0007.png in Resources */ = {isa = PBXBuildFile; fileRef = 704C8C7A1C6EC72000306397 /* Attack1_0007.png */; };
		704C8D1B1C6EC72000306397 /* Attack1_0008.png in Resources */ = {isa = PBXBuildFile; fileRef = 704C8C7B1C6EC72000306397 /* Attack1_0008.png */; };
		704C8D1C1C6EC72000306397 /* Attack1_0009.png in Resources */ = {isa = PBXBuildFile; fileRef = 704C8C7C1C6EC72000306397 /* Attack1_0009.png */; };
		704C8D1D1C6EC72000306397 /* Attack1_0010.png in Resources */ = {isa = PBXBuildFile; fileRef = 704C8C7D1C6EC72000306397 /* Attack1_0010.png */; };
		704C8D1E1C6EC72000306397 /* Attack1_0011.png in Resources */ = {isa = PBXBuildFile; fileRef = 704C8C7E1C6EC72000306397 /* Attack1_0011.png */; };
		704C8D1F1C6EC72000306397 /* Attack1_0012.png in Resources */ = {isa = PBXBuildFile; fileRef = 704C8C7F1C6EC72000306397 /* Attack1_0012.png */; };
		704C8D201C6EC72000306397 /* Attack1_0013.png in Resources */ = {isa = PBXBuildFile; fileRef = 704C8C801C6EC72000306397 /* Attack1_0013.png */; };
		704C8D211C6EC72000306397 /* Attack1_0014.png in Resources */ = {isa = PBXBuildFile; fileRef = 704C8C811C6EC72000306397 /* Attack1_0014.png */; };
		704C8D221C6EC72000306397 /* Attack1_0015.png in Resources */ = {isa = PBXBuildFile; fileRef = 704C8C821C6EC72000306397 /* Attack1_0015.png */; };
		704C8D231C6EC72000306397 /* Attack1_0016.png in Resources */ = {isa = PBXBuildFile; fileRef = 704C8C831C6EC72000306397 /* Attack1_0016.png */; };
		704C8D241C6EC72000306397 /* Attack1_0017.png in Resources */ = {isa = PBXBuildFile; fileRef = 704C8C841C6EC72000306397 /* Attack1_0017.png */; };
		704C8D251C6EC72000306397 /* Attack1_0018.png in Resources */ = {isa = PBXBuildFile; fileRef = 704C8C851C6EC72000306397 /* Attack1_0018.png */; };
		704C8D261C6EC72000306397 /* Attack1_0019.png in Resources */ = {isa = PBXBuildFile; fileRef = 704C8C861C6EC72000306397 /* Attack1_0019.png */; };
		704C8D271C6EC72000306397 /* Attack1_0020.png in Resources */ = {isa = PBXBuildFile; fileRef = 704C8C871C6EC72000306397 /* Attack1_0020.png */; };
		704C8D281C6EC72000306397 /* Attack1_0021.png in Resources */ = {isa = PBXBuildFile; fileRef = 704C8C881C6EC72000306397 /* Attack1_0021.png */; };
		704C8D291C6EC72000306397 /* Attack1_0022.png in Resources */ = {isa = PBXBuildFile; fileRef = 704C8C891C6EC72000306397 /* Attack1_0022.png */; };
		704C8D2A1C6EC72000306397 /* Attack1_0023.png in Resources */ = {isa = PBXBuildFile; fileRef = 704C8C8A1C6EC72000306397 /* Attack1_0023.png */; };
		704C8D2B1C6EC72000306397 /* Attack1_0024.png in Resources */ = {isa = PBXBuildFile; fileRef = 704C8C8B1C6EC72000306397 /* Attack1_0024.png */; };
		704C8D2C1C6EC72000306397 /* Attack1_0025.png in Resources */ = {isa = PBXBuildFile; fileRef = 704C8C8C1C6EC72000306397 /* Attack1_0025.png */; };
		704C8D2D1C6EC72000306397 /* Attack1_0026.png in Resources */ = {isa = PBXBuildFile; fileRef = 704C8C8D1C6EC72000306397 /* Attack1_0026.png */; };
		704C8D2E1C6EC72000306397 /* Attack1_0027.png in Resources */ = {isa = PBXBuildFile; fileRef = 704C8C8E1C6EC72000306397 /* Attack1_0027.png */; };
		704C8D2F1C6EC72000306397 /* Attack1_0028.png in Resources */ = {isa = PBXBuildFile; fileRef = 704C8C8F1C6EC72000306397 /* Attack1_0028.png */; };
		704C8D301C6EC72000306397 /* Attack1_0029.png in Resources */ = {isa = PBXBuildFile; fileRef = 704C8C901C6EC72000306397 /* Attack1_0029.png */; };
		704C8D311C6EC72000306397 /* Attack1_0030.png in Resources */ = {isa = PBXBuildFile; fileRef = 704C8C911C6EC72000306397 /* Attack1_0030.png */; };
		704C8D321C6EC72000306397 /* Attack1_0031.png in Resources */ = {isa = PBXBuildFile; fileRef = 704C8C921C6EC72000306397 /* Attack1_0031.png */; };
		704C8D331C6EC72000306397 /* Attack1_0032.png in Resources */ = {isa = PBXBuildFile; fileRef = 704C8C931C6EC72000306397 /* Attack1_0032.png */; };
		704C8D341C6EC72000306397 /* Attack1_0033.png in Resources */ = {isa = PBXBuildFile; fileRef = 704C8C941C6EC72000306397 /* Attack1_0033.png */; };
		704C8D351C6EC72000306397 /* Attack1_0034.png in Resources */ = {isa = PBXBuildFile; fileRef = 704C8C951C6EC72000306397 /* Attack1_0034.png */; };
		704C8D361C6EC72000306397 /* Attack1_0035.png in Resources */ = {isa = PBXBuildFile; fileRef = 704C8C961C6EC72000306397 /* Attack1_0035.png */; };
		704C8D371C6EC72000306397 /* Attack1_0036.png in Resources */ = {isa = PBXBuildFile; fileRef = 704C8C971C6EC72000306397 /* Attack1_0036.png */; };
		704C8D381C6EC72000306397 /* Attack1_0037.png in Resources */ = {isa = PBXBuildFile; fileRef = 704C8C981C6EC72000306397 /* Attack1_0037.png */; };
		704C8D391C6EC72000306397 /* Attack1_0038.png in Resources */ = {isa = PBXBuildFile; fileRef = 704C8C991C6EC72000306397 /* Attack1_0038.png */; };
		704C8D3A1C6EC72000306397 /* Attack1_0039.png in Resources */ = {isa = PBXBuildFile; fileRef = 704C8C9A1C6EC72000306397 /* Attack1_0039.png */; };
		704C8D3B1C6EC72000306397 /* Attack1_0040.png in Resources */ = {isa = PBXBuildFile; fileRef = 704C8C9B1C6EC72000306397 /* Attack1_0040.png */; };
		704C8D3C1C6EC72000306397 /* Attack1_0041.png in Resources */ = {isa = PBXBuildFile; fileRef = 704C8C9C1C6EC72000306397 /* Attack1_0041.png */; };
		704C8D3D1C6EC72000306397 /* Attack1_0042.png in Resources */ = {isa = PBXBuildFile; fileRef = 704C8C9D1C6EC72000306397 /* Attack1_0042.png */; };
		704C8D3E1C6EC72000306397 /* Attack1_0043.png in Resources */ = {isa = PBXBuildFile; fileRef = 704C8C9E1C6EC72000306397 /* Attack1_0043.png */; };
		704C8D3F1C6EC72000306397 /* Attack1_0044.png in Resources */ = {isa = PBXBuildFile; fileRef = 704C8C9F1C6EC72000306397 /* Attack1_0044.png */; };
		704C8D401C6EC72000306397 /* Attack1_0045.png in Resources */ = {isa = PBXBuildFile; fileRef = 704C8CA01C6EC72000306397 /* Attack1_0045.png */; };
		704C8D411C6EC72000306397 /* Attack1_0046.png in Resources */ = {isa = PBXBuildFile; fileRef = 704C8CA11C6EC72000306397 /* Attack1_0046.png */; };
		704C8D421C6EC72000306397 /* Attack1_0047.png in Resources */ = {isa = PBXBuildFile; fileRef = 704C8CA21C6EC72000306397 /* Attack1_0047.png */; };
		704C8D431C6EC72000306397 /* Attack1_0048.png in Resources */ = {isa = PBXBuildFile; fileRef = 704C8CA31C6EC72000306397 /* Attack1_0048.png */; };
		704C8D441C6EC72000306397 /* Attack1_0049.png in Resources */ = {isa = PBXBuildFile; fileRef = 704C8CA41C6EC72000306397 /* Attack1_0049.png */; };
		704C8D451C6EC72000306397 /* Attack1_0050.png in Resources */ = {isa = PBXBuildFile; fileRef = 704C8CA51C6EC72000306397 /* Attack1_0050.png */; };
		704C8D461C6EC72000306397 /* Attack1_0051.png in Resources */ = {isa = PBXBuildFile; fileRef = 704C8CA61C6EC72000306397 /* Attack1_0051.png */; };
		704C8D471C6EC72000306397 /* Attack_20001.png in Resources */ = {isa = PBXBuildFile; fileRef = 704C8CA81C6EC72000306397 /* Attack_20001.png */; };
		704C8D481C6EC72000306397 /* Attack_20002.png in Resources */ = {isa = PBXBuildFile; fileRef = 704C8CA91C6EC72000306397 /* Attack_20002.png */; };
		704C8D491C6EC72000306397 /* Attack_20003.png in Resources */ = {isa = PBXBuildFile; fileRef = 704C8CAA1C6EC72000306397 /* Attack_20003.png */; };
		704C8D4A1C6EC72000306397 /* Attack_20004.png in Resources */ = {isa = PBXBuildFile; fileRef = 704C8CAB1C6EC72000306397 /* Attack_20004.png */; };
		704C8D4B1C6EC72000306397 /* Attack_20005.png in Resources */ = {isa = PBXBuildFile; fileRef = 704C8CAC1C6EC72000306397 /* Attack_20005.png */; };
		704C8D4C1C6EC72000306397 /* Attack_20006.png in Resources */ = {isa = PBXBuildFile; fileRef = 704C8CAD1C6EC72000306397 /* Attack_20006.png */; };
		704C8D4D1C6EC72000306397 /* Attack_20007.png in Resources */ = {isa = PBXBuildFile; fileRef = 704C8CAE1C6EC72000306397 /* Attack_20007.png */; };
		704C8D4E1C6EC72000306397 /* Attack_20008.png in Resources */ = {isa = PBXBuildFile; fileRef = 704C8CAF1C6EC72000306397 /* Attack_20008.png */; };
		704C8D4F1C6EC72000306397 /* Attack_20009.png in Resources */ = {isa = PBXBuildFile; fileRef = 704C8CB01C6EC72000306397 /* Attack_20009.png */; };
		704C8D501C6EC72000306397 /* Attack_20010.png in Resources */ = {isa = PBXBuildFile; fileRef = 704C8CB11C6EC72000306397 /* Attack_20010.png */; };
		704C8D511C6EC72000306397 /* Attack_20011.png in Resources */ = {isa = PBXBuildFile; fileRef = 704C8CB21C6EC72000306397 /* Attack_20011.png */; };
		704C8D521C6EC72000306397 /* Attack_20012.png in Resources */ = {isa = PBXBuildFile; fileRef = 704C8CB31C6EC72000306397 /* Attack_20012.png */; };
		704C8D531C6EC72000306397 /* Attack_20013.png in Resources */ = {isa = PBXBuildFile; fileRef = 704C8CB41C6EC72000306397 /* Attack_20013.png */; };
		704C8D541C6EC72000306397 /* Attack_20014.png in Resources */ = {isa = PBXBuildFile; fileRef = 704C8CB51C6EC72000306397 /* Attack_20014.png */; };
		704C8D551C6EC72000306397 /* Attack_20015.png in Resources */ = {isa = PBXBuildFile; fileRef = 704C8CB61C6EC72000306397 /* Attack_20015.png */; };
		704C8D561C6EC72000306397 /* Attack_20016.png in Resources */ = {isa = PBXBuildFile; fileRef = 704C8CB71C6EC72000306397 /* Attack_20016.png */; };
		704C8D571C6EC72000306397 /* Attack_20017.png in Resources */ = {isa = PBXBuildFile; fileRef = 704C8CB81C6EC72000306397 /* Attack_20017.png */; };
		704C8D581C6EC72000306397 /* Attack_20018.png in Resources */ = {isa = PBXBuildFile; fileRef = 704C8CB91C6EC72000306397 /* Attack_20018.png */; };
		704C8D591C6EC72000306397 /* Attack_20019.png in Resources */ = {isa = PBXBuildFile; fileRef = 704C8CBA1C6EC72000306397 /* Attack_20019.png */; };
		704C8D5A1C6EC72000306397 /* Attack_20020.png in Resources */ = {isa = PBXBuildFile; fileRef = 704C8CBB1C6EC72000306397 /* Attack_20020.png */; };
		704C8D5B1C6EC72000306397 /* Attack_20021.png in Resources */ = {isa = PBXBuildFile; fileRef = 704C8CBC1C6EC72000306397 /* Attack_20021.png */; };
		704C8D5C1C6EC72000306397 /* Attack_20022.png in Resources */ = {isa = PBXBuildFile; fileRef = 704C8CBD1C6EC72000306397 /* Attack_20022.png */; };
		704C8D5D1C6EC72000306397 /* Attack_20023.png in Resources */ = {isa = PBXBuildFile; fileRef = 704C8CBE1C6EC72000306397 /* Attack_20023.png */; };
		704C8D5E1C6EC72000306397 /* Attack_20024.png in Resources */ = {isa = PBXBuildFile; fileRef = 704C8CBF1C6EC72000306397 /* Attack_20024.png */; };
		704C8D5F1C6EC72000306397 /* Attack_20025.png in Resources */ = {isa = PBXBuildFile; fileRef = 704C8CC01C6EC72000306397 /* Attack_20025.png */; };
		704C8D601C6EC72000306397 /* Attack_20026.png in Resources */ = {isa = PBXBuildFile; fileRef = 704C8CC11C6EC72000306397 /* Attack_20026.png */; };
		704C8D611C6EC72000306397 /* Attack_20027.png in Resources */ = {isa = PBXBuildFile; fileRef = 704C8CC21C6EC72000306397 /* Attack_20027.png */; };
		704C8D621C6EC72000306397 /* Attack_20028.png in Resources */ = {isa = PBXBuildFile; fileRef = 704C8CC31C6EC72000306397 /* Attack_20028.png */; };
		704C8D631C6EC72000306397 /* Attack_20029.png in Resources */ = {isa = PBXBuildFile; fileRef = 704C8CC41C6EC72000306397 /* Attack_20029.png */; };
		704C8D641C6EC72000306397 /* Attack_20030.png in Resources */ = {isa = PBXBuildFile; fileRef = 704C8CC51C6EC72000306397 /* Attack_20030.png */; };
		704C8D651C6EC72000306397 /* Attack_20031.png in Resources */ = {isa = PBXBuildFile; fileRef = 704C8CC61C6EC72000306397 /* Attack_20031.png */; };
		704C8D661C6EC72000306397 /* Attack_20032.png in Resources */ = {isa = PBXBuildFile; fileRef = 704C8CC71C6EC72000306397 /* Attack_20032.png */; };
		704C8D671C6EC72000306397 /* Attack_20033.png in Resources */ = {isa = PBXBuildFile; fileRef = 704C8CC81C6EC72000306397 /* Attack_20033.png */; };
		704C8D681C6EC72000306397 /* Attack_20034.png in Resources */ = {isa = PBXBuildFile; fileRef = 704C8CC91C6EC72000306397 /* Attack_20034.png */; };
		704C8D691C6EC72000306397 /* Attack_20035.png in Resources */ = {isa = PBXBuildFile; fileRef = 704C8CCA1C6EC72000306397 /* Attack_20035.png */; };
		704C8D6A1C6EC72000306397 /* Attack_20036.png in Resources */ = {isa = PBXBuildFile; fileRef = 704C8CCB1C6EC72000306397 /* Attack_20036.png */; };
		704C8D6B1C6EC72000306397 /* Attack_20037.png in Resources */ = {isa = PBXBuildFile; fileRef = 704C8CCC1C6EC72000306397 /* Attack_20037.png */; };
		704C8D6C1C6EC72000306397 /* Attack_20038.png in Resources */ = {isa = PBXBuildFile; fileRef = 704C8CCD1C6EC72000306397 /* Attack_20038.png */; };
		704C8D6D1C6EC72000306397 /* Attack_20039.png in Resources */ = {isa = PBXBuildFile; fileRef = 704C8CCE1C6EC72000306397 /* Attack_20039.png */; };
		704C8D6E1C6EC72000306397 /* Attack_20040.png in Resources */ = {isa = PBXBuildFile; fileRef = 704C8CCF1C6EC72000306397 /* Attack_20040.png */; };
		704C8D6F1C6EC72000306397 /* Attack_20041.png in Resources */ = {isa = PBXBuildFile; fileRef = 704C8CD01C6EC72000306397 /* Attack_20041.png */; };
		704C8D701C6EC72000306397 /* Attack_20042.png in Resources */ = {isa = PBXBuildFile; fileRef = 704C8CD11C6EC72000306397 /* Attack_20042.png */; };
		704C8D711C6EC72000306397 /* Attack_20043.png in Resources */ = {isa = PBXBuildFile; fileRef = 704C8CD21C6EC72000306397 /* Attack_20043.png */; };
		704C8D721C6EC72000306397 /* Attack_20044.png in Resources */ = {isa = PBXBuildFile; fileRef = 704C8CD31C6EC72000306397 /* Attack_20044.png */; };
		704C8D731C6EC72000306397 /* Attack_20045.png in Resources */ = {isa = PBXBuildFile; fileRef = 704C8CD41C6EC72000306397 /* Attack_20045.png */; };
		704C8D741C6EC72000306397 /* Attack_20046.png in Resources */ = {isa = PBXBuildFile; fileRef = 704C8CD51C6EC72000306397 /* Attack_20046.png */; };
		704C8D751C6EC72000306397 /* Attack_20047.png in Resources */ = {isa = PBXBuildFile; fileRef = 704C8CD61C6EC72000306397 /* Attack_20047.png */; };
		704C8D761C6EC72000306397 /* Attack_20048.png in Resources */ = {isa = PBXBuildFile; fileRef = 704C8CD71C6EC72000306397 /* Attack_20048.png */; };
		704C8D771C6EC72000306397 /* Attack_20049.png in Resources */ = {isa = PBXBuildFile; fileRef = 704C8CD81C6EC72000306397 /* Attack_20049.png */; };
		704C8D781C6EC72000306397 /* Attack_20050.png in Resources */ = {isa = PBXBuildFile; fileRef = 704C8CD91C6EC72000306397 /* Attack_20050.png */; };
		704C8D791C6EC72000306397 /* Attack_20051.png in Resources */ = {isa = PBXBuildFile; fileRef = 704C8CDA1C6EC72000306397 /* Attack_20051.png */; };
		704C8D7A1C6EC72000306397 /* Attack_20052.png in Resources */ = {isa = PBXBuildFile; fileRef = 704C8CDB1C6EC72000306397 /* Attack_20052.png */; };
		704C8D7B1C6EC72000306397 /* Attack_20053.png in Resources */ = {isa = PBXBuildFile; fileRef = 704C8CDC1C6EC72000306397 /* Attack_20053.png */; };
		704C8D7C1C6EC72000306397 /* Attack_20054.png in Resources */ = {isa = PBXBuildFile; fileRef = 704C8CDD1C6EC72000306397 /* Attack_20054.png */; };
		704C8D7D1C6EC72000306397 /* Attack_20055.png in Resources */ = {isa = PBXBuildFile; fileRef = 704C8CDE1C6EC72000306397 /* Attack_20055.png */; };
		704C8D7E1C6EC72000306397 /* Attack_20056.png in Resources */ = {isa = PBXBuildFile; fileRef = 704C8CDF1C6EC72000306397 /* Attack_20056.png */; };
		704C8D7F1C6EC72000306397 /* Attack_20057.png in Resources */ = {isa = PBXBuildFile; fileRef = 704C8CE01C6EC72000306397 /* Attack_20057.png */; };
		704C8D801C6EC72000306397 /* Attack_20058.png in Resources */ = {isa = PBXBuildFile; fileRef = 704C8CE11C6EC72000306397 /* Attack_20058.png */; };
		704C8D811C6EC72000306397 /* Attack_20059.png in Resources */ = {isa = PBXBuildFile; fileRef = 704C8CE21C6EC72000306397 /* Attack_20059.png */; };
		704C8D821C6EC72000306397 /* Attack_20060.png in Resources */ = {isa = PBXBuildFile; fileRef = 704C8CE31C6EC72000306397 /* Attack_20060.png */; };
		704C8D831C6EC72000306397 /* Attack_20061.png in Resources */ = {isa = PBXBuildFile; fileRef = 704C8CE41C6EC72000306397 /* Attack_20061.png */; };
		704C8D841C6EC72000306397 /* Attack_20062.png in Resources */ = {isa = PBXBuildFile; fileRef = 704C8CE51C6EC72000306397 /* Attack_20062.png */; };
		704C8D851C6EC72000306397 /* Attack_20063.png in Resources */ = {isa = PBXBuildFile; fileRef = 704C8CE61C6EC72000306397 /* Attack_20063.png */; };
		704C8D861C6EC72000306397 /* Attack_20064.png in Resources */ = {isa = PBXBuildFile; fileRef = 704C8CE71C6EC72000306397 /* Attack_20064.png */; };
		704C8D871C6EC72000306397 /* Attack_20065.png in Resources */ = {isa = PBXBuildFile; fileRef = 704C8CE81C6EC72000306397 /* Attack_20065.png */; };
		704C8D881C6EC72000306397 /* Attack_20066.png in Resources */ = {isa = PBXBuildFile; fileRef = 704C8CE91C6EC72000306397 /* Attack_20066.png */; };
		704C8D891C6EC72000306397 /* Idle_0001.png in Resources */ = {isa = PBXBuildFile; fileRef = 704C8CEB1C6EC72000306397 /* Idle_0001.png */; };
		704C8D8A1C6EC72000306397 /* Idle_0002.png in Resources */ = {isa = PBXBuildFile; fileRef = 704C8CEC1C6EC72000306397 /* Idle_0002.png */; };
		704C8D8B1C6EC72000306397 /* Idle_0003.png in Resources */ = {isa = PBXBuildFile; fileRef = 704C8CED1C6EC72000306397 /* Idle_0003.png */; };
		704C8D8C1C6EC72000306397 /* Idle_0004.png in Resources */ = {isa = PBXBuildFile; fileRef = 704C8CEE1C6EC72000306397 /* Idle_0004.png */; };
		704C8D8D1C6EC72000306397 /* Idle_0005.png in Resources */ = {isa = PBXBuildFile; fileRef = 704C8CEF1C6EC72000306397 /* Idle_0005.png */; };
		704C8D8E1C6EC72000306397 /* Idle_0006.png in Resources */ = {isa = PBXBuildFile; fileRef = 704C8CF01C6EC72000306397 /* Idle_0006.png */; };
		704C8D8F1C6EC72000306397 /* Idle_0007.png in Resources */ = {isa = PBXBuildFile; fileRef = 704C8CF11C6EC72000306397 /* Idle_0007.png */; };
		704C8D901C6EC72000306397 /* Idle_0008.png in Resources */ = {isa = PBXBuildFile; fileRef = 704C8CF21C6EC72000306397 /* Idle_0008.png */; };
		704C8D911C6EC72000306397 /* Idle_0009.png in Resources */ = {isa = PBXBuildFile; fileRef = 704C8CF31C6EC72000306397 /* Idle_0009.png */; };
		704C8D921C6EC72000306397 /* Idle_0010.png in Resources */ = {isa = PBXBuildFile; fileRef = 704C8CF41C6EC72000306397 /* Idle_0010.png */; };
		704C8D931C6EC72000306397 /* Idle_0011.png in Resources */ = {isa = PBXBuildFile; fileRef = 704C8CF51C6EC72000306397 /* Idle_0011.png */; };
		704C8D941C6EC72000306397 /* Idle_0012.png in Resources */ = {isa = PBXBuildFile; fileRef = 704C8CF61C6EC72000306397 /* Idle_0012.png */; };
		704C8D951C6EC72000306397 /* Idle_0013.png in Resources */ = {isa = PBXBuildFile; fileRef = 704C8CF71C6EC72000306397 /* Idle_0013.png */; };
		704C8D961C6EC72000306397 /* Idle_0014.png in Resources */ = {isa = PBXBuildFile; fileRef = 704C8CF81C6EC72000306397 /* Idle_0014.png */; };
		704C8D971C6EC72000306397 /* Idle_0015.png in Resources */ = {isa = PBXBuildFile; fileRef = 704C8CF91C6EC72000306397 /* Idle_0015.png */; };
		704C8D981C6EC72000306397 /* Idle_0016.png in Resources */ = {isa = PBXBuildFile; fileRef = 704C8CFA1C6EC72000306397 /* Idle_0016.png */; };
		704C8D991C6EC72000306397 /* Idle_0017.png in Resources */ = {isa = PBXBuildFile; fileRef = 704C8CFB1C6EC72000306397 /* Idle_0017.png */; };
		704C8D9A1C6EC72000306397 /* Idle_0018.png in Resources */ = {isa = PBXBuildFile; fileRef = 704C8CFC1C6EC72000306397 /* Idle_0018.png */; };
		704C8D9B1C6EC72000306397 /* Idle_0019.png in Resources */ = {isa = PBXBuildFile; fileRef = 704C8CFD1C6EC72000306397 /* Idle_0019.png */; };
		704C8D9C1C6EC72000306397 /* Idle_0020.png in Resources */ = {isa = PBXBuildFile; fileRef = 704C8CFE1C6EC72000306397 /* Idle_0020.png */; };
		704C8D9D1C6EC72000306397 /* Idle_0021.png in Resources */ = {isa = PBXBuildFile; fileRef = 704C8CFF1C6EC72000306397 /* Idle_0021.png */; };
		704C8D9E1C6EC72000306397 /* Idle_0022.png in Resources */ = {isa = PBXBuildFile; fileRef = 704C8D001C6EC72000306397 /* Idle_0022.png */; };
		704C8D9F1C6EC72000306397 /* Idle_0023.png in Resources */ = {isa = PBXBuildFile; fileRef = 704C8D011C6EC72000306397 /* Idle_0023.png */; };
		704C8DA01C6EC72000306397 /* Idle_0024.png in Resources */ = {isa = PBXBuildFile; fileRef = 704C8D021C6EC72000306397 /* Idle_0024.png */; };
		704C8DA11C6EC72000306397 /* Idle_0025.png in Resources */ = {isa = PBXBuildFile; fileRef = 704C8D031C6EC72000306397 /* Idle_0025.png */; };
		704C8DA21C6EC72000306397 /* Idle_0026.png in Resources */ = {isa = PBXBuildFile; fileRef = 704C8D041C6EC72000306397 /* Idle_0026.png */; };
		704C8DA31C6EC72000306397 /* Idle_0027.png in Resources */ = {isa = PBXBuildFile; fileRef = 704C8D051C6EC72000306397 /* Idle_0027.png */; };
		704C8DA41C6EC72000306397 /* Idle_0028.png in Resources */ = {isa = PBXBuildFile; fileRef = 704C8D061C6EC72000306397 /* Idle_0028.png */; };
		704C8DA51C6EC72000306397 /* Idle_0029.png in Resources */ = {isa = PBXBuildFile; fileRef = 704C8D071C6EC72000306397 /* Idle_0029.png */; };
		704C8DA61C6EC72000306397 /* Idle_0030.png in Resources */ = {isa = PBXBuildFile; fileRef = 704C8D081C6EC72000306397 /* Idle_0030.png */; };
		704C8DA71C6EC72000306397 /* Idle_0031.png in Resources */ = {isa = PBXBuildFile; fileRef = 704C8D091C6EC72000306397 /* Idle_0031.png */; };
		704C8DA81C6EC72000306397 /* Idle_0032.png in Resources */ = {isa = PBXBuildFile; fileRef = 704C8D0A1C6EC72000306397 /* Idle_0032.png */; };
		704C8DA91C6EC72000306397 /* Idle_0033.png in Resources */ = {isa = PBXBuildFile; fileRef = 704C8D0B1C6EC72000306397 /* Idle_0033.png */; };
		704C8DAA1C6EC72000306397 /* Idle_0034.png in Resources */ = {isa = PBXBuildFile; fileRef = 704C8D0C1C6EC72000306397 /* Idle_0034.png */; };
		704C8DAB1C6EC72000306397 /* Idle_0035.png in Resources */ = {isa = PBXBuildFile; fileRef = 704C8D0D1C6EC72000306397 /* Idle_0035.png */; };
		704C8DAC1C6EC72000306397 /* Idle_0036.png in Resources */ = {isa = PBXBuildFile; fileRef = 704C8D0E1C6EC72000306397 /* Idle_0036.png */; };
		704C8DAD1C6EC72000306397 /* Idle_0037.png in Resources */ = {isa = PBXBuildFile; fileRef = 704C8D0F1C6EC72000306397 /* Idle_0037.png */; };
		704C8DAE1C6EC72000306397 /* Idle_0038.png in Resources */ = {isa = PBXBuildFile; fileRef = 704C8D101C6EC72000306397 /* Idle_0038.png */; };
		704C8DAF1C6EC72000306397 /* Idle_0039.png in Resources */ = {isa = PBXBuildFile; fileRef = 704C8D111C6EC72000306397 /* Idle_0039.png */; };
		704C8DB01C6EC72000306397 /* Idle_0040.png in Resources */ = {isa = PBXBuildFile; fileRef = 704C8D121C6EC72000306397 /* Idle_0040.png */; };
		704C8DB11C6EC72000306397 /* Idle_0041.png in Resources */ = {isa = PBXBuildFile; fileRef = 704C8D131C6EC72000306397 /* Idle_0041.png */; };
/* End PBXBuildFile section */

/* Begin PBXFileReference section */
		704C8C5A1C6EA45300306397 /* Pokedex.app */ = {isa = PBXFileReference; explicitFileType = wrapper.application; includeInIndex = 0; path = Pokedex.app; sourceTree = BUILT_PRODUCTS_DIR; };
		704C8C5D1C6EA45300306397 /* AppDelegate.swift */ = {isa = PBXFileReference; lastKnownFileType = sourcecode.swift; path = AppDelegate.swift; sourceTree = "<group>"; };
		704C8C5F1C6EA45300306397 /* ViewController.swift */ = {isa = PBXFileReference; lastKnownFileType = sourcecode.swift; path = ViewController.swift; sourceTree = "<group>"; };
		704C8C621C6EA45300306397 /* Base */ = {isa = PBXFileReference; lastKnownFileType = file.storyboard; name = Base; path = Base.lproj/Main.storyboard; sourceTree = "<group>"; };
		704C8C641C6EA45300306397 /* Assets.xcassets */ = {isa = PBXFileReference; lastKnownFileType = folder.assetcatalog; path = Assets.xcassets; sourceTree = "<group>"; };
		704C8C671C6EA45300306397 /* Base */ = {isa = PBXFileReference; lastKnownFileType = file.storyboard; name = Base; path = Base.lproj/LaunchScreen.storyboard; sourceTree = "<group>"; };
		704C8C691C6EA45300306397 /* Info.plist */ = {isa = PBXFileReference; lastKnownFileType = text.plist.xml; path = Info.plist; sourceTree = "<group>"; };
		704C8C741C6EC72000306397 /* Attack1_0001.png */ = {isa = PBXFileReference; lastKnownFileType = image.png; path = Attack1_0001.png; sourceTree = "<group>"; };
		704C8C751C6EC72000306397 /* Attack1_0002.png */ = {isa = PBXFileReference; lastKnownFileType = image.png; path = Attack1_0002.png; sourceTree = "<group>"; };
		704C8C761C6EC72000306397 /* Attack1_0003.png */ = {isa = PBXFileReference; lastKnownFileType = image.png; path = Attack1_0003.png; sourceTree = "<group>"; };
		704C8C771C6EC72000306397 /* Attack1_0004.png */ = {isa = PBXFileReference; lastKnownFileType = image.png; path = Attack1_0004.png; sourceTree = "<group>"; };
		704C8C781C6EC72000306397 /* Attack1_0005.png */ = {isa = PBXFileReference; lastKnownFileType = image.png; path = Attack1_0005.png; sourceTree = "<group>"; };
		704C8C791C6EC72000306397 /* Attack1_0006.png */ = {isa = PBXFileReference; lastKnownFileType = image.png; path = Attack1_0006.png; sourceTree = "<group>"; };
		704C8C7A1C6EC72000306397 /* Attack1_0007.png */ = {isa = PBXFileReference; lastKnownFileType = image.png; path = Attack1_0007.png; sourceTree = "<group>"; };
		704C8C7B1C6EC72000306397 /* Attack1_0008.png */ = {isa = PBXFileReference; lastKnownFileType = image.png; path = Attack1_0008.png; sourceTree = "<group>"; };
		704C8C7C1C6EC72000306397 /* Attack1_0009.png */ = {isa = PBXFileReference; lastKnownFileType = image.png; path = Attack1_0009.png; sourceTree = "<group>"; };
		704C8C7D1C6EC72000306397 /* Attack1_0010.png */ = {isa = PBXFileReference; lastKnownFileType = image.png; path = Attack1_0010.png; sourceTree = "<group>"; };
		704C8C7E1C6EC72000306397 /* Attack1_0011.png */ = {isa = PBXFileReference; lastKnownFileType = image.png; path = Attack1_0011.png; sourceTree = "<group>"; };
		704C8C7F1C6EC72000306397 /* Attack1_0012.png */ = {isa = PBXFileReference; lastKnownFileType = image.png; path = Attack1_0012.png; sourceTree = "<group>"; };
		704C8C801C6EC72000306397 /* Attack1_0013.png */ = {isa = PBXFileReference; lastKnownFileType = image.png; path = Attack1_0013.png; sourceTree = "<group>"; };
		704C8C811C6EC72000306397 /* Attack1_0014.png */ = {isa = PBXFileReference; lastKnownFileType = image.png; path = Attack1_0014.png; sourceTree = "<group>"; };
		704C8C821C6EC72000306397 /* Attack1_0015.png */ = {isa = PBXFileReference; lastKnownFileType = image.png; path = Attack1_0015.png; sourceTree = "<group>"; };
		704C8C831C6EC72000306397 /* Attack1_0016.png */ = {isa = PBXFileReference; lastKnownFileType = image.png; path = Attack1_0016.png; sourceTree = "<group>"; };
		704C8C841C6EC72000306397 /* Attack1_0017.png */ = {isa = PBXFileReference; lastKnownFileType = image.png; path = Attack1_0017.png; sourceTree = "<group>"; };
		704C8C851C6EC72000306397 /* Attack1_0018.png */ = {isa = PBXFileReference; lastKnownFileType = image.png; path = Attack1_0018.png; sourceTree = "<group>"; };
		704C8C861C6EC72000306397 /* Attack1_0019.png */ = {isa = PBXFileReference; lastKnownFileType = image.png; path = Attack1_0019.png; sourceTree = "<group>"; };
		704C8C871C6EC72000306397 /* Attack1_0020.png */ = {isa = PBXFileReference; lastKnownFileType = image.png; path = Attack1_0020.png; sourceTree = "<group>"; };
		704C8C881C6EC72000306397 /* Attack1_0021.png */ = {isa = PBXFileReference; lastKnownFileType = image.png; path = Attack1_0021.png; sourceTree = "<group>"; };
		704C8C891C6EC72000306397 /* Attack1_0022.png */ = {isa = PBXFileReference; lastKnownFileType = image.png; path = Attack1_0022.png; sourceTree = "<group>"; };
		704C8C8A1C6EC72000306397 /* Attack1_0023.png */ = {isa = PBXFileReference; lastKnownFileType = image.png; path = Attack1_0023.png; sourceTree = "<group>"; };
		704C8C8B1C6EC72000306397 /* Attack1_0024.png */ = {isa = PBXFileReference; lastKnownFileType = image.png; path = Attack1_0024.png; sourceTree = "<group>"; };
		704C8C8C1C6EC72000306397 /* Attack1_0025.png */ = {isa = PBXFileReference; lastKnownFileType = image.png; path = Attack1_0025.png; sourceTree = "<group>"; };
		704C8C8D1C6EC72000306397 /* Attack1_0026.png */ = {isa = PBXFileReference; lastKnownFileType = image.png; path = Attack1_0026.png; sourceTree = "<group>"; };
		704C8C8E1C6EC72000306397 /* Attack1_0027.png */ = {isa = PBXFileReference; lastKnownFileType = image.png; path = Attack1_0027.png; sourceTree = "<group>"; };
		704C8C8F1C6EC72000306397 /* Attack1_0028.png */ = {isa = PBXFileReference; lastKnownFileType = image.png; path = Attack1_0028.png; sourceTree = "<group>"; };
		704C8C901C6EC72000306397 /* Attack1_0029.png */ = {isa = PBXFileReference; lastKnownFileType = image.png; path = Attack1_0029.png; sourceTree = "<group>"; };
		704C8C911C6EC72000306397 /* Attack1_0030.png */ = {isa = PBXFileReference; lastKnownFileType = image.png; path = Attack1_0030.png; sourceTree = "<group>"; };
		704C8C921C6EC72000306397 /* Attack1_0031.png */ = {isa = PBXFileReference; lastKnownFileType = image.png; path = Attack1_0031.png; sourceTree = "<group>"; };
		704C8C931C6EC72000306397 /* Attack1_0032.png */ = {isa = PBXFileReference; lastKnownFileType = image.png; path = Attack1_0032.png; sourceTree = "<group>"; };
		704C8C941C6EC72000306397 /* Attack1_0033.png */ = {isa = PBXFileReference; lastKnownFileType = image.png; path = Attack1_0033.png; sourceTree = "<group>"; };
		704C8C951C6EC72000306397 /* Attack1_0034.png */ = {isa = PBXFileReference; lastKnownFileType = image.png; path = Attack1_0034.png; sourceTree = "<group>"; };
		704C8C961C6EC72000306397 /* Attack1_0035.png */ = {isa = PBXFileReference; lastKnownFileType = image.png; path = Attack1_0035.png; sourceTree = "<group>"; };
		704C8C971C6EC72000306397 /* Attack1_0036.png */ = {isa = PBXFileReference; lastKnownFileType = image.png; path = Attack1_0036.png; sourceTree = "<group>"; };
		704C8C981C6EC72000306397 /* Attack1_0037.png */ = {isa = PBXFileReference; lastKnownFileType = image.png; path = Attack1_0037.png; sourceTree = "<group>"; };
		704C8C991C6EC72000306397 /* Attack1_0038.png */ = {isa = PBXFileReference; lastKnownFileType = image.png; path = Attack1_0038.png; sourceTree = "<group>"; };
		704C8C9A1C6EC72000306397 /* Attack1_0039.png */ = {isa = PBXFileReference; lastKnownFileType = image.png; path = Attack1_0039.png; sourceTree = "<group>"; };
		704C8C9B1C6EC72000306397 /* Attack1_0040.png */ = {isa = PBXFileReference; lastKnownFileType = image.png; path = Attack1_0040.png; sourceTree = "<group>"; };
		704C8C9C1C6EC72000306397 /* Attack1_0041.png */ = {isa = PBXFileReference; lastKnownFileType = image.png; path = Attack1_0041.png; sourceTree = "<group>"; };
		704C8C9D1C6EC72000306397 /* Attack1_0042.png */ = {isa = PBXFileReference; lastKnownFileType = image.png; path = Attack1_0042.png; sourceTree = "<group>"; };
		704C8C9E1C6EC72000306397 /* Attack1_0043.png */ = {isa = PBXFileReference; lastKnownFileType = image.png; path = Attack1_0043.png; sourceTree = "<group>"; };
		704C8C9F1C6EC72000306397 /* Attack1_0044.png */ = {isa = PBXFileReference; lastKnownFileType = image.png; path = Attack1_0044.png; sourceTree = "<group>"; };
		704C8CA01C6EC72000306397 /* Attack1_0045.png */ = {isa = PBXFileReference; lastKnownFileType = image.png; path = Attack1_0045.png; sourceTree = "<group>"; };
		704C8CA11C6EC72000306397 /* Attack1_0046.png */ = {isa = PBXFileReference; lastKnownFileType = image.png; path = Attack1_0046.png; sourceTree = "<group>"; };
		704C8CA21C6EC72000306397 /* Attack1_0047.png */ = {isa = PBXFileReference; lastKnownFileType = image.png; path = Attack1_0047.png; sourceTree = "<group>"; };
		704C8CA31C6EC72000306397 /* Attack1_0048.png */ = {isa = PBXFileReference; lastKnownFileType = image.png; path = Attack1_0048.png; sourceTree = "<group>"; };
		704C8CA41C6EC72000306397 /* Attack1_0049.png */ = {isa = PBXFileReference; lastKnownFileType = image.png; path = Attack1_0049.png; sourceTree = "<group>"; };
		704C8CA51C6EC72000306397 /* Attack1_0050.png */ = {isa = PBXFileReference; lastKnownFileType = image.png; path = Attack1_0050.png; sourceTree = "<group>"; };
		704C8CA61C6EC72000306397 /* Attack1_0051.png */ = {isa = PBXFileReference; lastKnownFileType = image.png; path = Attack1_0051.png; sourceTree = "<group>"; };
		704C8CA81C6EC72000306397 /* Attack_20001.png */ = {isa = PBXFileReference; lastKnownFileType = image.png; path = Attack_20001.png; sourceTree = "<group>"; };
		704C8CA91C6EC72000306397 /* Attack_20002.png */ = {isa = PBXFileReference; lastKnownFileType = image.png; path = Attack_20002.png; sourceTree = "<group>"; };
		704C8CAA1C6EC72000306397 /* Attack_20003.png */ = {isa = PBXFileReference; lastKnownFileType = image.png; path = Attack_20003.png; sourceTree = "<group>"; };
		704C8CAB1C6EC72000306397 /* Attack_20004.png */ = {isa = PBXFileReference; lastKnownFileType = image.png; path = Attack_20004.png; sourceTree = "<group>"; };
		704C8CAC1C6EC72000306397 /* Attack_20005.png */ = {isa = PBXFileReference; lastKnownFileType = image.png; path = Attack_20005.png; sourceTree = "<group>"; };
		704C8CAD1C6EC72000306397 /* Attack_20006.png */ = {isa = PBXFileReference; lastKnownFileType = image.png; path = Attack_20006.png; sourceTree = "<group>"; };
		704C8CAE1C6EC72000306397 /* Attack_20007.png */ = {isa = PBXFileReference; lastKnownFileType = image.png; path = Attack_20007.png; sourceTree = "<group>"; };
		704C8CAF1C6EC72000306397 /* Attack_20008.png */ = {isa = PBXFileReference; lastKnownFileType = image.png; path = Attack_20008.png; sourceTree = "<group>"; };
		704C8CB01C6EC72000306397 /* Attack_20009.png */ = {isa = PBXFileReference; lastKnownFileType = image.png; path = Attack_20009.png; sourceTree = "<group>"; };
		704C8CB11C6EC72000306397 /* Attack_20010.png */ = {isa = PBXFileReference; lastKnownFileType = image.png; path = Attack_20010.png; sourceTree = "<group>"; };
		704C8CB21C6EC72000306397 /* Attack_20011.png */ = {isa = PBXFileReference; lastKnownFileType = image.png; path = Attack_20011.png; sourceTree = "<group>"; };
		704C8CB31C6EC72000306397 /* Attack_20012.png */ = {isa = PBXFileReference; lastKnownFileType = image.png; path = Attack_20012.png; sourceTree = "<group>"; };
		704C8CB41C6EC72000306397 /* Attack_20013.png */ = {isa = PBXFileReference; lastKnownFileType = image.png; path = Attack_20013.png; sourceTree = "<group>"; };
		704C8CB51C6EC72000306397 /* Attack_20014.png */ = {isa = PBXFileReference; lastKnownFileType = image.png; path = Attack_20014.png; sourceTree = "<group>"; };
		704C8CB61C6EC72000306397 /* Attack_20015.png */ = {isa = PBXFileReference; lastKnownFileType = image.png; path = Attack_20015.png; sourceTree = "<group>"; };
		704C8CB71C6EC72000306397 /* Attack_20016.png */ = {isa = PBXFileReference; lastKnownFileType = image.png; path = Attack_20016.png; sourceTree = "<group>"; };
		704C8CB81C6EC72000306397 /* Attack_20017.png */ = {isa = PBXFileReference; lastKnownFileType = image.png; path = Attack_20017.png; sourceTree = "<group>"; };
		704C8CB91C6EC72000306397 /* Attack_20018.png */ = {isa = PBXFileReference; lastKnownFileType = image.png; path = Attack_20018.png; sourceTree = "<group>"; };
		704C8CBA1C6EC72000306397 /* Attack_20019.png */ = {isa = PBXFileReference; lastKnownFileType = image.png; path = Attack_20019.png; sourceTree = "<group>"; };
		704C8CBB1C6EC72000306397 /* Attack_20020.png */ = {isa = PBXFileReference; lastKnownFileType = image.png; path = Attack_20020.png; sourceTree = "<group>"; };
		704C8CBC1C6EC72000306397 /* Attack_20021.png */ = {isa = PBXFileReference; lastKnownFileType = image.png; path = Attack_20021.png; sourceTree = "<group>"; };
		704C8CBD1C6EC72000306397 /* Attack_20022.png */ = {isa = PBXFileReference; lastKnownFileType = image.png; path = Attack_20022.png; sourceTree = "<group>"; };
		704C8CBE1C6EC72000306397 /* Attack_20023.png */ = {isa = PBXFileReference; lastKnownFileType = image.png; path = Attack_20023.png; sourceTree = "<group>"; };
		704C8CBF1C6EC72000306397 /* Attack_20024.png */ = {isa = PBXFileReference; lastKnownFileType = image.png; path = Attack_20024.png; sourceTree = "<group>"; };
		704C8CC01C6EC72000306397 /* Attack_20025.png */ = {isa = PBXFileReference; lastKnownFileType = image.png; path = Attack_20025.png; sourceTree = "<group>"; };
		704C8CC11C6EC72000306397 /* Attack_20026.png */ = {isa = PBXFileReference; lastKnownFileType = image.png; path = Attack_20026.png; sourceTree = "<group>"; };
		704C8CC21C6EC72000306397 /* Attack_20027.png */ = {isa = PBXFileReference; lastKnownFileType = image.png; path = Attack_20027.png; sourceTree = "<group>"; };
		704C8CC31C6EC72000306397 /* Attack_20028.png */ = {isa = PBXFileReference; lastKnownFileType = image.png; path = Attack_20028.png; sourceTree = "<group>"; };
		704C8CC41C6EC72000306397 /* Attack_20029.png */ = {isa = PBXFileReference; lastKnownFileType = image.png; path = Attack_20029.png; sourceTree = "<group>"; };
		704C8CC51C6EC72000306397 /* Attack_20030.png */ = {isa = PBXFileReference; lastKnownFileType = image.png; path = Attack_20030.png; sourceTree = "<group>"; };
		704C8CC61C6EC72000306397 /* Attack_20031.png */ = {isa = PBXFileReference; lastKnownFileType = image.png; path = Attack_20031.png; sourceTree = "<group>"; };
		704C8CC71C6EC72000306397 /* Attack_20032.png */ = {isa = PBXFileReference; lastKnownFileType = image.png; path = Attack_20032.png; sourceTree = "<group>"; };
		704C8CC81C6EC72000306397 /* Attack_20033.png */ = {isa = PBXFileReference; lastKnownFileType = image.png; path = Attack_20033.png; sourceTree = "<group>"; };
		704C8CC91C6EC72000306397 /* Attack_20034.png */ = {isa = PBXFileReference; lastKnownFileType = image.png; path = Attack_20034.png; sourceTree = "<group>"; };
		704C8CCA1C6EC72000306397 /* Attack_20035.png */ = {isa = PBXFileReference; lastKnownFileType = image.png; path = Attack_20035.png; sourceTree = "<group>"; };
		704C8CCB1C6EC72000306397 /* Attack_20036.png */ = {isa = PBXFileReference; lastKnownFileType = image.png; path = Attack_20036.png; sourceTree = "<group>"; };
		704C8CCC1C6EC72000306397 /* Attack_20037.png */ = {isa = PBXFileReference; lastKnownFileType = image.png; path = Attack_20037.png; sourceTree = "<group>"; };
		704C8CCD1C6EC72000306397 /* Attack_20038.png */ = {isa = PBXFileReference; lastKnownFileType = image.png; path = Attack_20038.png; sourceTree = "<group>"; };
		704C8CCE1C6EC72000306397 /* Attack_20039.png */ = {isa = PBXFileReference; lastKnownFileType = image.png; path = Attack_20039.png; sourceTree = "<group>"; };
		704C8CCF1C6EC72000306397 /* Attack_20040.png */ = {isa = PBXFileReference; lastKnownFileType = image.png; path = Attack_20040.png; sourceTree = "<group>"; };
		704C8CD01C6EC72000306397 /* Attack_20041.png */ = {isa = PBXFileReference; lastKnownFileType = image.png; path = Attack_20041.png; sourceTree = "<group>"; };
		704C8CD11C6EC72000306397 /* Attack_20042.png */ = {isa = PBXFileReference; lastKnownFileType = image.png; path = Attack_20042.png; sourceTree = "<group>"; };
		704C8CD21C6EC72000306397 /* Attack_20043.png */ = {isa = PBXFileReference; lastKnownFileType = image.png; path = Attack_20043.png; sourceTree = "<group>"; };
		704C8CD31C6EC72000306397 /* Attack_20044.png */ = {isa = PBXFileReference; lastKnownFileType = image.png; path = Attack_20044.png; sourceTree = "<group>"; };
		704C8CD41C6EC72000306397 /* Attack_20045.png */ = {isa = PBXFileReference; lastKnownFileType = image.png; path = Attack_20045.png; sourceTree = "<group>"; };
		704C8CD51C6EC72000306397 /* Attack_20046.png */ = {isa = PBXFileReference; lastKnownFileType = image.png; path = Attack_20046.png; sourceTree = "<group>"; };
		704C8CD61C6EC72000306397 /* Attack_20047.png */ = {isa = PBXFileReference; lastKnownFileType = image.png; path = Attack_20047.png; sourceTree = "<group>"; };
		704C8CD71C6EC72000306397 /* Attack_20048.png */ = {isa = PBXFileReference; lastKnownFileType = image.png; path = Attack_20048.png; sourceTree = "<group>"; };
		704C8CD81C6EC72000306397 /* Attack_20049.png */ = {isa = PBXFileReference; lastKnownFileType = image.png; path = Attack_20049.png; sourceTree = "<group>"; };
		704C8CD91C6EC72000306397 /* Attack_20050.png */ = {isa = PBXFileReference; lastKnownFileType = image.png; path = Attack_20050.png; sourceTree = "<group>"; };
		704C8CDA1C6EC72000306397 /* Attack_20051.png */ = {isa = PBXFileReference; lastKnownFileType = image.png; path = Attack_20051.png; sourceTree = "<group>"; };
		704C8CDB1C6EC72000306397 /* Attack_20052.png */ = {isa = PBXFileReference; lastKnownFileType = image.png; path = Attack_20052.png; sourceTree = "<group>"; };
		704C8CDC1C6EC72000306397 /* Attack_20053.png */ = {isa = PBXFileReference; lastKnownFileType = image.png; path = Attack_20053.png; sourceTree = "<group>"; };
		704C8CDD1C6EC72000306397 /* Attack_20054.png */ = {isa = PBXFileReference; lastKnownFileType = image.png; path = Attack_20054.png; sourceTree = "<group>"; };
		704C8CDE1C6EC72000306397 /* Attack_20055.png */ = {isa = PBXFileReference; lastKnownFileType = image.png; path = Attack_20055.png; sourceTree = "<group>"; };
		704C8CDF1C6EC72000306397 /* Attack_20056.png */ = {isa = PBXFileReference; lastKnownFileType = image.png; path = Attack_20056.png; sourceTree = "<group>"; };
		704C8CE01C6EC72000306397 /* Attack_20057.png */ = {isa = PBXFileReference; lastKnownFileType = image.png; path = Attack_20057.png; sourceTree = "<group>"; };
		704C8CE11C6EC72000306397 /* Attack_20058.png */ = {isa = PBXFileReference; lastKnownFileType = image.png; path = Attack_20058.png; sourceTree = "<group>"; };
		704C8CE21C6EC72000306397 /* Attack_20059.png */ = {isa = PBXFileReference; lastKnownFileType = image.png; path = Attack_20059.png; sourceTree = "<group>"; };
		704C8CE31C6EC72000306397 /* Attack_20060.png */ = {isa = PBXFileReference; lastKnownFileType = image.png; path = Attack_20060.png; sourceTree = "<group>"; };
		704C8CE41C6EC72000306397 /* Attack_20061.png */ = {isa = PBXFileReference; lastKnownFileType = image.png; path = Attack_20061.png; sourceTree = "<group>"; };
		704C8CE51C6EC72000306397 /* Attack_20062.png */ = {isa = PBXFileReference; lastKnownFileType = image.png; path = Attack_20062.png; sourceTree = "<group>"; };
		704C8CE61C6EC72000306397 /* Attack_20063.png */ = {isa = PBXFileReference; lastKnownFileType = image.png; path = Attack_20063.png; sourceTree = "<group>"; };
		704C8CE71C6EC72000306397 /* Attack_20064.png */ = {isa = PBXFileReference; lastKnownFileType = image.png; path = Attack_20064.png; sourceTree = "<group>"; };
		704C8CE81C6EC72000306397 /* Attack_20065.png */ = {isa = PBXFileReference; lastKnownFileType = image.png; path = Attack_20065.png; sourceTree = "<group>"; };
		704C8CE91C6EC72000306397 /* Attack_20066.png */ = {isa = PBXFileReference; lastKnownFileType = image.png; path = Attack_20066.png; sourceTree = "<group>"; };
		704C8CEB1C6EC72000306397 /* Idle_0001.png */ = {isa = PBXFileReference; lastKnownFileType = image.png; path = Idle_0001.png; sourceTree = "<group>"; };
		704C8CEC1C6EC72000306397 /* Idle_0002.png */ = {isa = PBXFileReference; lastKnownFileType = image.png; path = Idle_0002.png; sourceTree = "<group>"; };
		704C8CED1C6EC72000306397 /* Idle_0003.png */ = {isa = PBXFileReference; lastKnownFileType = image.png; path = Idle_0003.png; sourceTree = "<group>"; };
		704C8CEE1C6EC72000306397 /* Idle_0004.png */ = {isa = PBXFileReference; lastKnownFileType = image.png; path = Idle_0004.png; sourceTree = "<group>"; };
		704C8CEF1C6EC72000306397 /* Idle_0005.png */ = {isa = PBXFileReference; lastKnownFileType = image.png; path = Idle_0005.png; sourceTree = "<group>"; };
		704C8CF01C6EC72000306397 /* Idle_0006.png */ = {isa = PBXFileReference; lastKnownFileType = image.png; path = Idle_0006.png; sourceTree = "<group>"; };
		704C8CF11C6EC72000306397 /* Idle_0007.png */ = {isa = PBXFileReference; lastKnownFileType = image.png; path = Idle_0007.png; sourceTree = "<group>"; };
		704C8CF21C6EC72000306397 /* Idle_0008.png */ = {isa = PBXFileReference; lastKnownFileType = image.png; path = Idle_0008.png; sourceTree = "<group>"; };
		704C8CF31C6EC72000306397 /* Idle_0009.png */ = {isa = PBXFileReference; lastKnownFileType = image.png; path = Idle_0009.png; sourceTree = "<group>"; };
		704C8CF41C6EC72000306397 /* Idle_0010.png */ = {isa = PBXFileReference; lastKnownFileType = image.png; path = Idle_0010.png; sourceTree = "<group>"; };
		704C8CF51C6EC72000306397 /* Idle_0011.png */ = {isa = PBXFileReference; lastKnownFileType = image.png; path = Idle_0011.png; sourceTree = "<group>"; };
		704C8CF61C6EC72000306397 /* Idle_0012.png */ = {isa = PBXFileReference; lastKnownFileType = image.png; path = Idle_0012.png; sourceTree = "<group>"; };
		704C8CF71C6EC72000306397 /* Idle_0013.png */ = {isa = PBXFileReference; lastKnownFileType = image.png; path = Idle_0013.png; sourceTree = "<group>"; };
		704C8CF81C6EC72000306397 /* Idle_0014.png */ = {isa = PBXFileReference; lastKnownFileType = image.png; path = Idle_0014.png; sourceTree = "<group>"; };
		704C8CF91C6EC72000306397 /* Idle_0015.png */ = {isa = PBXFileReference; lastKnownFileType = image.png; path = Idle_0015.png; sourceTree = "<group>"; };
		704C8CFA1C6EC72000306397 /* Idle_0016.png */ = {isa = PBXFileReference; lastKnownFileType = image.png; path = Idle_0016.png; sourceTree = "<group>"; };
		704C8CFB1C6EC72000306397 /* Idle_0017.png */ = {isa = PBXFileReference; lastKnownFileType = image.png; path = Idle_0017.png; sourceTree = "<group>"; };
		704C8CFC1C6EC72000306397 /* Idle_0018.png */ = {isa = PBXFileReference; lastKnownFileType = image.png; path = Idle_0018.png; sourceTree = "<group>"; };
		704C8CFD1C6EC72000306397 /* Idle_0019.png */ = {isa = PBXFileReference; lastKnownFileType = image.png; path = Idle_0019.png; sourceTree = "<group>"; };
		704C8CFE1C6EC72000306397 /* Idle_0020.png */ = {isa = PBXFileReference; lastKnownFileType = image.png; path = Idle_0020.png; sourceTree = "<group>"; };
		704C8CFF1C6EC72000306397 /* Idle_0021.png */ = {isa = PBXFileReference; lastKnownFileType = image.png; path = Idle_0021.png; sourceTree = "<group>"; };
		704C8D001C6EC72000306397 /* Idle_0022.png */ = {isa = PBXFileReference; lastKnownFileType = image.png; path = Idle_0022.png; sourceTree = "<group>"; };
		704C8D011C6EC72000306397 /* Idle_0023.png */ = {isa = PBXFileReference; lastKnownFileType = image.png; path = Idle_0023.png; sourceTree = "<group>"; };
		704C8D021C6EC72000306397 /* Idle_0024.png */ = {isa = PBXFileReference; lastKnownFileType = image.png; path = Idle_0024.png; sourceTree = "<group>"; };
		704C8D031C6EC72000306397 /* Idle_0025.png */ = {isa = PBXFileReference; lastKnownFileType = image.png; path = Idle_0025.png; sourceTree = "<group>"; };
		704C8D041C6EC72000306397 /* Idle_0026.png */ = {isa = PBXFileReference; lastKnownFileType = image.png; path = Idle_0026.png; sourceTree = "<group>"; };
		704C8D051C6EC72000306397 /* Idle_0027.png */ = {isa = PBXFileReference; lastKnownFileType = image.png; path = Idle_0027.png; sourceTree = "<group>"; };
		704C8D061C6EC72000306397 /* Idle_0028.png */ = {isa = PBXFileReference; lastKnownFileType = image.png; path = Idle_0028.png; sourceTree = "<group>"; };
		704C8D071C6EC72000306397 /* Idle_0029.png */ = {isa = PBXFileReference; lastKnownFileType = image.png; path = Idle_0029.png; sourceTree = "<group>"; };
		704C8D081C6EC72000306397 /* Idle_0030.png */ = {isa = PBXFileReference; lastKnownFileType = image.png; path = Idle_0030.png; sourceTree = "<group>"; };
		704C8D091C6EC72000306397 /* Idle_0031.png */ = {isa = PBXFileReference; lastKnownFileType = image.png; path = Idle_0031.png; sourceTree = "<group>"; };
		704C8D0A1C6EC72000306397 /* Idle_0032.png */ = {isa = PBXFileReference; lastKnownFileType = image.png; path = Idle_0032.png; sourceTree = "<group>"; };
		704C8D0B1C6EC72000306397 /* Idle_0033.png */ = {isa = PBXFileReference; lastKnownFileType = image.png; path = Idle_0033.png; sourceTree = "<group>"; };
		704C8D0C1C6EC72000306397 /* Idle_0034.png */ = {isa = PBXFileReference; lastKnownFileType = image.png; path = Idle_0034.png; sourceTree = "<group>"; };
		704C8D0D1C6EC72000306397 /* Idle_0035.png */ = {isa = PBXFileReference; lastKnownFileType = image.png; path = Idle_0035.png; sourceTree = "<group>"; };
		704C8D0E1C6EC72000306397 /* Idle_0036.png */ = {isa = PBXFileReference; lastKnownFileType = image.png; path = Idle_0036.png; sourceTree = "<group>"; };
		704C8D0F1C6EC72000306397 /* Idle_0037.png */ = {isa = PBXFileReference; lastKnownFileType = image.png; path = Idle_0037.png; sourceTree = "<group>"; };
		704C8D101C6EC72000306397 /* Idle_0038.png */ = {isa = PBXFileReference; lastKnownFileType = image.png; path = Idle_0038.png; sourceTree = "<group>"; };
		704C8D111C6EC72000306397 /* Idle_0039.png */ = {isa = PBXFileReference; lastKnownFileType = image.png; path = Idle_0039.png; sourceTree = "<group>"; };
		704C8D121C6EC72000306397 /* Idle_0040.png */ = {isa = PBXFileReference; lastKnownFileType = image.png; path = Idle_0040.png; sourceTree = "<group>"; };
		704C8D131C6EC72000306397 /* Idle_0041.png */ = {isa = PBXFileReference; lastKnownFileType = image.png; path = Idle_0041.png; sourceTree = "<group>"; };
/* End PBXFileReference section */

/* Begin PBXFrameworksBuildPhase section */
		704C8C571C6EA45300306397 /* Frameworks */ = {
			isa = PBXFrameworksBuildPhase;
			buildActionMask = 2147483647;
			files = (
			);
			runOnlyForDeploymentPostprocessing = 0;
		};
/* End PBXFrameworksBuildPhase section */

/* Begin PBXGroup section */
		704C8C511C6EA45300306397 = {
			isa = PBXGroup;
			children = (
				704C8C5C1C6EA45300306397 /* Pokedex */,
				704C8C5B1C6EA45300306397 /* Products */,
			);
			sourceTree = "<group>";
		};
		704C8C5B1C6EA45300306397 /* Products */ = {
			isa = PBXGroup;
			children = (
				704C8C5A1C6EA45300306397 /* Pokedex.app */,
			);
			name = Products;
			sourceTree = "<group>";
		};
		704C8C5C1C6EA45300306397 /* Pokedex */ = {
			isa = PBXGroup;
			children = (
				704C8C6F1C6EC66500306397 /* Models */,
				704C8C701C6EC66C00306397 /* Controles */,
				704C8C711C6EC68B00306397 /* Recursos */,
				704C8C5D1C6EA45300306397 /* AppDelegate.swift */,
				704C8C5F1C6EA45300306397 /* ViewController.swift */,
				704C8C611C6EA45300306397 /* Main.storyboard */,
				704C8C641C6EA45300306397 /* Assets.xcassets */,
				704C8C661C6EA45300306397 /* LaunchScreen.storyboard */,
				704C8C691C6EA45300306397 /* Info.plist */,
			);
			path = Pokedex;
			sourceTree = "<group>";
		};
		704C8C6F1C6EC66500306397 /* Models */ = {
			isa = PBXGroup;
			children = (
			);
			path = Models;
			sourceTree = "<group>";
		};
		704C8C701C6EC66C00306397 /* Controles */ = {
			isa = PBXGroup;
			children = (
			);
			path = Controles;
			sourceTree = "<group>";
		};
		704C8C711C6EC68B00306397 /* Recursos */ = {
			isa = PBXGroup;
			children = (
				704C8C721C6EC72000306397 /* Bulbasaur */,
			);
			path = Recursos;
			sourceTree = "<group>";
		};
		704C8C721C6EC72000306397 /* Bulbasaur */ = {
			isa = PBXGroup;
			children = (
				704C8C731C6EC72000306397 /* Attack 1 */,
				704C8CA71C6EC72000306397 /* Attack 2 */,
				704C8CEA1C6EC72000306397 /* Idle */,
			);
			path = Bulbasaur;
			sourceTree = "<group>";
		};
		704C8C731C6EC72000306397 /* Attack 1 */ = {
			isa = PBXGroup;
			children = (
				704C8C741C6EC72000306397 /* Attack1_0001.png */,
				704C8C751C6EC72000306397 /* Attack1_0002.png */,
				704C8C761C6EC72000306397 /* Attack1_0003.png */,
				704C8C771C6EC72000306397 /* Attack1_0004.png */,
				704C8C781C6EC72000306397 /* Attack1_0005.png */,
				704C8C791C6EC72000306397 /* Attack1_0006.png */,
				704C8C7A1C6EC72000306397 /* Attack1_0007.png */,
				704C8C7B1C6EC72000306397 /* Attack1_0008.png */,
				704C8C7C1C6EC72000306397 /* Attack1_0009.png */,
				704C8C7D1C6EC72000306397 /* Attack1_0010.png */,
				704C8C7E1C6EC72000306397 /* Attack1_0011.png */,
				704C8C7F1C6EC72000306397 /* Attack1_0012.png */,
				704C8C801C6EC72000306397 /* Attack1_0013.png */,
				704C8C811C6EC72000306397 /* Attack1_0014.png */,
				704C8C821C6EC72000306397 /* Attack1_0015.png */,
				704C8C831C6EC72000306397 /* Attack1_0016.png */,
				704C8C841C6EC72000306397 /* Attack1_0017.png */,
				704C8C851C6EC72000306397 /* Attack1_0018.png */,
				704C8C861C6EC72000306397 /* Attack1_0019.png */,
				704C8C871C6EC72000306397 /* Attack1_0020.png */,
				704C8C881C6EC72000306397 /* Attack1_0021.png */,
				704C8C891C6EC72000306397 /* Attack1_0022.png */,
				704C8C8A1C6EC72000306397 /* Attack1_0023.png */,
				704C8C8B1C6EC72000306397 /* Attack1_0024.png */,
				704C8C8C1C6EC72000306397 /* Attack1_0025.png */,
				704C8C8D1C6EC72000306397 /* Attack1_0026.png */,
				704C8C8E1C6EC72000306397 /* Attack1_0027.png */,
				704C8C8F1C6EC72000306397 /* Attack1_0028.png */,
				704C8C901C6EC72000306397 /* Attack1_0029.png */,
				704C8C911C6EC72000306397 /* Attack1_0030.png */,
				704C8C921C6EC72000306397 /* Attack1_0031.png */,
				704C8C931C6EC72000306397 /* Attack1_0032.png */,
				704C8C941C6EC72000306397 /* Attack1_0033.png */,
				704C8C951C6EC72000306397 /* Attack1_0034.png */,
				704C8C961C6EC72000306397 /* Attack1_0035.png */,
				704C8C971C6EC72000306397 /* Attack1_0036.png */,
				704C8C981C6EC72000306397 /* Attack1_0037.png */,
				704C8C991C6EC72000306397 /* Attack1_0038.png */,
				704C8C9A1C6EC72000306397 /* Attack1_0039.png */,
				704C8C9B1C6EC72000306397 /* Attack1_0040.png */,
				704C8C9C1C6EC72000306397 /* Attack1_0041.png */,
				704C8C9D1C6EC72000306397 /* Attack1_0042.png */,
				704C8C9E1C6EC72000306397 /* Attack1_0043.png */,
				704C8C9F1C6EC72000306397 /* Attack1_0044.png */,
				704C8CA01C6EC72000306397 /* Attack1_0045.png */,
				704C8CA11C6EC72000306397 /* Attack1_0046.png */,
				704C8CA21C6EC72000306397 /* Attack1_0047.png */,
				704C8CA31C6EC72000306397 /* Attack1_0048.png */,
				704C8CA41C6EC72000306397 /* Attack1_0049.png */,
				704C8CA51C6EC72000306397 /* Attack1_0050.png */,
				704C8CA61C6EC72000306397 /* Attack1_0051.png */,
			);
			path = "Attack 1";
			sourceTree = "<group>";
		};
		704C8CA71C6EC72000306397 /* Attack 2 */ = {
			isa = PBXGroup;
			children = (
				704C8CA81C6EC72000306397 /* Attack_20001.png */,
				704C8CA91C6EC72000306397 /* Attack_20002.png */,
				704C8CAA1C6EC72000306397 /* Attack_20003.png */,
				704C8CAB1C6EC72000306397 /* Attack_20004.png */,
				704C8CAC1C6EC72000306397 /* Attack_20005.png */,
				704C8CAD1C6EC72000306397 /* Attack_20006.png */,
				704C8CAE1C6EC72000306397 /* Attack_20007.png */,
				704C8CAF1C6EC72000306397 /* Attack_20008.png */,
				704C8CB01C6EC72000306397 /* Attack_20009.png */,
				704C8CB11C6EC72000306397 /* Attack_20010.png */,
				704C8CB21C6EC72000306397 /* Attack_20011.png */,
				704C8CB31C6EC72000306397 /* Attack_20012.png */,
				704C8CB41C6EC72000306397 /* Attack_20013.png */,
				704C8CB51C6EC72000306397 /* Attack_20014.png */,
				704C8CB61C6EC72000306397 /* Attack_20015.png */,
				704C8CB71C6EC72000306397 /* Attack_20016.png */,
				704C8CB81C6EC72000306397 /* Attack_20017.png */,
				704C8CB91C6EC72000306397 /* Attack_20018.png */,
				704C8CBA1C6EC72000306397 /* Attack_20019.png */,
				704C8CBB1C6EC72000306397 /* Attack_20020.png */,
				704C8CBC1C6EC72000306397 /* Attack_20021.png */,
				704C8CBD1C6EC72000306397 /* Attack_20022.png */,
				704C8CBE1C6EC72000306397 /* Attack_20023.png */,
				704C8CBF1C6EC72000306397 /* Attack_20024.png */,
				704C8CC01C6EC72000306397 /* Attack_20025.png */,
				704C8CC11C6EC72000306397 /* Attack_20026.png */,
				704C8CC21C6EC72000306397 /* Attack_20027.png */,
				704C8CC31C6EC72000306397 /* Attack_20028.png */,
				704C8CC41C6EC72000306397 /* Attack_20029.png */,
				704C8CC51C6EC72000306397 /* Attack_20030.png */,
				704C8CC61C6EC72000306397 /* Attack_20031.png */,
				704C8CC71C6EC72000306397 /* Attack_20032.png */,
				704C8CC81C6EC72000306397 /* Attack_20033.png */,
				704C8CC91C6EC72000306397 /* Attack_20034.png */,
				704C8CCA1C6EC72000306397 /* Attack_20035.png */,
				704C8CCB1C6EC72000306397 /* Attack_20036.png */,
				704C8CCC1C6EC72000306397 /* Attack_20037.png */,
				704C8CCD1C6EC72000306397 /* Attack_20038.png */,
				704C8CCE1C6EC72000306397 /* Attack_20039.png */,
				704C8CCF1C6EC72000306397 /* Attack_20040.png */,
				704C8CD01C6EC72000306397 /* Attack_20041.png */,
				704C8CD11C6EC72000306397 /* Attack_20042.png */,
				704C8CD21C6EC72000306397 /* Attack_20043.png */,
				704C8CD31C6EC72000306397 /* Attack_20044.png */,
				704C8CD41C6EC72000306397 /* Attack_20045.png */,
				704C8CD51C6EC72000306397 /* Attack_20046.png */,
				704C8CD61C6EC72000306397 /* Attack_20047.png */,
				704C8CD71C6EC72000306397 /* Attack_20048.png */,
				704C8CD81C6EC72000306397 /* Attack_20049.png */,
				704C8CD91C6EC72000306397 /* Attack_20050.png */,
				704C8CDA1C6EC72000306397 /* Attack_20051.png */,
				704C8CDB1C6EC72000306397 /* Attack_20052.png */,
				704C8CDC1C6EC72000306397 /* Attack_20053.png */,
				704C8CDD1C6EC72000306397 /* Attack_20054.png */,
				704C8CDE1C6EC72000306397 /* Attack_20055.png */,
				704C8CDF1C6EC72000306397 /* Attack_20056.png */,
				704C8CE01C6EC72000306397 /* Attack_20057.png */,
				704C8CE11C6EC72000306397 /* Attack_20058.png */,
				704C8CE21C6EC72000306397 /* Attack_20059.png */,
				704C8CE31C6EC72000306397 /* Attack_20060.png */,
				704C8CE41C6EC72000306397 /* Attack_20061.png */,
				704C8CE51C6EC72000306397 /* Attack_20062.png */,
				704C8CE61C6EC72000306397 /* Attack_20063.png */,
				704C8CE71C6EC72000306397 /* Attack_20064.png */,
				704C8CE81C6EC72000306397 /* Attack_20065.png */,
				704C8CE91C6EC72000306397 /* Attack_20066.png */,
			);
			path = "Attack 2";
			sourceTree = "<group>";
		};
		704C8CEA1C6EC72000306397 /* Idle */ = {
			isa = PBXGroup;
			children = (
				704C8CEB1C6EC72000306397 /* Idle_0001.png */,
				704C8CEC1C6EC72000306397 /* Idle_0002.png */,
				704C8CED1C6EC72000306397 /* Idle_0003.png */,
				704C8CEE1C6EC72000306397 /* Idle_0004.png */,
				704C8CEF1C6EC72000306397 /* Idle_0005.png */,
				704C8CF01C6EC72000306397 /* Idle_0006.png */,
				704C8CF11C6EC72000306397 /* Idle_0007.png */,
				704C8CF21C6EC72000306397 /* Idle_0008.png */,
				704C8CF31C6EC72000306397 /* Idle_0009.png */,
				704C8CF41C6EC72000306397 /* Idle_0010.png */,
				704C8CF51C6EC72000306397 /* Idle_0011.png */,
				704C8CF61C6EC72000306397 /* Idle_0012.png */,
				704C8CF71C6EC72000306397 /* Idle_0013.png */,
				704C8CF81C6EC72000306397 /* Idle_0014.png */,
				704C8CF91C6EC72000306397 /* Idle_0015.png */,
				704C8CFA1C6EC72000306397 /* Idle_0016.png */,
				704C8CFB1C6EC72000306397 /* Idle_0017.png */,
				704C8CFC1C6EC72000306397 /* Idle_0018.png */,
				704C8CFD1C6EC72000306397 /* Idle_0019.png */,
				704C8CFE1C6EC72000306397 /* Idle_0020.png */,
				704C8CFF1C6EC72000306397 /* Idle_0021.png */,
				704C8D001C6EC72000306397 /* Idle_0022.png */,
				704C8D011C6EC72000306397 /* Idle_0023.png */,
				704C8D021C6EC72000306397 /* Idle_0024.png */,
				704C8D031C6EC72000306397 /* Idle_0025.png */,
				704C8D041C6EC72000306397 /* Idle_0026.png */,
				704C8D051C6EC72000306397 /* Idle_0027.png */,
				704C8D061C6EC72000306397 /* Idle_0028.png */,
				704C8D071C6EC72000306397 /* Idle_0029.png */,
				704C8D081C6EC72000306397 /* Idle_0030.png */,
				704C8D091C6EC72000306397 /* Idle_0031.png */,
				704C8D0A1C6EC72000306397 /* Idle_0032.png */,
				704C8D0B1C6EC72000306397 /* Idle_0033.png */,
				704C8D0C1C6EC72000306397 /* Idle_0034.png */,
				704C8D0D1C6EC72000306397 /* Idle_0035.png */,
				704C8D0E1C6EC72000306397 /* Idle_0036.png */,
				704C8D0F1C6EC72000306397 /* Idle_0037.png */,
				704C8D101C6EC72000306397 /* Idle_0038.png */,
				704C8D111C6EC72000306397 /* Idle_0039.png */,
				704C8D121C6EC72000306397 /* Idle_0040.png */,
				704C8D131C6EC72000306397 /* Idle_0041.png */,
			);
			path = Idle;
			sourceTree = "<group>";
		};
/* End PBXGroup section */

/* Begin PBXNativeTarget section */
		704C8C591C6EA45300306397 /* Pokedex */ = {
			isa = PBXNativeTarget;
			buildConfigurationList = 704C8C6C1C6EA45300306397 /* Build configuration list for PBXNativeTarget "Pokedex" */;
			buildPhases = (
				704C8C561C6EA45300306397 /* Sources */,
				704C8C571C6EA45300306397 /* Frameworks */,
				704C8C581C6EA45300306397 /* Resources */,
			);
			buildRules = (
			);
			dependencies = (
			);
			name = Pokedex;
			productName = Pokedex;
			productReference = 704C8C5A1C6EA45300306397 /* Pokedex.app */;
			productType = "com.apple.product-type.application";
		};
/* End PBXNativeTarget section */

/* Begin PBXProject section */
		704C8C521C6EA45300306397 /* Project object */ = {
			isa = PBXProject;
			attributes = {
				LastSwiftUpdateCheck = 0720;
				LastUpgradeCheck = 0720;
				ORGANIZATIONNAME = wecarrasco;
				TargetAttributes = {
					704C8C591C6EA45300306397 = {
						CreatedOnToolsVersion = 7.2.1;
						DevelopmentTeam = 6ZJFRFBX46;
					};
				};
			};
			buildConfigurationList = 704C8C551C6EA45300306397 /* Build configuration list for PBXProject "Pokedex" */;
			compatibilityVersion = "Xcode 3.2";
			developmentRegion = English;
			hasScannedForEncodings = 0;
			knownRegions = (
				en,
				Base,
			);
			mainGroup = 704C8C511C6EA45300306397;
			productRefGroup = 704C8C5B1C6EA45300306397 /* Products */;
			projectDirPath = "";
			projectRoot = "";
			targets = (
				704C8C591C6EA45300306397 /* Pokedex */,
			);
		};
/* End PBXProject section */

/* Begin PBXResourcesBuildPhase section */
		704C8C581C6EA45300306397 /* Resources */ = {
			isa = PBXResourcesBuildPhase;
			buildActionMask = 2147483647;
			files = (
				704C8D271C6EC72000306397 /* Attack1_0020.png in Resources */,
				704C8DA71C6EC72000306397 /* Idle_0031.png in Resources */,
				704C8D1A1C6EC72000306397 /* Attack1_0007.png in Resources */,
				704C8D5D1C6EC72000306397 /* Attack_20023.png in Resources */,
				704C8DA01C6EC72000306397 /* Idle_0024.png in Resources */,
				704C8D2F1C6EC72000306397 /* Attack1_0028.png in Resources */,
				704C8D601C6EC72000306397 /* Attack_20026.png in Resources */,
				704C8D181C6EC72000306397 /* Attack1_0005.png in Resources */,
				704C8D251C6EC72000306397 /* Attack1_0018.png in Resources */,
				704C8D581C6EC72000306397 /* Attack_20018.png in Resources */,
				704C8D4F1C6EC72000306397 /* Attack_20009.png in Resources */,
				704C8D461C6EC72000306397 /* Attack1_0051.png in Resources */,
				704C8DA51C6EC72000306397 /* Idle_0029.png in Resources */,
				704C8D811C6EC72000306397 /* Attack_20059.png in Resources */,
				704C8D3D1C6EC72000306397 /* Attack1_0042.png in Resources */,
				704C8DA21C6EC72000306397 /* Idle_0026.png in Resources */,
				704C8D8B1C6EC72000306397 /* Idle_0003.png in Resources */,
				704C8D641C6EC72000306397 /* Attack_20030.png in Resources */,
				704C8D381C6EC72000306397 /* Attack1_0037.png in Resources */,
				704C8D9D1C6EC72000306397 /* Idle_0021.png in Resources */,
				704C8D341C6EC72000306397 /* Attack1_0033.png in Resources */,
				704C8D431C6EC72000306397 /* Attack1_0048.png in Resources */,
				704C8D8C1C6EC72000306397 /* Idle_0004.png in Resources */,
				704C8D5C1C6EC72000306397 /* Attack_20022.png in Resources */,
				704C8DAB1C6EC72000306397 /* Idle_0035.png in Resources */,
				704C8D411C6EC72000306397 /* Attack1_0046.png in Resources */,
				704C8D981C6EC72000306397 /* Idle_0016.png in Resources */,
				704C8DA81C6EC72000306397 /* Idle_0032.png in Resources */,
				704C8D171C6EC72000306397 /* Attack1_0004.png in Resources */,
				704C8D5B1C6EC72000306397 /* Attack_20021.png in Resources */,
				704C8D421C6EC72000306397 /* Attack1_0047.png in Resources */,
				704C8D441C6EC72000306397 /* Attack1_0049.png in Resources */,
				704C8D4C1C6EC72000306397 /* Attack_20006.png in Resources */,
				704C8D471C6EC72000306397 /* Attack_20001.png in Resources */,
				704C8DA31C6EC72000306397 /* Idle_0027.png in Resources */,
				704C8D771C6EC72000306397 /* Attack_20049.png in Resources */,
				704C8D731C6EC72000306397 /* Attack_20045.png in Resources */,
				704C8D2B1C6EC72000306397 /* Attack1_0024.png in Resources */,
				704C8D9B1C6EC72000306397 /* Idle_0019.png in Resources */,
				704C8D4A1C6EC72000306397 /* Attack_20004.png in Resources */,
				704C8D761C6EC72000306397 /* Attack_20048.png in Resources */,
				704C8D511C6EC72000306397 /* Attack_20011.png in Resources */,
				704C8D791C6EC72000306397 /* Attack_20051.png in Resources */,
				704C8D151C6EC72000306397 /* Attack1_0002.png in Resources */,
				704C8D851C6EC72000306397 /* Attack_20063.png in Resources */,
				704C8DA11C6EC72000306397 /* Idle_0025.png in Resources */,
				704C8D311C6EC72000306397 /* Attack1_0030.png in Resources */,
				704C8D391C6EC72000306397 /* Attack1_0038.png in Resources */,
				704C8D901C6EC72000306397 /* Idle_0008.png in Resources */,
				704C8D1B1C6EC72000306397 /* Attack1_0008.png in Resources */,
				704C8D361C6EC72000306397 /* Attack1_0035.png in Resources */,
				704C8D621C6EC72000306397 /* Attack_20028.png in Resources */,
				704C8D6B1C6EC72000306397 /* Attack_20037.png in Resources */,
				704C8DB11C6EC72000306397 /* Idle_0041.png in Resources */,
				704C8D221C6EC72000306397 /* Attack1_0015.png in Resources */,
				704C8D4E1C6EC72000306397 /* Attack_20008.png in Resources */,
				704C8D891C6EC72000306397 /* Idle_0001.png in Resources */,
				704C8D7E1C6EC72000306397 /* Attack_20056.png in Resources */,
				704C8D8F1C6EC72000306397 /* Idle_0007.png in Resources */,
				704C8D6D1C6EC72000306397 /* Attack_20039.png in Resources */,
				704C8DA41C6EC72000306397 /* Idle_0028.png in Resources */,
				704C8D1F1C6EC72000306397 /* Attack1_0012.png in Resources */,
				704C8D5E1C6EC72000306397 /* Attack_20024.png in Resources */,
				704C8D951C6EC72000306397 /* Idle_0013.png in Resources */,
				704C8D3B1C6EC72000306397 /* Attack1_0040.png in Resources */,
				704C8D931C6EC72000306397 /* Idle_0011.png in Resources */,
				704C8D9A1C6EC72000306397 /* Idle_0018.png in Resources */,
				704C8D141C6EC72000306397 /* Attack1_0001.png in Resources */,
				704C8D671C6EC72000306397 /* Attack_20033.png in Resources */,
				704C8D261C6EC72000306397 /* Attack1_0019.png in Resources */,
				704C8D401C6EC72000306397 /* Attack1_0045.png in Resources */,
				704C8D161C6EC72000306397 /* Attack1_0003.png in Resources */,
				704C8D821C6EC72000306397 /* Attack_20060.png in Resources */,
				704C8D2A1C6EC72000306397 /* Attack1_0023.png in Resources */,
				704C8D7A1C6EC72000306397 /* Attack_20052.png in Resources */,
				704C8D3E1C6EC72000306397 /* Attack1_0043.png in Resources */,
				704C8D831C6EC72000306397 /* Attack_20061.png in Resources */,
				704C8D191C6EC72000306397 /* Attack1_0006.png in Resources */,
				704C8D1C1C6EC72000306397 /* Attack1_0009.png in Resources */,
				704C8D661C6EC72000306397 /* Attack_20032.png in Resources */,
				704C8D961C6EC72000306397 /* Idle_0014.png in Resources */,
				704C8D7D1C6EC72000306397 /* Attack_20055.png in Resources */,
				704C8DAA1C6EC72000306397 /* Idle_0034.png in Resources */,
				704C8D8E1C6EC72000306397 /* Idle_0006.png in Resources */,
				704C8D281C6EC72000306397 /* Attack1_0021.png in Resources */,
				704C8D841C6EC72000306397 /* Attack_20062.png in Resources */,
				704C8D801C6EC72000306397 /* Attack_20058.png in Resources */,
				704C8D701C6EC72000306397 /* Attack_20042.png in Resources */,
				704C8D3C1C6EC72000306397 /* Attack1_0041.png in Resources */,
				704C8D991C6EC72000306397 /* Idle_0017.png in Resources */,
				704C8D711C6EC72000306397 /* Attack_20043.png in Resources */,
				704C8DAC1C6EC72000306397 /* Idle_0036.png in Resources */,
				704C8D9C1C6EC72000306397 /* Idle_0020.png in Resources */,
				704C8D741C6EC72000306397 /* Attack_20046.png in Resources */,
				704C8D231C6EC72000306397 /* Attack1_0016.png in Resources */,
				704C8D861C6EC72000306397 /* Attack_20064.png in Resources */,
				704C8D351C6EC72000306397 /* Attack1_0034.png in Resources */,
				704C8D681C6EC72000306397 /* Attack_20034.png in Resources */,
				704C8D5F1C6EC72000306397 /* Attack_20025.png in Resources */,
				704C8D631C6EC72000306397 /* Attack_20029.png in Resources */,
				704C8D871C6EC72000306397 /* Attack_20065.png in Resources */,
				704C8D5A1C6EC72000306397 /* Attack_20020.png in Resources */,
				704C8D521C6EC72000306397 /* Attack_20012.png in Resources */,
				704C8D8A1C6EC72000306397 /* Idle_0002.png in Resources */,
				704C8D331C6EC72000306397 /* Attack1_0032.png in Resources */,
				704C8D921C6EC72000306397 /* Idle_0010.png in Resources */,
				704C8D2C1C6EC72000306397 /* Attack1_0025.png in Resources */,
				704C8D2D1C6EC72000306397 /* Attack1_0026.png in Resources */,
				704C8D7B1C6EC72000306397 /* Attack_20053.png in Resources */,
				704C8D6A1C6EC72000306397 /* Attack_20036.png in Resources */,
				704C8D591C6EC72000306397 /* Attack_20019.png in Resources */,
				704C8D2E1C6EC72000306397 /* Attack1_0027.png in Resources */,
				704C8D9F1C6EC72000306397 /* Idle_0023.png in Resources */,
				704C8D301C6EC72000306397 /* Attack1_0029.png in Resources */,
				704C8D571C6EC72000306397 /* Attack_20017.png in Resources */,
				704C8D8D1C6EC72000306397 /* Idle_0005.png in Resources */,
				704C8D501C6EC72000306397 /* Attack_20010.png in Resources */,
				704C8D751C6EC72000306397 /* Attack_20047.png in Resources */,
				704C8D7C1C6EC72000306397 /* Attack_20054.png in Resources */,
				704C8D1E1C6EC72000306397 /* Attack1_0011.png in Resources */,
				704C8DA61C6EC72000306397 /* Idle_0030.png in Resources */,
				704C8D6C1C6EC72000306397 /* Attack_20038.png in Resources */,
				704C8D6F1C6EC72000306397 /* Attack_20041.png in Resources */,
				704C8D561C6EC72000306397 /* Attack_20016.png in Resources */,
				704C8D541C6EC72000306397 /* Attack_20014.png in Resources */,
				704C8C681C6EA45300306397 /* LaunchScreen.storyboard in Resources */,
				704C8D4B1C6EC72000306397 /* Attack_20005.png in Resources */,
				704C8DAF1C6EC72000306397 /* Idle_0039.png in Resources */,
				704C8D721C6EC72000306397 /* Attack_20044.png in Resources */,
				704C8C651C6EA45300306397 /* Assets.xcassets in Resources */,
				704C8DB01C6EC72000306397 /* Idle_0040.png in Resources */,
				704C8D321C6EC72000306397 /* Attack1_0031.png in Resources */,
				704C8D241C6EC72000306397 /* Attack1_0017.png in Resources */,
				704C8D291C6EC72000306397 /* Attack1_0022.png in Resources */,
				704C8D911C6EC72000306397 /* Idle_0009.png in Resources */,
				704C8C631C6EA45300306397 /* Main.storyboard in Resources */,
				704C8D971C6EC72000306397 /* Idle_0015.png in Resources */,
				704C8D4D1C6EC72000306397 /* Attack_20007.png in Resources */,
				704C8D211C6EC72000306397 /* Attack1_0014.png in Resources */,
				704C8D9E1C6EC72000306397 /* Idle_0022.png in Resources */,
				704C8D7F1C6EC72000306397 /* Attack_20057.png in Resources */,
				704C8DAE1C6EC72000306397 /* Idle_0038.png in Resources */,
				704C8D881C6EC72000306397 /* Attack_20066.png in Resources */,
				704C8D1D1C6EC72000306397 /* Attack1_0010.png in Resources */,
				704C8D491C6EC72000306397 /* Attack_20003.png in Resources */,
				704C8D6E1C6EC72000306397 /* Attack_20040.png in Resources */,
				704C8D3F1C6EC72000306397 /* Attack1_0044.png in Resources */,
				704C8D941C6EC72000306397 /* Idle_0012.png in Resources */,
				704C8D201C6EC72000306397 /* Attack1_0013.png in Resources */,
				704C8D371C6EC72000306397 /* Attack1_0036.png in Resources */,
				704C8D451C6EC72000306397 /* Attack1_0050.png in Resources */,
				704C8DA91C6EC72000306397 /* Idle_0033.png in Resources */,
				704C8D651C6EC72000306397 /* Attack_20031.png in Resources */,
				704C8D781C6EC72000306397 /* Attack_20050.png in Resources */,
				704C8D481C6EC72000306397 /* Attack_20002.png in Resources */,
				704C8D611C6EC72000306397 /* Attack_20027.png in Resources */,
				704C8D3A1C6EC72000306397 /* Attack1_0039.png in Resources */,
				704C8DAD1C6EC72000306397 /* Idle_0037.png in Resources */,
				704C8D691C6EC72000306397 /* Attack_20035.png in Resources */,
				704C8D531C6EC72000306397 /* Attack_20013.png in Resources */,
				704C8D551C6EC72000306397 /* Attack_20015.png in Resources */,
			);
			runOnlyForDeploymentPostprocessing = 0;
		};
/* End PBXResourcesBuildPhase section */

/* Begin PBXSourcesBuildPhase section */
		704C8C561C6EA45300306397 /* Sources */ = {
			isa = PBXSourcesBuildPhase;
			buildActionMask = 2147483647;
			files = (
				704C8C601C6EA45300306397 /* ViewController.swift in Sources */,
				704C8C5E1C6EA45300306397 /* AppDelegate.swift in Sources */,
			);
			runOnlyForDeploymentPostprocessing = 0;
		};
/* End PBXSourcesBuildPhase section */

/* Begin PBXVariantGroup section */
		704C8C611C6EA45300306397 /* Main.storyboard */ = {
			isa = PBXVariantGroup;
			children = (
				704C8C621C6EA45300306397 /* Base */,
			);
			name = Main.storyboard;
			sourceTree = "<group>";
		};
		704C8C661C6EA45300306397 /* LaunchScreen.storyboard */ = {
			isa = PBXVariantGroup;
			children = (
				704C8C671C6EA45300306397 /* Base */,
			);
			name = LaunchScreen.storyboard;
			sourceTree = "<group>";
		};
/* End PBXVariantGroup section */

/* Begin XCBuildConfiguration section */
		704C8C6A1C6EA45300306397 /* Debug */ = {
			isa = XCBuildConfiguration;
			buildSettings = {
				ALWAYS_SEARCH_USER_PATHS = NO;
				CLANG_CXX_LANGUAGE_STANDARD = "gnu++0x";
				CLANG_CXX_LIBRARY = "libc++";
				CLANG_ENABLE_MODULES = YES;
				CLANG_ENABLE_OBJC_ARC = YES;
				CLANG_WARN_BOOL_CONVERSION = YES;
				CLANG_WARN_CONSTANT_CONVERSION = YES;
				CLANG_WARN_DIRECT_OBJC_ISA_USAGE = YES_ERROR;
				CLANG_WARN_EMPTY_BODY = YES;
				CLANG_WARN_ENUM_CONVERSION = YES;
				CLANG_WARN_INT_CONVERSION = YES;
				CLANG_WARN_OBJC_ROOT_CLASS = YES_ERROR;
				CLANG_WARN_UNREACHABLE_CODE = YES;
				CLANG_WARN__DUPLICATE_METHOD_MATCH = YES;
				"CODE_SIGN_IDENTITY[sdk=iphoneos*]" = "iPhone Developer";
				COPY_PHASE_STRIP = NO;
				DEBUG_INFORMATION_FORMAT = dwarf;
				ENABLE_STRICT_OBJC_MSGSEND = YES;
				ENABLE_TESTABILITY = YES;
				GCC_C_LANGUAGE_STANDARD = gnu99;
				GCC_DYNAMIC_NO_PIC = NO;
				GCC_NO_COMMON_BLOCKS = YES;
				GCC_OPTIMIZATION_LEVEL = 0;
				GCC_PREPROCESSOR_DEFINITIONS = (
					"DEBUG=1",
					"$(inherited)",
				);
				GCC_WARN_64_TO_32_BIT_CONVERSION = YES;
				GCC_WARN_ABOUT_RETURN_TYPE = YES_ERROR;
				GCC_WARN_UNDECLARED_SELECTOR = YES;
				GCC_WARN_UNINITIALIZED_AUTOS = YES_AGGRESSIVE;
				GCC_WARN_UNUSED_FUNCTION = YES;
				GCC_WARN_UNUSED_VARIABLE = YES;
				IPHONEOS_DEPLOYMENT_TARGET = 9.2;
				MTL_ENABLE_DEBUG_INFO = YES;
				ONLY_ACTIVE_ARCH = YES;
				SDKROOT = iphoneos;
				SWIFT_OPTIMIZATION_LEVEL = "-Onone";
				TARGETED_DEVICE_FAMILY = "1,2";
			};
			name = Debug;
		};
		704C8C6B1C6EA45300306397 /* Release */ = {
			isa = XCBuildConfiguration;
			buildSettings = {
				ALWAYS_SEARCH_USER_PATHS = NO;
				CLANG_CXX_LANGUAGE_STANDARD = "gnu++0x";
				CLANG_CXX_LIBRARY = "libc++";
				CLANG_ENABLE_MODULES = YES;
				CLANG_ENABLE_OBJC_ARC = YES;
				CLANG_WARN_BOOL_CONVERSION = YES;
				CLANG_WARN_CONSTANT_CONVERSION = YES;
				CLANG_WARN_DIRECT_OBJC_ISA_USAGE = YES_ERROR;
				CLANG_WARN_EMPTY_BODY = YES;
				CLANG_WARN_ENUM_CONVERSION = YES;
				CLANG_WARN_INT_CONVERSION = YES;
				CLANG_WARN_OBJC_ROOT_CLASS = YES_ERROR;
				CLANG_WARN_UNREACHABLE_CODE = YES;
				CLANG_WARN__DUPLICATE_METHOD_MATCH = YES;
				"CODE_SIGN_IDENTITY[sdk=iphoneos*]" = "iPhone Developer";
				COPY_PHASE_STRIP = NO;
				DEBUG_INFORMATION_FORMAT = "dwarf-with-dsym";
				ENABLE_NS_ASSERTIONS = NO;
				ENABLE_STRICT_OBJC_MSGSEND = YES;
				GCC_C_LANGUAGE_STANDARD = gnu99;
				GCC_NO_COMMON_BLOCKS = YES;
				GCC_WARN_64_TO_32_BIT_CONVERSION = YES;
				GCC_WARN_ABOUT_RETURN_TYPE = YES_ERROR;
				GCC_WARN_UNDECLARED_SELECTOR = YES;
				GCC_WARN_UNINITIALIZED_AUTOS = YES_AGGRESSIVE;
				GCC_WARN_UNUSED_FUNCTION = YES;
				GCC_WARN_UNUSED_VARIABLE = YES;
				IPHONEOS_DEPLOYMENT_TARGET = 9.2;
				MTL_ENABLE_DEBUG_INFO = NO;
				SDKROOT = iphoneos;
				TARGETED_DEVICE_FAMILY = "1,2";
				VALIDATE_PRODUCT = YES;
			};
			name = Release;
		};
		704C8C6D1C6EA45300306397 /* Debug */ = {
			isa = XCBuildConfiguration;
			buildSettings = {
				ASSETCATALOG_COMPILER_APPICON_NAME = AppIcon;
				INFOPLIST_FILE = Pokedex/Info.plist;
				IPHONEOS_DEPLOYMENT_TARGET = 8.1;
				LD_RUNPATH_SEARCH_PATHS = "$(inherited) @executable_path/Frameworks";
				PRODUCT_BUNDLE_IDENTIFIER = com.wecarrasco.Pokedex;
				PRODUCT_NAME = "$(TARGET_NAME)";
			};
			name = Debug;
		};
		704C8C6E1C6EA45300306397 /* Release */ = {
			isa = XCBuildConfiguration;
			buildSettings = {
				ASSETCATALOG_COMPILER_APPICON_NAME = AppIcon;
				INFOPLIST_FILE = Pokedex/Info.plist;
				IPHONEOS_DEPLOYMENT_TARGET = 8.1;
				LD_RUNPATH_SEARCH_PATHS = "$(inherited) @executable_path/Frameworks";
				PRODUCT_BUNDLE_IDENTIFIER = com.wecarrasco.Pokedex;
				PRODUCT_NAME = "$(TARGET_NAME)";
			};
			name = Release;
		};
/* End XCBuildConfiguration section */

/* Begin XCConfigurationList section */
		704C8C551C6EA45300306397 /* Build configuration list for PBXProject "Pokedex" */ = {
			isa = XCConfigurationList;
			buildConfigurations = (
				704C8C6A1C6EA45300306397 /* Debug */,
				704C8C6B1C6EA45300306397 /* Release */,
			);
			defaultConfigurationIsVisible = 0;
			defaultConfigurationName = Release;
		};
		704C8C6C1C6EA45300306397 /* Build configuration list for PBXNativeTarget "Pokedex" */ = {
			isa = XCConfigurationList;
			buildConfigurations = (
				704C8C6D1C6EA45300306397 /* Debug */,
				704C8C6E1C6EA45300306397 /* Release */,
			);
			defaultConfigurationIsVisible = 0;
			defaultConfigurationName = Release;
		};
/* End XCConfigurationList section */
	};
	rootObject = 704C8C521C6EA45300306397 /* Project object */;
}
